
Microsoft Visual Studio Solution File, Format Version 12.00
# Visual Studio Version 17
VisualStudioVersion = 17.2.32317.152
MinimumVisualStudioVersion = 10.0.40219.1
Project("{778DAE3C-4631-46EA-AA77-85C1314464D9}") = "DataAccess", "DataAccess\DataAccess.vbproj", "{B3AAD065-751B-0B8A-2454-B36839D4BB00}"
EndProject
Project("{F184B08F-C81C-45F6-A57F-5ABD9991F28F}") = "WindowsUI", "WindowsUI\WindowsUI.vbproj", "{4EA11263-4F90-021E-25E4-1EE923AB7B31}"
EndProject
Project("{F184B08F-C81C-45F6-A57F-5ABD9991F28F}") = "WpfUI", "WpfUI\WpfUI.vbproj", "{6A4F083F-1F1C-0AA1-1125-52AC3D23EEC1}"
EndProject
Project("{2150E333-8FDC-42A3-9474-1A3956D46DE8}") = "- How to run", "- How to run", "{E444DD4F-8AF1-4005-A751-E69AA50F8533}"
	ProjectSection(SolutionItems) = preProject
		How to run WinForms.txt = How to run WinForms.txt
		How to run WPF.txt = How to run WPF.txt
	EndProjectSection
EndProject
Project("{2150E333-8FDC-42A3-9474-1A3956D46DE8}") = "UI", "UI", "{5140D09D-BB9B-423B-9414-144E066B1885}"
EndProject
Project("{2150E333-8FDC-42A3-9474-1A3956D46DE8}") = "AppServer", "AppServer", "{DA040B60-37B1-4785-A9C2-69C0B48FF2F7}"
EndProject
Project("{778DAE3C-4631-46EA-AA77-85C1314464D9}") = "DataPortalServer", "DataPortalServer\DataPortalServer.vbproj", "{49969EAC-923E-0B49-0A46-6199A3C9EB24}"
EndProject
Project("{778DAE3C-4631-46EA-AA77-85C1314464D9}") = "BusinessLibrary", "BusinessLibrary\BusinessLibrary.vbproj", "{677A17EE-4DD7-0A46-06DD-9FFC86FACD7D}"
EndProject
Project("{2150E333-8FDC-42A3-9474-1A3956D46DE8}") = "BusinessLibrary", "BusinessLibrary", "{50856622-9193-4F11-996E-EAAEAE186CA4}"
EndProject
Project("{2150E333-8FDC-42A3-9474-1A3956D46DE8}") = "DataAccess", "DataAccess", "{AB0C5EB0-2C9E-4F63-9BC2-C18430941E8C}"
EndProject
Project("{778DAE3C-4631-46EA-AA77-85C1314464D9}") = "ConsoleUI", "ConsoleUI\ConsoleUI.vbproj", "{4EC90052-ABDB-0D37-388E-FCF931E014C5}"
EndProject
Global
	GlobalSection(SolutionConfigurationPlatforms) = preSolution
		Ad-Hoc|Any CPU = Ad-Hoc|Any CPU
		Ad-Hoc|ARM = Ad-Hoc|ARM
		Ad-Hoc|iPhone = Ad-Hoc|iPhone
		Ad-Hoc|iPhoneSimulator = Ad-Hoc|iPhoneSimulator
		Ad-Hoc|x64 = Ad-Hoc|x64
		Ad-Hoc|x86 = Ad-Hoc|x86
		AppStore|Any CPU = AppStore|Any CPU
		AppStore|ARM = AppStore|ARM
		AppStore|iPhone = AppStore|iPhone
		AppStore|iPhoneSimulator = AppStore|iPhoneSimulator
		AppStore|x64 = AppStore|x64
		AppStore|x86 = AppStore|x86
		Debug|Any CPU = Debug|Any CPU
		Debug|ARM = Debug|ARM
		Debug|iPhone = Debug|iPhone
		Debug|iPhoneSimulator = Debug|iPhoneSimulator
		Debug|x64 = Debug|x64
		Debug|x86 = Debug|x86
		Release|Any CPU = Release|Any CPU
		Release|ARM = Release|ARM
		Release|iPhone = Release|iPhone
		Release|iPhoneSimulator = Release|iPhoneSimulator
		Release|x64 = Release|x64
		Release|x86 = Release|x86
	EndGlobalSection
	GlobalSection(ProjectConfigurationPlatforms) = postSolution
		{B3AAD065-751B-0B8A-2454-B36839D4BB00}.Ad-Hoc|Any CPU.ActiveCfg = Release|Any CPU
		{B3AAD065-751B-0B8A-2454-B36839D4BB00}.Ad-Hoc|Any CPU.Build.0 = Release|Any CPU
		{B3AAD065-751B-0B8A-2454-B36839D4BB00}.Ad-Hoc|ARM.ActiveCfg = Release|Any CPU
		{B3AAD065-751B-0B8A-2454-B36839D4BB00}.Ad-Hoc|ARM.Build.0 = Release|Any CPU
		{B3AAD065-751B-0B8A-2454-B36839D4BB00}.Ad-Hoc|iPhone.ActiveCfg = Release|Any CPU
		{B3AAD065-751B-0B8A-2454-B36839D4BB00}.Ad-Hoc|iPhone.Build.0 = Release|Any CPU
		{B3AAD065-751B-0B8A-2454-B36839D4BB00}.Ad-Hoc|iPhoneSimulator.ActiveCfg = Release|Any CPU
		{B3AAD065-751B-0B8A-2454-B36839D4BB00}.Ad-Hoc|iPhoneSimulator.Build.0 = Release|Any CPU
		{B3AAD065-751B-0B8A-2454-B36839D4BB00}.Ad-Hoc|x64.ActiveCfg = Release|Any CPU
		{B3AAD065-751B-0B8A-2454-B36839D4BB00}.Ad-Hoc|x64.Build.0 = Release|Any CPU
		{B3AAD065-751B-0B8A-2454-B36839D4BB00}.Ad-Hoc|x86.ActiveCfg = Release|Any CPU
		{B3AAD065-751B-0B8A-2454-B36839D4BB00}.Ad-Hoc|x86.Build.0 = Release|Any CPU
		{B3AAD065-751B-0B8A-2454-B36839D4BB00}.AppStore|Any CPU.ActiveCfg = Release|Any CPU
		{B3AAD065-751B-0B8A-2454-B36839D4BB00}.AppStore|Any CPU.Build.0 = Release|Any CPU
		{B3AAD065-751B-0B8A-2454-B36839D4BB00}.AppStore|ARM.ActiveCfg = Release|Any CPU
		{B3AAD065-751B-0B8A-2454-B36839D4BB00}.AppStore|ARM.Build.0 = Release|Any CPU
		{B3AAD065-751B-0B8A-2454-B36839D4BB00}.AppStore|iPhone.ActiveCfg = Release|Any CPU
		{B3AAD065-751B-0B8A-2454-B36839D4BB00}.AppStore|iPhone.Build.0 = Release|Any CPU
		{B3AAD065-751B-0B8A-2454-B36839D4BB00}.AppStore|iPhoneSimulator.ActiveCfg = Release|Any CPU
		{B3AAD065-751B-0B8A-2454-B36839D4BB00}.AppStore|iPhoneSimulator.Build.0 = Release|Any CPU
		{B3AAD065-751B-0B8A-2454-B36839D4BB00}.AppStore|x64.ActiveCfg = Release|Any CPU
		{B3AAD065-751B-0B8A-2454-B36839D4BB00}.AppStore|x64.Build.0 = Release|Any CPU
		{B3AAD065-751B-0B8A-2454-B36839D4BB00}.AppStore|x86.ActiveCfg = Release|Any CPU
		{B3AAD065-751B-0B8A-2454-B36839D4BB00}.AppStore|x86.Build.0 = Release|Any CPU
		{B3AAD065-751B-0B8A-2454-B36839D4BB00}.Debug|Any CPU.ActiveCfg = Debug|Any CPU
		{B3AAD065-751B-0B8A-2454-B36839D4BB00}.Debug|Any CPU.Build.0 = Debug|Any CPU
		{B3AAD065-751B-0B8A-2454-B36839D4BB00}.Debug|ARM.ActiveCfg = Debug|Any CPU
		{B3AAD065-751B-0B8A-2454-B36839D4BB00}.Debug|ARM.Build.0 = Debug|Any CPU
		{B3AAD065-751B-0B8A-2454-B36839D4BB00}.Debug|iPhone.ActiveCfg = Debug|Any CPU
		{B3AAD065-751B-0B8A-2454-B36839D4BB00}.Debug|iPhone.Build.0 = Debug|Any CPU
		{B3AAD065-751B-0B8A-2454-B36839D4BB00}.Debug|iPhoneSimulator.ActiveCfg = Debug|Any CPU
		{B3AAD065-751B-0B8A-2454-B36839D4BB00}.Debug|iPhoneSimulator.Build.0 = Debug|Any CPU
		{B3AAD065-751B-0B8A-2454-B36839D4BB00}.Debug|x64.ActiveCfg = Debug|Any CPU
		{B3AAD065-751B-0B8A-2454-B36839D4BB00}.Debug|x64.Build.0 = Debug|Any CPU
		{B3AAD065-751B-0B8A-2454-B36839D4BB00}.Debug|x86.ActiveCfg = Debug|Any CPU
		{B3AAD065-751B-0B8A-2454-B36839D4BB00}.Debug|x86.Build.0 = Debug|Any CPU
		{B3AAD065-751B-0B8A-2454-B36839D4BB00}.Release|Any CPU.ActiveCfg = Release|Any CPU
		{B3AAD065-751B-0B8A-2454-B36839D4BB00}.Release|Any CPU.Build.0 = Release|Any CPU
		{B3AAD065-751B-0B8A-2454-B36839D4BB00}.Release|ARM.ActiveCfg = Release|Any CPU
		{B3AAD065-751B-0B8A-2454-B36839D4BB00}.Release|ARM.Build.0 = Release|Any CPU
		{B3AAD065-751B-0B8A-2454-B36839D4BB00}.Release|iPhone.ActiveCfg = Release|Any CPU
		{B3AAD065-751B-0B8A-2454-B36839D4BB00}.Release|iPhone.Build.0 = Release|Any CPU
		{B3AAD065-751B-0B8A-2454-B36839D4BB00}.Release|iPhoneSimulator.ActiveCfg = Release|Any CPU
		{B3AAD065-751B-0B8A-2454-B36839D4BB00}.Release|iPhoneSimulator.Build.0 = Release|Any CPU
		{B3AAD065-751B-0B8A-2454-B36839D4BB00}.Release|x64.ActiveCfg = Release|Any CPU
		{B3AAD065-751B-0B8A-2454-B36839D4BB00}.Release|x64.Build.0 = Release|Any CPU
		{B3AAD065-751B-0B8A-2454-B36839D4BB00}.Release|x86.ActiveCfg = Release|Any CPU
		{B3AAD065-751B-0B8A-2454-B36839D4BB00}.Release|x86.Build.0 = Release|Any CPU
		{4EA11263-4F90-021E-25E4-1EE923AB7B31}.Ad-Hoc|Any CPU.ActiveCfg = Release|Any CPU
		{4EA11263-4F90-021E-25E4-1EE923AB7B31}.Ad-Hoc|Any CPU.Build.0 = Release|Any CPU
		{4EA11263-4F90-021E-25E4-1EE923AB7B31}.Ad-Hoc|ARM.ActiveCfg = Release|Any CPU
		{4EA11263-4F90-021E-25E4-1EE923AB7B31}.Ad-Hoc|ARM.Build.0 = Release|Any CPU
		{4EA11263-4F90-021E-25E4-1EE923AB7B31}.Ad-Hoc|iPhone.ActiveCfg = Release|Any CPU
		{4EA11263-4F90-021E-25E4-1EE923AB7B31}.Ad-Hoc|iPhone.Build.0 = Release|Any CPU
		{4EA11263-4F90-021E-25E4-1EE923AB7B31}.Ad-Hoc|iPhoneSimulator.ActiveCfg = Release|Any CPU
		{4EA11263-4F90-021E-25E4-1EE923AB7B31}.Ad-Hoc|iPhoneSimulator.Build.0 = Release|Any CPU
		{4EA11263-4F90-021E-25E4-1EE923AB7B31}.Ad-Hoc|x64.ActiveCfg = Release|Any CPU
		{4EA11263-4F90-021E-25E4-1EE923AB7B31}.Ad-Hoc|x64.Build.0 = Release|Any CPU
		{4EA11263-4F90-021E-25E4-1EE923AB7B31}.Ad-Hoc|x86.ActiveCfg = Release|Any CPU
		{4EA11263-4F90-021E-25E4-1EE923AB7B31}.Ad-Hoc|x86.Build.0 = Release|Any CPU
		{4EA11263-4F90-021E-25E4-1EE923AB7B31}.AppStore|Any CPU.ActiveCfg = Release|Any CPU
		{4EA11263-4F90-021E-25E4-1EE923AB7B31}.AppStore|Any CPU.Build.0 = Release|Any CPU
		{4EA11263-4F90-021E-25E4-1EE923AB7B31}.AppStore|ARM.ActiveCfg = Release|Any CPU
		{4EA11263-4F90-021E-25E4-1EE923AB7B31}.AppStore|ARM.Build.0 = Release|Any CPU
		{4EA11263-4F90-021E-25E4-1EE923AB7B31}.AppStore|iPhone.ActiveCfg = Release|Any CPU
		{4EA11263-4F90-021E-25E4-1EE923AB7B31}.AppStore|iPhone.Build.0 = Release|Any CPU
		{4EA11263-4F90-021E-25E4-1EE923AB7B31}.AppStore|iPhoneSimulator.ActiveCfg = Release|Any CPU
		{4EA11263-4F90-021E-25E4-1EE923AB7B31}.AppStore|iPhoneSimulator.Build.0 = Release|Any CPU
		{4EA11263-4F90-021E-25E4-1EE923AB7B31}.AppStore|x64.ActiveCfg = Release|Any CPU
		{4EA11263-4F90-021E-25E4-1EE923AB7B31}.AppStore|x64.Build.0 = Release|Any CPU
		{4EA11263-4F90-021E-25E4-1EE923AB7B31}.AppStore|x86.ActiveCfg = Release|Any CPU
		{4EA11263-4F90-021E-25E4-1EE923AB7B31}.AppStore|x86.Build.0 = Release|Any CPU
		{4EA11263-4F90-021E-25E4-1EE923AB7B31}.Debug|Any CPU.ActiveCfg = Debug|Any CPU
		{4EA11263-4F90-021E-25E4-1EE923AB7B31}.Debug|Any CPU.Build.0 = Debug|Any CPU
		{4EA11263-4F90-021E-25E4-1EE923AB7B31}.Debug|ARM.ActiveCfg = Debug|Any CPU
		{4EA11263-4F90-021E-25E4-1EE923AB7B31}.Debug|ARM.Build.0 = Debug|Any CPU
		{4EA11263-4F90-021E-25E4-1EE923AB7B31}.Debug|iPhone.ActiveCfg = Debug|Any CPU
		{4EA11263-4F90-021E-25E4-1EE923AB7B31}.Debug|iPhone.Build.0 = Debug|Any CPU
		{4EA11263-4F90-021E-25E4-1EE923AB7B31}.Debug|iPhoneSimulator.ActiveCfg = Debug|Any CPU
		{4EA11263-4F90-021E-25E4-1EE923AB7B31}.Debug|iPhoneSimulator.Build.0 = Debug|Any CPU
		{4EA11263-4F90-021E-25E4-1EE923AB7B31}.Debug|x64.ActiveCfg = Debug|Any CPU
		{4EA11263-4F90-021E-25E4-1EE923AB7B31}.Debug|x64.Build.0 = Debug|Any CPU
		{4EA11263-4F90-021E-25E4-1EE923AB7B31}.Debug|x86.ActiveCfg = Debug|Any CPU
		{4EA11263-4F90-021E-25E4-1EE923AB7B31}.Debug|x86.Build.0 = Debug|Any CPU
		{4EA11263-4F90-021E-25E4-1EE923AB7B31}.Release|Any CPU.ActiveCfg = Release|Any CPU
		{4EA11263-4F90-021E-25E4-1EE923AB7B31}.Release|Any CPU.Build.0 = Release|Any CPU
		{4EA11263-4F90-021E-25E4-1EE923AB7B31}.Release|ARM.ActiveCfg = Release|Any CPU
		{4EA11263-4F90-021E-25E4-1EE923AB7B31}.Release|ARM.Build.0 = Release|Any CPU
		{4EA11263-4F90-021E-25E4-1EE923AB7B31}.Release|iPhone.ActiveCfg = Release|Any CPU
		{4EA11263-4F90-021E-25E4-1EE923AB7B31}.Release|iPhone.Build.0 = Release|Any CPU
		{4EA11263-4F90-021E-25E4-1EE923AB7B31}.Release|iPhoneSimulator.ActiveCfg = Release|Any CPU
		{4EA11263-4F90-021E-25E4-1EE923AB7B31}.Release|iPhoneSimulator.Build.0 = Release|Any CPU
		{4EA11263-4F90-021E-25E4-1EE923AB7B31}.Release|x64.ActiveCfg = Release|Any CPU
		{4EA11263-4F90-021E-25E4-1EE923AB7B31}.Release|x64.Build.0 = Release|Any CPU
		{4EA11263-4F90-021E-25E4-1EE923AB7B31}.Release|x86.ActiveCfg = Release|Any CPU
		{4EA11263-4F90-021E-25E4-1EE923AB7B31}.Release|x86.Build.0 = Release|Any CPU
		{6A4F083F-1F1C-0AA1-1125-52AC3D23EEC1}.Ad-Hoc|Any CPU.ActiveCfg = Release|x86
		{6A4F083F-1F1C-0AA1-1125-52AC3D23EEC1}.Ad-Hoc|Any CPU.Build.0 = Release|x86
		{6A4F083F-1F1C-0AA1-1125-52AC3D23EEC1}.Ad-Hoc|ARM.ActiveCfg = Release|x86
		{6A4F083F-1F1C-0AA1-1125-52AC3D23EEC1}.Ad-Hoc|ARM.Build.0 = Release|x86
		{6A4F083F-1F1C-0AA1-1125-52AC3D23EEC1}.Ad-Hoc|iPhone.ActiveCfg = Release|x86
		{6A4F083F-1F1C-0AA1-1125-52AC3D23EEC1}.Ad-Hoc|iPhone.Build.0 = Release|x86
		{6A4F083F-1F1C-0AA1-1125-52AC3D23EEC1}.Ad-Hoc|iPhoneSimulator.ActiveCfg = Release|x86
		{6A4F083F-1F1C-0AA1-1125-52AC3D23EEC1}.Ad-Hoc|iPhoneSimulator.Build.0 = Release|x86
		{6A4F083F-1F1C-0AA1-1125-52AC3D23EEC1}.Ad-Hoc|x64.ActiveCfg = Release|x86
		{6A4F083F-1F1C-0AA1-1125-52AC3D23EEC1}.Ad-Hoc|x64.Build.0 = Release|x86
		{6A4F083F-1F1C-0AA1-1125-52AC3D23EEC1}.Ad-Hoc|x86.ActiveCfg = Release|x86
		{6A4F083F-1F1C-0AA1-1125-52AC3D23EEC1}.Ad-Hoc|x86.Build.0 = Release|x86
		{6A4F083F-1F1C-0AA1-1125-52AC3D23EEC1}.AppStore|Any CPU.ActiveCfg = Release|x86
		{6A4F083F-1F1C-0AA1-1125-52AC3D23EEC1}.AppStore|Any CPU.Build.0 = Release|x86
		{6A4F083F-1F1C-0AA1-1125-52AC3D23EEC1}.AppStore|ARM.ActiveCfg = Release|x86
		{6A4F083F-1F1C-0AA1-1125-52AC3D23EEC1}.AppStore|ARM.Build.0 = Release|x86
		{6A4F083F-1F1C-0AA1-1125-52AC3D23EEC1}.AppStore|iPhone.ActiveCfg = Release|x86
		{6A4F083F-1F1C-0AA1-1125-52AC3D23EEC1}.AppStore|iPhone.Build.0 = Release|x86
		{6A4F083F-1F1C-0AA1-1125-52AC3D23EEC1}.AppStore|iPhoneSimulator.ActiveCfg = Release|x86
		{6A4F083F-1F1C-0AA1-1125-52AC3D23EEC1}.AppStore|iPhoneSimulator.Build.0 = Release|x86
		{6A4F083F-1F1C-0AA1-1125-52AC3D23EEC1}.AppStore|x64.ActiveCfg = Release|x86
		{6A4F083F-1F1C-0AA1-1125-52AC3D23EEC1}.AppStore|x64.Build.0 = Release|x86
		{6A4F083F-1F1C-0AA1-1125-52AC3D23EEC1}.AppStore|x86.ActiveCfg = Release|x86
		{6A4F083F-1F1C-0AA1-1125-52AC3D23EEC1}.AppStore|x86.Build.0 = Release|x86
		{6A4F083F-1F1C-0AA1-1125-52AC3D23EEC1}.Debug|Any CPU.ActiveCfg = Debug|x86
		{6A4F083F-1F1C-0AA1-1125-52AC3D23EEC1}.Debug|Any CPU.Build.0 = Debug|x86
		{6A4F083F-1F1C-0AA1-1125-52AC3D23EEC1}.Debug|ARM.ActiveCfg = Debug|x86
		{6A4F083F-1F1C-0AA1-1125-52AC3D23EEC1}.Debug|iPhone.ActiveCfg = Debug|x86
		{6A4F083F-1F1C-0AA1-1125-52AC3D23EEC1}.Debug|iPhoneSimulator.ActiveCfg = Debug|x86
		{6A4F083F-1F1C-0AA1-1125-52AC3D23EEC1}.Debug|x64.ActiveCfg = Debug|x86
		{6A4F083F-1F1C-0AA1-1125-52AC3D23EEC1}.Debug|x86.ActiveCfg = Debug|x86
		{6A4F083F-1F1C-0AA1-1125-52AC3D23EEC1}.Debug|x86.Build.0 = Debug|x86
		{6A4F083F-1F1C-0AA1-1125-52AC3D23EEC1}.Release|Any CPU.ActiveCfg = Release|x86
		{6A4F083F-1F1C-0AA1-1125-52AC3D23EEC1}.Release|Any CPU.Build.0 = Release|x86
		{6A4F083F-1F1C-0AA1-1125-52AC3D23EEC1}.Release|ARM.ActiveCfg = Release|x86
		{6A4F083F-1F1C-0AA1-1125-52AC3D23EEC1}.Release|iPhone.ActiveCfg = Release|x86
		{6A4F083F-1F1C-0AA1-1125-52AC3D23EEC1}.Release|iPhoneSimulator.ActiveCfg = Release|x86
		{6A4F083F-1F1C-0AA1-1125-52AC3D23EEC1}.Release|x64.ActiveCfg = Release|x86
		{6A4F083F-1F1C-0AA1-1125-52AC3D23EEC1}.Release|x86.ActiveCfg = Release|x86
		{6A4F083F-1F1C-0AA1-1125-52AC3D23EEC1}.Release|x86.Build.0 = Release|x86
		{49969EAC-923E-0B49-0A46-6199A3C9EB24}.Ad-Hoc|Any CPU.ActiveCfg = Debug|Any CPU
		{49969EAC-923E-0B49-0A46-6199A3C9EB24}.Ad-Hoc|Any CPU.Build.0 = Debug|Any CPU
		{49969EAC-923E-0B49-0A46-6199A3C9EB24}.Ad-Hoc|ARM.ActiveCfg = Debug|Any CPU
		{49969EAC-923E-0B49-0A46-6199A3C9EB24}.Ad-Hoc|ARM.Build.0 = Debug|Any CPU
		{49969EAC-923E-0B49-0A46-6199A3C9EB24}.Ad-Hoc|iPhone.ActiveCfg = Debug|Any CPU
		{49969EAC-923E-0B49-0A46-6199A3C9EB24}.Ad-Hoc|iPhone.Build.0 = Debug|Any CPU
		{49969EAC-923E-0B49-0A46-6199A3C9EB24}.Ad-Hoc|iPhoneSimulator.ActiveCfg = Debug|Any CPU
		{49969EAC-923E-0B49-0A46-6199A3C9EB24}.Ad-Hoc|iPhoneSimulator.Build.0 = Debug|Any CPU
		{49969EAC-923E-0B49-0A46-6199A3C9EB24}.Ad-Hoc|x64.ActiveCfg = Debug|Any CPU
		{49969EAC-923E-0B49-0A46-6199A3C9EB24}.Ad-Hoc|x64.Build.0 = Debug|Any CPU
		{49969EAC-923E-0B49-0A46-6199A3C9EB24}.Ad-Hoc|x86.ActiveCfg = Debug|Any CPU
		{49969EAC-923E-0B49-0A46-6199A3C9EB24}.Ad-Hoc|x86.Build.0 = Debug|Any CPU
		{49969EAC-923E-0B49-0A46-6199A3C9EB24}.AppStore|Any CPU.ActiveCfg = Debug|Any CPU
		{49969EAC-923E-0B49-0A46-6199A3C9EB24}.AppStore|Any CPU.Build.0 = Debug|Any CPU
		{49969EAC-923E-0B49-0A46-6199A3C9EB24}.AppStore|ARM.ActiveCfg = Debug|Any CPU
		{49969EAC-923E-0B49-0A46-6199A3C9EB24}.AppStore|ARM.Build.0 = Debug|Any CPU
		{49969EAC-923E-0B49-0A46-6199A3C9EB24}.AppStore|iPhone.ActiveCfg = Debug|Any CPU
		{49969EAC-923E-0B49-0A46-6199A3C9EB24}.AppStore|iPhone.Build.0 = Debug|Any CPU
		{49969EAC-923E-0B49-0A46-6199A3C9EB24}.AppStore|iPhoneSimulator.ActiveCfg = Debug|Any CPU
		{49969EAC-923E-0B49-0A46-6199A3C9EB24}.AppStore|iPhoneSimulator.Build.0 = Debug|Any CPU
		{49969EAC-923E-0B49-0A46-6199A3C9EB24}.AppStore|x64.ActiveCfg = Debug|Any CPU
		{49969EAC-923E-0B49-0A46-6199A3C9EB24}.AppStore|x64.Build.0 = Debug|Any CPU
		{49969EAC-923E-0B49-0A46-6199A3C9EB24}.AppStore|x86.ActiveCfg = Debug|Any CPU
		{49969EAC-923E-0B49-0A46-6199A3C9EB24}.AppStore|x86.Build.0 = Debug|Any CPU
		{49969EAC-923E-0B49-0A46-6199A3C9EB24}.Debug|Any CPU.ActiveCfg = Debug|Any CPU
		{49969EAC-923E-0B49-0A46-6199A3C9EB24}.Debug|Any CPU.Build.0 = Debug|Any CPU
		{49969EAC-923E-0B49-0A46-6199A3C9EB24}.Debug|ARM.ActiveCfg = Debug|Any CPU
		{49969EAC-923E-0B49-0A46-6199A3C9EB24}.Debug|ARM.Build.0 = Debug|Any CPU
		{49969EAC-923E-0B49-0A46-6199A3C9EB24}.Debug|iPhone.ActiveCfg = Debug|Any CPU
		{49969EAC-923E-0B49-0A46-6199A3C9EB24}.Debug|iPhone.Build.0 = Debug|Any CPU
		{49969EAC-923E-0B49-0A46-6199A3C9EB24}.Debug|iPhoneSimulator.ActiveCfg = Debug|Any CPU
		{49969EAC-923E-0B49-0A46-6199A3C9EB24}.Debug|iPhoneSimulator.Build.0 = Debug|Any CPU
		{49969EAC-923E-0B49-0A46-6199A3C9EB24}.Debug|x64.ActiveCfg = Debug|Any CPU
		{49969EAC-923E-0B49-0A46-6199A3C9EB24}.Debug|x64.Build.0 = Debug|Any CPU
		{49969EAC-923E-0B49-0A46-6199A3C9EB24}.Debug|x86.ActiveCfg = Debug|Any CPU
		{49969EAC-923E-0B49-0A46-6199A3C9EB24}.Debug|x86.Build.0 = Debug|Any CPU
		{49969EAC-923E-0B49-0A46-6199A3C9EB24}.Release|Any CPU.ActiveCfg = Release|Any CPU
		{49969EAC-923E-0B49-0A46-6199A3C9EB24}.Release|Any CPU.Build.0 = Release|Any CPU
		{49969EAC-923E-0B49-0A46-6199A3C9EB24}.Release|ARM.ActiveCfg = Release|Any CPU
		{49969EAC-923E-0B49-0A46-6199A3C9EB24}.Release|ARM.Build.0 = Release|Any CPU
		{49969EAC-923E-0B49-0A46-6199A3C9EB24}.Release|iPhone.ActiveCfg = Release|Any CPU
		{49969EAC-923E-0B49-0A46-6199A3C9EB24}.Release|iPhone.Build.0 = Release|Any CPU
		{49969EAC-923E-0B49-0A46-6199A3C9EB24}.Release|iPhoneSimulator.ActiveCfg = Release|Any CPU
		{49969EAC-923E-0B49-0A46-6199A3C9EB24}.Release|iPhoneSimulator.Build.0 = Release|Any CPU
		{49969EAC-923E-0B49-0A46-6199A3C9EB24}.Release|x64.ActiveCfg = Release|Any CPU
		{49969EAC-923E-0B49-0A46-6199A3C9EB24}.Release|x64.Build.0 = Release|Any CPU
		{49969EAC-923E-0B49-0A46-6199A3C9EB24}.Release|x86.ActiveCfg = Release|Any CPU
		{49969EAC-923E-0B49-0A46-6199A3C9EB24}.Release|x86.Build.0 = Release|Any CPU
		{677A17EE-4DD7-0A46-06DD-9FFC86FACD7D}.Ad-Hoc|Any CPU.ActiveCfg = Debug|Any CPU
		{677A17EE-4DD7-0A46-06DD-9FFC86FACD7D}.Ad-Hoc|Any CPU.Build.0 = Debug|Any CPU
		{677A17EE-4DD7-0A46-06DD-9FFC86FACD7D}.Ad-Hoc|ARM.ActiveCfg = Debug|Any CPU
		{677A17EE-4DD7-0A46-06DD-9FFC86FACD7D}.Ad-Hoc|ARM.Build.0 = Debug|Any CPU
		{677A17EE-4DD7-0A46-06DD-9FFC86FACD7D}.Ad-Hoc|iPhone.ActiveCfg = Debug|Any CPU
		{677A17EE-4DD7-0A46-06DD-9FFC86FACD7D}.Ad-Hoc|iPhone.Build.0 = Debug|Any CPU
		{677A17EE-4DD7-0A46-06DD-9FFC86FACD7D}.Ad-Hoc|iPhoneSimulator.ActiveCfg = Debug|Any CPU
		{677A17EE-4DD7-0A46-06DD-9FFC86FACD7D}.Ad-Hoc|iPhoneSimulator.Build.0 = Debug|Any CPU
		{677A17EE-4DD7-0A46-06DD-9FFC86FACD7D}.Ad-Hoc|x64.ActiveCfg = Debug|Any CPU
		{677A17EE-4DD7-0A46-06DD-9FFC86FACD7D}.Ad-Hoc|x64.Build.0 = Debug|Any CPU
		{677A17EE-4DD7-0A46-06DD-9FFC86FACD7D}.Ad-Hoc|x86.ActiveCfg = Debug|Any CPU
		{677A17EE-4DD7-0A46-06DD-9FFC86FACD7D}.Ad-Hoc|x86.Build.0 = Debug|Any CPU
		{677A17EE-4DD7-0A46-06DD-9FFC86FACD7D}.AppStore|Any CPU.ActiveCfg = Debug|Any CPU
		{677A17EE-4DD7-0A46-06DD-9FFC86FACD7D}.AppStore|Any CPU.Build.0 = Debug|Any CPU
		{677A17EE-4DD7-0A46-06DD-9FFC86FACD7D}.AppStore|ARM.ActiveCfg = Debug|Any CPU
		{677A17EE-4DD7-0A46-06DD-9FFC86FACD7D}.AppStore|ARM.Build.0 = Debug|Any CPU
		{677A17EE-4DD7-0A46-06DD-9FFC86FACD7D}.AppStore|iPhone.ActiveCfg = Debug|Any CPU
		{677A17EE-4DD7-0A46-06DD-9FFC86FACD7D}.AppStore|iPhone.Build.0 = Debug|Any CPU
		{677A17EE-4DD7-0A46-06DD-9FFC86FACD7D}.AppStore|iPhoneSimulator.ActiveCfg = Debug|Any CPU
		{677A17EE-4DD7-0A46-06DD-9FFC86FACD7D}.AppStore|iPhoneSimulator.Build.0 = Debug|Any CPU
		{677A17EE-4DD7-0A46-06DD-9FFC86FACD7D}.AppStore|x64.ActiveCfg = Debug|Any CPU
		{677A17EE-4DD7-0A46-06DD-9FFC86FACD7D}.AppStore|x64.Build.0 = Debug|Any CPU
		{677A17EE-4DD7-0A46-06DD-9FFC86FACD7D}.AppStore|x86.ActiveCfg = Debug|Any CPU
		{677A17EE-4DD7-0A46-06DD-9FFC86FACD7D}.AppStore|x86.Build.0 = Debug|Any CPU
		{677A17EE-4DD7-0A46-06DD-9FFC86FACD7D}.Debug|Any CPU.ActiveCfg = Debug|Any CPU
		{677A17EE-4DD7-0A46-06DD-9FFC86FACD7D}.Debug|Any CPU.Build.0 = Debug|Any CPU
		{677A17EE-4DD7-0A46-06DD-9FFC86FACD7D}.Debug|ARM.ActiveCfg = Debug|Any CPU
		{677A17EE-4DD7-0A46-06DD-9FFC86FACD7D}.Debug|ARM.Build.0 = Debug|Any CPU
		{677A17EE-4DD7-0A46-06DD-9FFC86FACD7D}.Debug|iPhone.ActiveCfg = Debug|Any CPU
		{677A17EE-4DD7-0A46-06DD-9FFC86FACD7D}.Debug|iPhone.Build.0 = Debug|Any CPU
		{677A17EE-4DD7-0A46-06DD-9FFC86FACD7D}.Debug|iPhoneSimulator.ActiveCfg = Debug|Any CPU
		{677A17EE-4DD7-0A46-06DD-9FFC86FACD7D}.Debug|iPhoneSimulator.Build.0 = Debug|Any CPU
		{677A17EE-4DD7-0A46-06DD-9FFC86FACD7D}.Debug|x64.ActiveCfg = Debug|Any CPU
		{677A17EE-4DD7-0A46-06DD-9FFC86FACD7D}.Debug|x64.Build.0 = Debug|Any CPU
		{677A17EE-4DD7-0A46-06DD-9FFC86FACD7D}.Debug|x86.ActiveCfg = Debug|Any CPU
		{677A17EE-4DD7-0A46-06DD-9FFC86FACD7D}.Debug|x86.Build.0 = Debug|Any CPU
		{677A17EE-4DD7-0A46-06DD-9FFC86FACD7D}.Release|Any CPU.ActiveCfg = Release|Any CPU
		{677A17EE-4DD7-0A46-06DD-9FFC86FACD7D}.Release|Any CPU.Build.0 = Release|Any CPU
		{677A17EE-4DD7-0A46-06DD-9FFC86FACD7D}.Release|ARM.ActiveCfg = Release|Any CPU
		{677A17EE-4DD7-0A46-06DD-9FFC86FACD7D}.Release|ARM.Build.0 = Release|Any CPU
		{677A17EE-4DD7-0A46-06DD-9FFC86FACD7D}.Release|iPhone.ActiveCfg = Release|Any CPU
		{677A17EE-4DD7-0A46-06DD-9FFC86FACD7D}.Release|iPhone.Build.0 = Release|Any CPU
		{677A17EE-4DD7-0A46-06DD-9FFC86FACD7D}.Release|iPhoneSimulator.ActiveCfg = Release|Any CPU
		{677A17EE-4DD7-0A46-06DD-9FFC86FACD7D}.Release|iPhoneSimulator.Build.0 = Release|Any CPU
		{677A17EE-4DD7-0A46-06DD-9FFC86FACD7D}.Release|x64.ActiveCfg = Release|Any CPU
		{677A17EE-4DD7-0A46-06DD-9FFC86FACD7D}.Release|x64.Build.0 = Release|Any CPU
		{677A17EE-4DD7-0A46-06DD-9FFC86FACD7D}.Release|x86.ActiveCfg = Release|Any CPU
		{677A17EE-4DD7-0A46-06DD-9FFC86FACD7D}.Release|x86.Build.0 = Release|Any CPU
		{4EC90052-ABDB-0D37-388E-FCF931E014C5}.Ad-Hoc|Any CPU.ActiveCfg = Debug|Any CPU
		{4EC90052-ABDB-0D37-388E-FCF931E014C5}.Ad-Hoc|Any CPU.Build.0 = Debug|Any CPU
		{4EC90052-ABDB-0D37-388E-FCF931E014C5}.Ad-Hoc|ARM.ActiveCfg = Debug|Any CPU
		{4EC90052-ABDB-0D37-388E-FCF931E014C5}.Ad-Hoc|ARM.Build.0 = Debug|Any CPU
		{4EC90052-ABDB-0D37-388E-FCF931E014C5}.Ad-Hoc|iPhone.ActiveCfg = Debug|Any CPU
		{4EC90052-ABDB-0D37-388E-FCF931E014C5}.Ad-Hoc|iPhone.Build.0 = Debug|Any CPU
		{4EC90052-ABDB-0D37-388E-FCF931E014C5}.Ad-Hoc|iPhoneSimulator.ActiveCfg = Debug|Any CPU
		{4EC90052-ABDB-0D37-388E-FCF931E014C5}.Ad-Hoc|iPhoneSimulator.Build.0 = Debug|Any CPU
		{4EC90052-ABDB-0D37-388E-FCF931E014C5}.Ad-Hoc|x64.ActiveCfg = Debug|Any CPU
		{4EC90052-ABDB-0D37-388E-FCF931E014C5}.Ad-Hoc|x64.Build.0 = Debug|Any CPU
		{4EC90052-ABDB-0D37-388E-FCF931E014C5}.Ad-Hoc|x86.ActiveCfg = Debug|Any CPU
		{4EC90052-ABDB-0D37-388E-FCF931E014C5}.Ad-Hoc|x86.Build.0 = Debug|Any CPU
		{4EC90052-ABDB-0D37-388E-FCF931E014C5}.AppStore|Any CPU.ActiveCfg = Debug|Any CPU
		{4EC90052-ABDB-0D37-388E-FCF931E014C5}.AppStore|Any CPU.Build.0 = Debug|Any CPU
		{4EC90052-ABDB-0D37-388E-FCF931E014C5}.AppStore|ARM.ActiveCfg = Debug|Any CPU
		{4EC90052-ABDB-0D37-388E-FCF931E014C5}.AppStore|ARM.Build.0 = Debug|Any CPU
		{4EC90052-ABDB-0D37-388E-FCF931E014C5}.AppStore|iPhone.ActiveCfg = Debug|Any CPU
		{4EC90052-ABDB-0D37-388E-FCF931E014C5}.AppStore|iPhone.Build.0 = Debug|Any CPU
		{4EC90052-ABDB-0D37-388E-FCF931E014C5}.AppStore|iPhoneSimulator.ActiveCfg = Debug|Any CPU
		{4EC90052-ABDB-0D37-388E-FCF931E014C5}.AppStore|iPhoneSimulator.Build.0 = Debug|Any CPU
		{4EC90052-ABDB-0D37-388E-FCF931E014C5}.AppStore|x64.ActiveCfg = Debug|Any CPU
		{4EC90052-ABDB-0D37-388E-FCF931E014C5}.AppStore|x64.Build.0 = Debug|Any CPU
		{4EC90052-ABDB-0D37-388E-FCF931E014C5}.AppStore|x86.ActiveCfg = Debug|Any CPU
		{4EC90052-ABDB-0D37-388E-FCF931E014C5}.AppStore|x86.Build.0 = Debug|Any CPU
		{4EC90052-ABDB-0D37-388E-FCF931E014C5}.Debug|Any CPU.ActiveCfg = Debug|Any CPU
		{4EC90052-ABDB-0D37-388E-FCF931E014C5}.Debug|Any CPU.Build.0 = Debug|Any CPU
		{4EC90052-ABDB-0D37-388E-FCF931E014C5}.Debug|ARM.ActiveCfg = Debug|Any CPU
		{4EC90052-ABDB-0D37-388E-FCF931E014C5}.Debug|ARM.Build.0 = Debug|Any CPU
		{4EC90052-ABDB-0D37-388E-FCF931E014C5}.Debug|iPhone.ActiveCfg = Debug|Any CPU
		{4EC90052-ABDB-0D37-388E-FCF931E014C5}.Debug|iPhone.Build.0 = Debug|Any CPU
		{4EC90052-ABDB-0D37-388E-FCF931E014C5}.Debug|iPhoneSimulator.ActiveCfg = Debug|Any CPU
		{4EC90052-ABDB-0D37-388E-FCF931E014C5}.Debug|iPhoneSimulator.Build.0 = Debug|Any CPU
		{4EC90052-ABDB-0D37-388E-FCF931E014C5}.Debug|x64.ActiveCfg = Debug|Any CPU
		{4EC90052-ABDB-0D37-388E-FCF931E014C5}.Debug|x64.Build.0 = Debug|Any CPU
		{4EC90052-ABDB-0D37-388E-FCF931E014C5}.Debug|x86.ActiveCfg = Debug|Any CPU
		{4EC90052-ABDB-0D37-388E-FCF931E014C5}.Debug|x86.Build.0 = Debug|Any CPU
		{4EC90052-ABDB-0D37-388E-FCF931E014C5}.Release|Any CPU.ActiveCfg = Release|Any CPU
		{4EC90052-ABDB-0D37-388E-FCF931E014C5}.Release|Any CPU.Build.0 = Release|Any CPU
		{4EC90052-ABDB-0D37-388E-FCF931E014C5}.Release|ARM.ActiveCfg = Release|Any CPU
		{4EC90052-ABDB-0D37-388E-FCF931E014C5}.Release|ARM.Build.0 = Release|Any CPU
		{4EC90052-ABDB-0D37-388E-FCF931E014C5}.Release|iPhone.ActiveCfg = Release|Any CPU
		{4EC90052-ABDB-0D37-388E-FCF931E014C5}.Release|iPhone.Build.0 = Release|Any CPU
		{4EC90052-ABDB-0D37-388E-FCF931E014C5}.Release|iPhoneSimulator.ActiveCfg = Release|Any CPU
		{4EC90052-ABDB-0D37-388E-FCF931E014C5}.Release|iPhoneSimulator.Build.0 = Release|Any CPU
		{4EC90052-ABDB-0D37-388E-FCF931E014C5}.Release|x64.ActiveCfg = Release|Any CPU
		{4EC90052-ABDB-0D37-388E-FCF931E014C5}.Release|x64.Build.0 = Release|Any CPU
		{4EC90052-ABDB-0D37-388E-FCF931E014C5}.Release|x86.ActiveCfg = Release|Any CPU
		{4EC90052-ABDB-0D37-388E-FCF931E014C5}.Release|x86.Build.0 = Release|Any CPU
	EndGlobalSection
	GlobalSection(SolutionProperties) = preSolution
		HideSolutionNode = FALSE
	EndGlobalSection
	GlobalSection(NestedProjects) = preSolution
		{B3AAD065-751B-0B8A-2454-B36839D4BB00} = {AB0C5EB0-2C9E-4F63-9BC2-C18430941E8C}
		{4EA11263-4F90-021E-25E4-1EE923AB7B31} = {5140D09D-BB9B-423B-9414-144E066B1885}
		{6A4F083F-1F1C-0AA1-1125-52AC3D23EEC1} = {5140D09D-BB9B-423B-9414-144E066B1885}
		{49969EAC-923E-0B49-0A46-6199A3C9EB24} = {DA040B60-37B1-4785-A9C2-69C0B48FF2F7}
		{677A17EE-4DD7-0A46-06DD-9FFC86FACD7D} = {50856622-9193-4F11-996E-EAAEAE186CA4}
		{4EC90052-ABDB-0D37-388E-FCF931E014C5} = {5140D09D-BB9B-423B-9414-144E066B1885}
	EndGlobalSection
	GlobalSection(ExtensibilityGlobals) = postSolution
		SolutionGuid = {7547D2E9-6FC1-48E8-BD1C-7140BE981AF2}
	EndGlobalSection
EndGlobal
