
Microsoft Visual Studio Solution File, Format Version 12.00
# Visual Studio Version 16
VisualStudioVersion = 16.0.29209.152
MinimumVisualStudioVersion = 10.0.40219.1
Project("{F184B08F-C81C-45F6-A57F-5ABD9991F28F}") = "ProjectTracker.Ui.WPF", "ProjectTracker.Ui.WPF\ProjectTracker.Ui.WPF.vbproj", "{16B96B89-738C-03FF-2D4E-43C7AFE93B2A}"
EndProject
Project("{F184B08F-C81C-45F6-A57F-5ABD9991F28F}") = "ProjectTracker.Ui.WinForms", "ProjectTracker.Ui.WinForms\ProjectTracker.Ui.WinForms.vbproj", "{689CDAC9-4AFB-02CA-0F6C-F833F10AA18C}"
EndProject
Project("{778DAE3C-4631-46EA-AA77-85C1314464D9}") = "ProjectTracker.Dal", "ProjectTracker.Dal\ProjectTracker.Dal.vbproj", "{D55A7ABF-D93D-02AC-227A-08D632EFEFC4}"
EndProject
Project("{778DAE3C-4631-46EA-AA77-85C1314464D9}") = "ProjectTracker.DalMock", "ProjectTracker.DalMock\ProjectTracker.DalMock.vbproj", "{12F7CE34-4C92-0F2C-3959-D759065512B0}"
EndProject
Project("{2150E333-8FDC-42A3-9474-1A3956D46DE8}") = "UI", "UI", "{547A2212-9195-40DD-9261-E722634A1299}"
EndProject
Project("{2150E333-8FDC-42A3-9474-1A3956D46DE8}") = "BusinessLibrary", "BusinessLibrary", "{1982F50A-7047-4605-98A4-0AD57A67C5BF}"
EndProject
Project("{2150E333-8FDC-42A3-9474-1A3956D46DE8}") = "DataAccess", "DataAccess", "{A2E19440-A0EE-429F-BACC-2CD88B722889}"
EndProject
Project("{2150E333-8FDC-42A3-9474-1A3956D46DE8}") = "AppServer", "AppServer", "{8D097836-73FE-425C-8D9D-A02B446DF9FE}"
EndProject
Project("{778DAE3C-4631-46EA-AA77-85C1314464D9}") = "ProjectTracker.BusinessLibrary.Netstandard", "ProjectTracker.BusinessLibrary.Netstandard\ProjectTracker.BusinessLibrary.Netstandard.vbproj", "{51F204CC-DFB8-0469-0470-01B25BD5A42D}"
EndProject
Project("{F184B08F-C81C-45F6-A57F-5ABD9991F28F}") = "ProjectTracker.Ui.UWP", "ProjectTracker.Ui.UWP\ProjectTracker.Ui.UWP.vbproj", "{107A3BFC-73C7-0C13-3158-7F9D36DEE5E0}"
EndProject
Project("{FAE04EC0-301F-11D3-BF4B-00C04F79EFBC}") = "ProjectTracker.Ui.Xamarin.Android", "ProjectTracker.Ui.Xamarin\ProjectTracker.Ui.Xamarin.Android\ProjectTracker.Ui.Xamarin.Android.csproj", "{E78CA6A9-DE24-465F-880F-C616CC5779A7}"
EndProject
Project("{FAE04EC0-301F-11D3-BF4B-00C04F79EFBC}") = "ProjectTracker.Ui.Xamarin.iOS", "ProjectTracker.Ui.Xamarin\ProjectTracker.Ui.Xamarin.iOS\ProjectTracker.Ui.Xamarin.iOS.csproj", "{89E69BEB-3542-4661-B346-CE9E9B90C095}"
EndProject
Project("{778DAE3C-4631-46EA-AA77-85C1314464D9}") = "ProjectTracker.Ui.Xamarin", "ProjectTracker.Ui.Xamarin\ProjectTracker.Ui.Xamarin\ProjectTracker.Ui.Xamarin.vbproj", "{01DD3A8F-5431-0DD3-18ED-970D2BBC4B8F}"
EndProject
Project("{778DAE3C-4631-46EA-AA77-85C1314464D9}") = "ProjectTracker.AppServerCore", "ProjectTracker.AppServerCore\ProjectTracker.AppServerCore.vbproj", "{EE291DE9-D869-0735-27E5-0A4E21297D37}"
EndProject
Project("{778DAE3C-4631-46EA-AA77-85C1314464D9}") = "ProjectTracker.Ui.Blazor.Server", "ProjectTracker.Ui.Blazor.Server\ProjectTracker.Ui.Blazor.Server.vbproj", "{43B57DFC-4A24-0B31-1B06-CAD5CFC5E135}"
EndProject
Project("{778DAE3C-4631-46EA-AA77-85C1314464D9}") = "ProjectTracker.Ui.Blazor", "ProjectTracker.Ui.Blazor\ProjectTracker.Ui.Blazor.vbproj", "{5D8E0211-3D2B-099A-3B30-B9062E0DC04C}"
EndProject
Project("{778DAE3C-4631-46EA-AA77-85C1314464D9}") = "ProjectTracker.Ui.Blazor.Client", "ProjectTracker.Ui.Blazor.Client\ProjectTracker.Ui.Blazor.Client.vbproj", "{026BC8AD-2430-0AA0-1674-89E03CE5E905}"
EndProject
Project("{2150E333-8FDC-42A3-9474-1A3956D46DE8}") = "_readme", "_readme", "{C17FB7D9-ADD8-4012-A76E-83B18DC536FA}"
	ProjectSection(SolutionItems) = preProject
		readme.md = readme.md
	EndProjectSection
EndProject
Project("{F184B08F-C81C-45F6-A57F-5ABD9991F28F}") = "ProjectTracker.DalEfCore", "ProjectTracker.DalEfCore\ProjectTracker.DalEfCore.vbproj", "{B19FF597-66C2-0BFC-19FC-74E450CEB5CD}"
EndProject
Global
	GlobalSection(SolutionConfigurationPlatforms) = preSolution
		Ad-Hoc|Any CPU = Ad-Hoc|Any CPU
		Ad-Hoc|ARM = Ad-Hoc|ARM
		Ad-Hoc|iPhone = Ad-Hoc|iPhone
		Ad-Hoc|iPhoneSimulator = Ad-Hoc|iPhoneSimulator
		Ad-Hoc|x64 = Ad-Hoc|x64
		Ad-Hoc|x86 = Ad-Hoc|x86
		AppStore|Any CPU = AppStore|Any CPU
		AppStore|ARM = AppStore|ARM
		AppStore|iPhone = AppStore|iPhone
		AppStore|iPhoneSimulator = AppStore|iPhoneSimulator
		AppStore|x64 = AppStore|x64
		AppStore|x86 = AppStore|x86
		Debug|Any CPU = Debug|Any CPU
		Debug|ARM = Debug|ARM
		Debug|iPhone = Debug|iPhone
		Debug|iPhoneSimulator = Debug|iPhoneSimulator
		Debug|x64 = Debug|x64
		Debug|x86 = Debug|x86
		Release|Any CPU = Release|Any CPU
		Release|ARM = Release|ARM
		Release|iPhone = Release|iPhone
		Release|iPhoneSimulator = Release|iPhoneSimulator
		Release|x64 = Release|x64
		Release|x86 = Release|x86
	EndGlobalSection
	GlobalSection(ProjectConfigurationPlatforms) = postSolution
		{16B96B89-738C-03FF-2D4E-43C7AFE93B2A}.Ad-Hoc|Any CPU.ActiveCfg = Release|Any CPU
		{16B96B89-738C-03FF-2D4E-43C7AFE93B2A}.Ad-Hoc|Any CPU.Build.0 = Release|Any CPU
		{16B96B89-738C-03FF-2D4E-43C7AFE93B2A}.Ad-Hoc|ARM.ActiveCfg = Release|Any CPU
		{16B96B89-738C-03FF-2D4E-43C7AFE93B2A}.Ad-Hoc|ARM.Build.0 = Release|Any CPU
		{16B96B89-738C-03FF-2D4E-43C7AFE93B2A}.Ad-Hoc|iPhone.ActiveCfg = Release|Any CPU
		{16B96B89-738C-03FF-2D4E-43C7AFE93B2A}.Ad-Hoc|iPhone.Build.0 = Release|Any CPU
		{16B96B89-738C-03FF-2D4E-43C7AFE93B2A}.Ad-Hoc|iPhoneSimulator.ActiveCfg = Release|Any CPU
		{16B96B89-738C-03FF-2D4E-43C7AFE93B2A}.Ad-Hoc|iPhoneSimulator.Build.0 = Release|Any CPU
		{16B96B89-738C-03FF-2D4E-43C7AFE93B2A}.Ad-Hoc|x64.ActiveCfg = Release|Any CPU
		{16B96B89-738C-03FF-2D4E-43C7AFE93B2A}.Ad-Hoc|x64.Build.0 = Release|Any CPU
		{16B96B89-738C-03FF-2D4E-43C7AFE93B2A}.Ad-Hoc|x86.ActiveCfg = Release|Any CPU
		{16B96B89-738C-03FF-2D4E-43C7AFE93B2A}.Ad-Hoc|x86.Build.0 = Release|Any CPU
		{16B96B89-738C-03FF-2D4E-43C7AFE93B2A}.AppStore|Any CPU.ActiveCfg = Release|Any CPU
		{16B96B89-738C-03FF-2D4E-43C7AFE93B2A}.AppStore|Any CPU.Build.0 = Release|Any CPU
		{16B96B89-738C-03FF-2D4E-43C7AFE93B2A}.AppStore|ARM.ActiveCfg = Release|Any CPU
		{16B96B89-738C-03FF-2D4E-43C7AFE93B2A}.AppStore|ARM.Build.0 = Release|Any CPU
		{16B96B89-738C-03FF-2D4E-43C7AFE93B2A}.AppStore|iPhone.ActiveCfg = Release|Any CPU
		{16B96B89-738C-03FF-2D4E-43C7AFE93B2A}.AppStore|iPhone.Build.0 = Release|Any CPU
		{16B96B89-738C-03FF-2D4E-43C7AFE93B2A}.AppStore|iPhoneSimulator.ActiveCfg = Release|Any CPU
		{16B96B89-738C-03FF-2D4E-43C7AFE93B2A}.AppStore|iPhoneSimulator.Build.0 = Release|Any CPU
		{16B96B89-738C-03FF-2D4E-43C7AFE93B2A}.AppStore|x64.ActiveCfg = Release|Any CPU
		{16B96B89-738C-03FF-2D4E-43C7AFE93B2A}.AppStore|x64.Build.0 = Release|Any CPU
		{16B96B89-738C-03FF-2D4E-43C7AFE93B2A}.AppStore|x86.ActiveCfg = Release|Any CPU
		{16B96B89-738C-03FF-2D4E-43C7AFE93B2A}.AppStore|x86.Build.0 = Release|Any CPU
		{16B96B89-738C-03FF-2D4E-43C7AFE93B2A}.Debug|Any CPU.ActiveCfg = Debug|Any CPU
		{16B96B89-738C-03FF-2D4E-43C7AFE93B2A}.Debug|Any CPU.Build.0 = Debug|Any CPU
		{16B96B89-738C-03FF-2D4E-43C7AFE93B2A}.Debug|ARM.ActiveCfg = Debug|Any CPU
		{16B96B89-738C-03FF-2D4E-43C7AFE93B2A}.Debug|ARM.Build.0 = Debug|Any CPU
		{16B96B89-738C-03FF-2D4E-43C7AFE93B2A}.Debug|iPhone.ActiveCfg = Debug|Any CPU
		{16B96B89-738C-03FF-2D4E-43C7AFE93B2A}.Debug|iPhone.Build.0 = Debug|Any CPU
		{16B96B89-738C-03FF-2D4E-43C7AFE93B2A}.Debug|iPhoneSimulator.ActiveCfg = Debug|Any CPU
		{16B96B89-738C-03FF-2D4E-43C7AFE93B2A}.Debug|iPhoneSimulator.Build.0 = Debug|Any CPU
		{16B96B89-738C-03FF-2D4E-43C7AFE93B2A}.Debug|x64.ActiveCfg = Debug|Any CPU
		{16B96B89-738C-03FF-2D4E-43C7AFE93B2A}.Debug|x64.Build.0 = Debug|Any CPU
		{16B96B89-738C-03FF-2D4E-43C7AFE93B2A}.Debug|x86.ActiveCfg = Debug|Any CPU
		{16B96B89-738C-03FF-2D4E-43C7AFE93B2A}.Debug|x86.Build.0 = Debug|Any CPU
		{16B96B89-738C-03FF-2D4E-43C7AFE93B2A}.Release|Any CPU.ActiveCfg = Release|Any CPU
		{16B96B89-738C-03FF-2D4E-43C7AFE93B2A}.Release|Any CPU.Build.0 = Release|Any CPU
		{16B96B89-738C-03FF-2D4E-43C7AFE93B2A}.Release|ARM.ActiveCfg = Release|Any CPU
		{16B96B89-738C-03FF-2D4E-43C7AFE93B2A}.Release|ARM.Build.0 = Release|Any CPU
		{16B96B89-738C-03FF-2D4E-43C7AFE93B2A}.Release|iPhone.ActiveCfg = Release|Any CPU
		{16B96B89-738C-03FF-2D4E-43C7AFE93B2A}.Release|iPhone.Build.0 = Release|Any CPU
		{16B96B89-738C-03FF-2D4E-43C7AFE93B2A}.Release|iPhoneSimulator.ActiveCfg = Release|Any CPU
		{16B96B89-738C-03FF-2D4E-43C7AFE93B2A}.Release|iPhoneSimulator.Build.0 = Release|Any CPU
		{16B96B89-738C-03FF-2D4E-43C7AFE93B2A}.Release|x64.ActiveCfg = Release|Any CPU
		{16B96B89-738C-03FF-2D4E-43C7AFE93B2A}.Release|x64.Build.0 = Release|Any CPU
		{16B96B89-738C-03FF-2D4E-43C7AFE93B2A}.Release|x86.ActiveCfg = Release|Any CPU
		{16B96B89-738C-03FF-2D4E-43C7AFE93B2A}.Release|x86.Build.0 = Release|Any CPU
		{689CDAC9-4AFB-02CA-0F6C-F833F10AA18C}.Ad-Hoc|Any CPU.ActiveCfg = Release|Any CPU
		{689CDAC9-4AFB-02CA-0F6C-F833F10AA18C}.Ad-Hoc|Any CPU.Build.0 = Release|Any CPU
		{689CDAC9-4AFB-02CA-0F6C-F833F10AA18C}.Ad-Hoc|ARM.ActiveCfg = Release|Any CPU
		{689CDAC9-4AFB-02CA-0F6C-F833F10AA18C}.Ad-Hoc|ARM.Build.0 = Release|Any CPU
		{689CDAC9-4AFB-02CA-0F6C-F833F10AA18C}.Ad-Hoc|iPhone.ActiveCfg = Release|Any CPU
		{689CDAC9-4AFB-02CA-0F6C-F833F10AA18C}.Ad-Hoc|iPhone.Build.0 = Release|Any CPU
		{689CDAC9-4AFB-02CA-0F6C-F833F10AA18C}.Ad-Hoc|iPhoneSimulator.ActiveCfg = Release|Any CPU
		{689CDAC9-4AFB-02CA-0F6C-F833F10AA18C}.Ad-Hoc|iPhoneSimulator.Build.0 = Release|Any CPU
		{689CDAC9-4AFB-02CA-0F6C-F833F10AA18C}.Ad-Hoc|x64.ActiveCfg = Release|Any CPU
		{689CDAC9-4AFB-02CA-0F6C-F833F10AA18C}.Ad-Hoc|x64.Build.0 = Release|Any CPU
		{689CDAC9-4AFB-02CA-0F6C-F833F10AA18C}.Ad-Hoc|x86.ActiveCfg = Release|Any CPU
		{689CDAC9-4AFB-02CA-0F6C-F833F10AA18C}.Ad-Hoc|x86.Build.0 = Release|Any CPU
		{689CDAC9-4AFB-02CA-0F6C-F833F10AA18C}.AppStore|Any CPU.ActiveCfg = Release|Any CPU
		{689CDAC9-4AFB-02CA-0F6C-F833F10AA18C}.AppStore|Any CPU.Build.0 = Release|Any CPU
		{689CDAC9-4AFB-02CA-0F6C-F833F10AA18C}.AppStore|ARM.ActiveCfg = Release|Any CPU
		{689CDAC9-4AFB-02CA-0F6C-F833F10AA18C}.AppStore|ARM.Build.0 = Release|Any CPU
		{689CDAC9-4AFB-02CA-0F6C-F833F10AA18C}.AppStore|iPhone.ActiveCfg = Release|Any CPU
		{689CDAC9-4AFB-02CA-0F6C-F833F10AA18C}.AppStore|iPhone.Build.0 = Release|Any CPU
		{689CDAC9-4AFB-02CA-0F6C-F833F10AA18C}.AppStore|iPhoneSimulator.ActiveCfg = Release|Any CPU
		{689CDAC9-4AFB-02CA-0F6C-F833F10AA18C}.AppStore|iPhoneSimulator.Build.0 = Release|Any CPU
		{689CDAC9-4AFB-02CA-0F6C-F833F10AA18C}.AppStore|x64.ActiveCfg = Release|Any CPU
		{689CDAC9-4AFB-02CA-0F6C-F833F10AA18C}.AppStore|x64.Build.0 = Release|Any CPU
		{689CDAC9-4AFB-02CA-0F6C-F833F10AA18C}.AppStore|x86.ActiveCfg = Release|Any CPU
		{689CDAC9-4AFB-02CA-0F6C-F833F10AA18C}.AppStore|x86.Build.0 = Release|Any CPU
		{689CDAC9-4AFB-02CA-0F6C-F833F10AA18C}.Debug|Any CPU.ActiveCfg = Debug|Any CPU
		{689CDAC9-4AFB-02CA-0F6C-F833F10AA18C}.Debug|Any CPU.Build.0 = Debug|Any CPU
		{689CDAC9-4AFB-02CA-0F6C-F833F10AA18C}.Debug|ARM.ActiveCfg = Debug|Any CPU
		{689CDAC9-4AFB-02CA-0F6C-F833F10AA18C}.Debug|ARM.Build.0 = Debug|Any CPU
		{689CDAC9-4AFB-02CA-0F6C-F833F10AA18C}.Debug|iPhone.ActiveCfg = Debug|Any CPU
		{689CDAC9-4AFB-02CA-0F6C-F833F10AA18C}.Debug|iPhone.Build.0 = Debug|Any CPU
		{689CDAC9-4AFB-02CA-0F6C-F833F10AA18C}.Debug|iPhoneSimulator.ActiveCfg = Debug|Any CPU
		{689CDAC9-4AFB-02CA-0F6C-F833F10AA18C}.Debug|iPhoneSimulator.Build.0 = Debug|Any CPU
		{689CDAC9-4AFB-02CA-0F6C-F833F10AA18C}.Debug|x64.ActiveCfg = Debug|Any CPU
		{689CDAC9-4AFB-02CA-0F6C-F833F10AA18C}.Debug|x64.Build.0 = Debug|Any CPU
		{689CDAC9-4AFB-02CA-0F6C-F833F10AA18C}.Debug|x86.ActiveCfg = Debug|Any CPU
		{689CDAC9-4AFB-02CA-0F6C-F833F10AA18C}.Debug|x86.Build.0 = Debug|Any CPU
		{689CDAC9-4AFB-02CA-0F6C-F833F10AA18C}.Release|Any CPU.ActiveCfg = Release|Any CPU
		{689CDAC9-4AFB-02CA-0F6C-F833F10AA18C}.Release|Any CPU.Build.0 = Release|Any CPU
		{689CDAC9-4AFB-02CA-0F6C-F833F10AA18C}.Release|ARM.ActiveCfg = Release|Any CPU
		{689CDAC9-4AFB-02CA-0F6C-F833F10AA18C}.Release|ARM.Build.0 = Release|Any CPU
		{689CDAC9-4AFB-02CA-0F6C-F833F10AA18C}.Release|iPhone.ActiveCfg = Release|Any CPU
		{689CDAC9-4AFB-02CA-0F6C-F833F10AA18C}.Release|iPhone.Build.0 = Release|Any CPU
		{689CDAC9-4AFB-02CA-0F6C-F833F10AA18C}.Release|iPhoneSimulator.ActiveCfg = Release|Any CPU
		{689CDAC9-4AFB-02CA-0F6C-F833F10AA18C}.Release|iPhoneSimulator.Build.0 = Release|Any CPU
		{689CDAC9-4AFB-02CA-0F6C-F833F10AA18C}.Release|x64.ActiveCfg = Release|Any CPU
		{689CDAC9-4AFB-02CA-0F6C-F833F10AA18C}.Release|x64.Build.0 = Release|Any CPU
		{689CDAC9-4AFB-02CA-0F6C-F833F10AA18C}.Release|x86.ActiveCfg = Release|Any CPU
		{689CDAC9-4AFB-02CA-0F6C-F833F10AA18C}.Release|x86.Build.0 = Release|Any CPU
		{D55A7ABF-D93D-02AC-227A-08D632EFEFC4}.Ad-Hoc|Any CPU.ActiveCfg = Release|Any CPU
		{D55A7ABF-D93D-02AC-227A-08D632EFEFC4}.Ad-Hoc|Any CPU.Build.0 = Release|Any CPU
		{D55A7ABF-D93D-02AC-227A-08D632EFEFC4}.Ad-Hoc|ARM.ActiveCfg = Release|Any CPU
		{D55A7ABF-D93D-02AC-227A-08D632EFEFC4}.Ad-Hoc|ARM.Build.0 = Release|Any CPU
		{D55A7ABF-D93D-02AC-227A-08D632EFEFC4}.Ad-Hoc|iPhone.ActiveCfg = Release|Any CPU
		{D55A7ABF-D93D-02AC-227A-08D632EFEFC4}.Ad-Hoc|iPhone.Build.0 = Release|Any CPU
		{D55A7ABF-D93D-02AC-227A-08D632EFEFC4}.Ad-Hoc|iPhoneSimulator.ActiveCfg = Release|Any CPU
		{D55A7ABF-D93D-02AC-227A-08D632EFEFC4}.Ad-Hoc|iPhoneSimulator.Build.0 = Release|Any CPU
		{D55A7ABF-D93D-02AC-227A-08D632EFEFC4}.Ad-Hoc|x64.ActiveCfg = Release|Any CPU
		{D55A7ABF-D93D-02AC-227A-08D632EFEFC4}.Ad-Hoc|x64.Build.0 = Release|Any CPU
		{D55A7ABF-D93D-02AC-227A-08D632EFEFC4}.Ad-Hoc|x86.ActiveCfg = Release|Any CPU
		{D55A7ABF-D93D-02AC-227A-08D632EFEFC4}.Ad-Hoc|x86.Build.0 = Release|Any CPU
		{D55A7ABF-D93D-02AC-227A-08D632EFEFC4}.AppStore|Any CPU.ActiveCfg = Release|Any CPU
		{D55A7ABF-D93D-02AC-227A-08D632EFEFC4}.AppStore|Any CPU.Build.0 = Release|Any CPU
		{D55A7ABF-D93D-02AC-227A-08D632EFEFC4}.AppStore|ARM.ActiveCfg = Release|Any CPU
		{D55A7ABF-D93D-02AC-227A-08D632EFEFC4}.AppStore|ARM.Build.0 = Release|Any CPU
		{D55A7ABF-D93D-02AC-227A-08D632EFEFC4}.AppStore|iPhone.ActiveCfg = Release|Any CPU
		{D55A7ABF-D93D-02AC-227A-08D632EFEFC4}.AppStore|iPhone.Build.0 = Release|Any CPU
		{D55A7ABF-D93D-02AC-227A-08D632EFEFC4}.AppStore|iPhoneSimulator.ActiveCfg = Release|Any CPU
		{D55A7ABF-D93D-02AC-227A-08D632EFEFC4}.AppStore|iPhoneSimulator.Build.0 = Release|Any CPU
		{D55A7ABF-D93D-02AC-227A-08D632EFEFC4}.AppStore|x64.ActiveCfg = Release|Any CPU
		{D55A7ABF-D93D-02AC-227A-08D632EFEFC4}.AppStore|x64.Build.0 = Release|Any CPU
		{D55A7ABF-D93D-02AC-227A-08D632EFEFC4}.AppStore|x86.ActiveCfg = Release|Any CPU
		{D55A7ABF-D93D-02AC-227A-08D632EFEFC4}.AppStore|x86.Build.0 = Release|Any CPU
		{D55A7ABF-D93D-02AC-227A-08D632EFEFC4}.Debug|Any CPU.ActiveCfg = Debug|Any CPU
		{D55A7ABF-D93D-02AC-227A-08D632EFEFC4}.Debug|Any CPU.Build.0 = Debug|Any CPU
		{D55A7ABF-D93D-02AC-227A-08D632EFEFC4}.Debug|ARM.ActiveCfg = Debug|Any CPU
		{D55A7ABF-D93D-02AC-227A-08D632EFEFC4}.Debug|ARM.Build.0 = Debug|Any CPU
		{D55A7ABF-D93D-02AC-227A-08D632EFEFC4}.Debug|iPhone.ActiveCfg = Debug|Any CPU
		{D55A7ABF-D93D-02AC-227A-08D632EFEFC4}.Debug|iPhone.Build.0 = Debug|Any CPU
		{D55A7ABF-D93D-02AC-227A-08D632EFEFC4}.Debug|iPhoneSimulator.ActiveCfg = Debug|Any CPU
		{D55A7ABF-D93D-02AC-227A-08D632EFEFC4}.Debug|iPhoneSimulator.Build.0 = Debug|Any CPU
		{D55A7ABF-D93D-02AC-227A-08D632EFEFC4}.Debug|x64.ActiveCfg = Debug|Any CPU
		{D55A7ABF-D93D-02AC-227A-08D632EFEFC4}.Debug|x64.Build.0 = Debug|Any CPU
		{D55A7ABF-D93D-02AC-227A-08D632EFEFC4}.Debug|x86.ActiveCfg = Debug|Any CPU
		{D55A7ABF-D93D-02AC-227A-08D632EFEFC4}.Debug|x86.Build.0 = Debug|Any CPU
		{D55A7ABF-D93D-02AC-227A-08D632EFEFC4}.Release|Any CPU.ActiveCfg = Release|Any CPU
		{D55A7ABF-D93D-02AC-227A-08D632EFEFC4}.Release|Any CPU.Build.0 = Release|Any CPU
		{D55A7ABF-D93D-02AC-227A-08D632EFEFC4}.Release|ARM.ActiveCfg = Release|Any CPU
		{D55A7ABF-D93D-02AC-227A-08D632EFEFC4}.Release|ARM.Build.0 = Release|Any CPU
		{D55A7ABF-D93D-02AC-227A-08D632EFEFC4}.Release|iPhone.ActiveCfg = Release|Any CPU
		{D55A7ABF-D93D-02AC-227A-08D632EFEFC4}.Release|iPhone.Build.0 = Release|Any CPU
		{D55A7ABF-D93D-02AC-227A-08D632EFEFC4}.Release|iPhoneSimulator.ActiveCfg = Release|Any CPU
		{D55A7ABF-D93D-02AC-227A-08D632EFEFC4}.Release|iPhoneSimulator.Build.0 = Release|Any CPU
		{D55A7ABF-D93D-02AC-227A-08D632EFEFC4}.Release|x64.ActiveCfg = Release|Any CPU
		{D55A7ABF-D93D-02AC-227A-08D632EFEFC4}.Release|x64.Build.0 = Release|Any CPU
		{D55A7ABF-D93D-02AC-227A-08D632EFEFC4}.Release|x86.ActiveCfg = Release|Any CPU
		{D55A7ABF-D93D-02AC-227A-08D632EFEFC4}.Release|x86.Build.0 = Release|Any CPU
		{12F7CE34-4C92-0F2C-3959-D759065512B0}.Ad-Hoc|Any CPU.ActiveCfg = Release|Any CPU
		{12F7CE34-4C92-0F2C-3959-D759065512B0}.Ad-Hoc|Any CPU.Build.0 = Release|Any CPU
		{12F7CE34-4C92-0F2C-3959-D759065512B0}.Ad-Hoc|ARM.ActiveCfg = Release|Any CPU
		{12F7CE34-4C92-0F2C-3959-D759065512B0}.Ad-Hoc|ARM.Build.0 = Release|Any CPU
		{12F7CE34-4C92-0F2C-3959-D759065512B0}.Ad-Hoc|iPhone.ActiveCfg = Release|Any CPU
		{12F7CE34-4C92-0F2C-3959-D759065512B0}.Ad-Hoc|iPhone.Build.0 = Release|Any CPU
		{12F7CE34-4C92-0F2C-3959-D759065512B0}.Ad-Hoc|iPhoneSimulator.ActiveCfg = Release|Any CPU
		{12F7CE34-4C92-0F2C-3959-D759065512B0}.Ad-Hoc|iPhoneSimulator.Build.0 = Release|Any CPU
		{12F7CE34-4C92-0F2C-3959-D759065512B0}.Ad-Hoc|x64.ActiveCfg = Release|Any CPU
		{12F7CE34-4C92-0F2C-3959-D759065512B0}.Ad-Hoc|x64.Build.0 = Release|Any CPU
		{12F7CE34-4C92-0F2C-3959-D759065512B0}.Ad-Hoc|x86.ActiveCfg = Release|Any CPU
		{12F7CE34-4C92-0F2C-3959-D759065512B0}.Ad-Hoc|x86.Build.0 = Release|Any CPU
		{12F7CE34-4C92-0F2C-3959-D759065512B0}.AppStore|Any CPU.ActiveCfg = Release|Any CPU
		{12F7CE34-4C92-0F2C-3959-D759065512B0}.AppStore|Any CPU.Build.0 = Release|Any CPU
		{12F7CE34-4C92-0F2C-3959-D759065512B0}.AppStore|ARM.ActiveCfg = Release|Any CPU
		{12F7CE34-4C92-0F2C-3959-D759065512B0}.AppStore|ARM.Build.0 = Release|Any CPU
		{12F7CE34-4C92-0F2C-3959-D759065512B0}.AppStore|iPhone.ActiveCfg = Release|Any CPU
		{12F7CE34-4C92-0F2C-3959-D759065512B0}.AppStore|iPhone.Build.0 = Release|Any CPU
		{12F7CE34-4C92-0F2C-3959-D759065512B0}.AppStore|iPhoneSimulator.ActiveCfg = Release|Any CPU
		{12F7CE34-4C92-0F2C-3959-D759065512B0}.AppStore|iPhoneSimulator.Build.0 = Release|Any CPU
		{12F7CE34-4C92-0F2C-3959-D759065512B0}.AppStore|x64.ActiveCfg = Release|Any CPU
		{12F7CE34-4C92-0F2C-3959-D759065512B0}.AppStore|x64.Build.0 = Release|Any CPU
		{12F7CE34-4C92-0F2C-3959-D759065512B0}.AppStore|x86.ActiveCfg = Release|Any CPU
		{12F7CE34-4C92-0F2C-3959-D759065512B0}.AppStore|x86.Build.0 = Release|Any CPU
		{12F7CE34-4C92-0F2C-3959-D759065512B0}.Debug|Any CPU.ActiveCfg = Debug|Any CPU
		{12F7CE34-4C92-0F2C-3959-D759065512B0}.Debug|Any CPU.Build.0 = Debug|Any CPU
		{12F7CE34-4C92-0F2C-3959-D759065512B0}.Debug|ARM.ActiveCfg = Debug|Any CPU
		{12F7CE34-4C92-0F2C-3959-D759065512B0}.Debug|ARM.Build.0 = Debug|Any CPU
		{12F7CE34-4C92-0F2C-3959-D759065512B0}.Debug|iPhone.ActiveCfg = Debug|Any CPU
		{12F7CE34-4C92-0F2C-3959-D759065512B0}.Debug|iPhone.Build.0 = Debug|Any CPU
		{12F7CE34-4C92-0F2C-3959-D759065512B0}.Debug|iPhoneSimulator.ActiveCfg = Debug|Any CPU
		{12F7CE34-4C92-0F2C-3959-D759065512B0}.Debug|iPhoneSimulator.Build.0 = Debug|Any CPU
		{12F7CE34-4C92-0F2C-3959-D759065512B0}.Debug|x64.ActiveCfg = Debug|Any CPU
		{12F7CE34-4C92-0F2C-3959-D759065512B0}.Debug|x64.Build.0 = Debug|Any CPU
		{12F7CE34-4C92-0F2C-3959-D759065512B0}.Debug|x86.ActiveCfg = Debug|Any CPU
		{12F7CE34-4C92-0F2C-3959-D759065512B0}.Debug|x86.Build.0 = Debug|Any CPU
		{12F7CE34-4C92-0F2C-3959-D759065512B0}.Release|Any CPU.ActiveCfg = Release|Any CPU
		{12F7CE34-4C92-0F2C-3959-D759065512B0}.Release|Any CPU.Build.0 = Release|Any CPU
		{12F7CE34-4C92-0F2C-3959-D759065512B0}.Release|ARM.ActiveCfg = Release|Any CPU
		{12F7CE34-4C92-0F2C-3959-D759065512B0}.Release|ARM.Build.0 = Release|Any CPU
		{12F7CE34-4C92-0F2C-3959-D759065512B0}.Release|iPhone.ActiveCfg = Release|Any CPU
		{12F7CE34-4C92-0F2C-3959-D759065512B0}.Release|iPhone.Build.0 = Release|Any CPU
		{12F7CE34-4C92-0F2C-3959-D759065512B0}.Release|iPhoneSimulator.ActiveCfg = Release|Any CPU
		{12F7CE34-4C92-0F2C-3959-D759065512B0}.Release|iPhoneSimulator.Build.0 = Release|Any CPU
		{12F7CE34-4C92-0F2C-3959-D759065512B0}.Release|x64.ActiveCfg = Release|Any CPU
		{12F7CE34-4C92-0F2C-3959-D759065512B0}.Release|x64.Build.0 = Release|Any CPU
		{12F7CE34-4C92-0F2C-3959-D759065512B0}.Release|x86.ActiveCfg = Release|Any CPU
		{12F7CE34-4C92-0F2C-3959-D759065512B0}.Release|x86.Build.0 = Release|Any CPU
		{51F204CC-DFB8-0469-0470-01B25BD5A42D}.Ad-Hoc|Any CPU.ActiveCfg = Debug|Any CPU
		{51F204CC-DFB8-0469-0470-01B25BD5A42D}.Ad-Hoc|Any CPU.Build.0 = Debug|Any CPU
		{51F204CC-DFB8-0469-0470-01B25BD5A42D}.Ad-Hoc|ARM.ActiveCfg = Debug|Any CPU
		{51F204CC-DFB8-0469-0470-01B25BD5A42D}.Ad-Hoc|ARM.Build.0 = Debug|Any CPU
		{51F204CC-DFB8-0469-0470-01B25BD5A42D}.Ad-Hoc|iPhone.ActiveCfg = Debug|Any CPU
		{51F204CC-DFB8-0469-0470-01B25BD5A42D}.Ad-Hoc|iPhone.Build.0 = Debug|Any CPU
		{51F204CC-DFB8-0469-0470-01B25BD5A42D}.Ad-Hoc|iPhoneSimulator.ActiveCfg = Debug|Any CPU
		{51F204CC-DFB8-0469-0470-01B25BD5A42D}.Ad-Hoc|iPhoneSimulator.Build.0 = Debug|Any CPU
		{51F204CC-DFB8-0469-0470-01B25BD5A42D}.Ad-Hoc|x64.ActiveCfg = Debug|Any CPU
		{51F204CC-DFB8-0469-0470-01B25BD5A42D}.Ad-Hoc|x64.Build.0 = Debug|Any CPU
		{51F204CC-DFB8-0469-0470-01B25BD5A42D}.Ad-Hoc|x86.ActiveCfg = Debug|Any CPU
		{51F204CC-DFB8-0469-0470-01B25BD5A42D}.Ad-Hoc|x86.Build.0 = Debug|Any CPU
		{51F204CC-DFB8-0469-0470-01B25BD5A42D}.AppStore|Any CPU.ActiveCfg = Debug|Any CPU
		{51F204CC-DFB8-0469-0470-01B25BD5A42D}.AppStore|Any CPU.Build.0 = Debug|Any CPU
		{51F204CC-DFB8-0469-0470-01B25BD5A42D}.AppStore|ARM.ActiveCfg = Debug|Any CPU
		{51F204CC-DFB8-0469-0470-01B25BD5A42D}.AppStore|ARM.Build.0 = Debug|Any CPU
		{51F204CC-DFB8-0469-0470-01B25BD5A42D}.AppStore|iPhone.ActiveCfg = Debug|Any CPU
		{51F204CC-DFB8-0469-0470-01B25BD5A42D}.AppStore|iPhone.Build.0 = Debug|Any CPU
		{51F204CC-DFB8-0469-0470-01B25BD5A42D}.AppStore|iPhoneSimulator.ActiveCfg = Debug|Any CPU
		{51F204CC-DFB8-0469-0470-01B25BD5A42D}.AppStore|iPhoneSimulator.Build.0 = Debug|Any CPU
		{51F204CC-DFB8-0469-0470-01B25BD5A42D}.AppStore|x64.ActiveCfg = Debug|Any CPU
		{51F204CC-DFB8-0469-0470-01B25BD5A42D}.AppStore|x64.Build.0 = Debug|Any CPU
		{51F204CC-DFB8-0469-0470-01B25BD5A42D}.AppStore|x86.ActiveCfg = Debug|Any CPU
		{51F204CC-DFB8-0469-0470-01B25BD5A42D}.AppStore|x86.Build.0 = Debug|Any CPU
		{51F204CC-DFB8-0469-0470-01B25BD5A42D}.Debug|Any CPU.ActiveCfg = Debug|Any CPU
		{51F204CC-DFB8-0469-0470-01B25BD5A42D}.Debug|Any CPU.Build.0 = Debug|Any CPU
		{51F204CC-DFB8-0469-0470-01B25BD5A42D}.Debug|ARM.ActiveCfg = Debug|Any CPU
		{51F204CC-DFB8-0469-0470-01B25BD5A42D}.Debug|ARM.Build.0 = Debug|Any CPU
		{51F204CC-DFB8-0469-0470-01B25BD5A42D}.Debug|iPhone.ActiveCfg = Debug|Any CPU
		{51F204CC-DFB8-0469-0470-01B25BD5A42D}.Debug|iPhone.Build.0 = Debug|Any CPU
		{51F204CC-DFB8-0469-0470-01B25BD5A42D}.Debug|iPhoneSimulator.ActiveCfg = Debug|Any CPU
		{51F204CC-DFB8-0469-0470-01B25BD5A42D}.Debug|iPhoneSimulator.Build.0 = Debug|Any CPU
		{51F204CC-DFB8-0469-0470-01B25BD5A42D}.Debug|x64.ActiveCfg = Debug|Any CPU
		{51F204CC-DFB8-0469-0470-01B25BD5A42D}.Debug|x64.Build.0 = Debug|Any CPU
		{51F204CC-DFB8-0469-0470-01B25BD5A42D}.Debug|x86.ActiveCfg = Debug|Any CPU
		{51F204CC-DFB8-0469-0470-01B25BD5A42D}.Debug|x86.Build.0 = Debug|Any CPU
		{51F204CC-DFB8-0469-0470-01B25BD5A42D}.Release|Any CPU.ActiveCfg = Release|Any CPU
		{51F204CC-DFB8-0469-0470-01B25BD5A42D}.Release|Any CPU.Build.0 = Release|Any CPU
		{51F204CC-DFB8-0469-0470-01B25BD5A42D}.Release|ARM.ActiveCfg = Release|Any CPU
		{51F204CC-DFB8-0469-0470-01B25BD5A42D}.Release|ARM.Build.0 = Release|Any CPU
		{51F204CC-DFB8-0469-0470-01B25BD5A42D}.Release|iPhone.ActiveCfg = Release|Any CPU
		{51F204CC-DFB8-0469-0470-01B25BD5A42D}.Release|iPhone.Build.0 = Release|Any CPU
		{51F204CC-DFB8-0469-0470-01B25BD5A42D}.Release|iPhoneSimulator.ActiveCfg = Release|Any CPU
		{51F204CC-DFB8-0469-0470-01B25BD5A42D}.Release|iPhoneSimulator.Build.0 = Release|Any CPU
		{51F204CC-DFB8-0469-0470-01B25BD5A42D}.Release|x64.ActiveCfg = Release|Any CPU
		{51F204CC-DFB8-0469-0470-01B25BD5A42D}.Release|x64.Build.0 = Release|Any CPU
		{51F204CC-DFB8-0469-0470-01B25BD5A42D}.Release|x86.ActiveCfg = Release|Any CPU
		{51F204CC-DFB8-0469-0470-01B25BD5A42D}.Release|x86.Build.0 = Release|Any CPU
		{107A3BFC-73C7-0C13-3158-7F9D36DEE5E0}.Ad-Hoc|Any CPU.ActiveCfg = Release|x64
		{107A3BFC-73C7-0C13-3158-7F9D36DEE5E0}.Ad-Hoc|Any CPU.Build.0 = Release|x64
		{107A3BFC-73C7-0C13-3158-7F9D36DEE5E0}.Ad-Hoc|Any CPU.Deploy.0 = Release|x64
		{107A3BFC-73C7-0C13-3158-7F9D36DEE5E0}.Ad-Hoc|ARM.ActiveCfg = Release|ARM
		{107A3BFC-73C7-0C13-3158-7F9D36DEE5E0}.Ad-Hoc|ARM.Build.0 = Release|ARM
		{107A3BFC-73C7-0C13-3158-7F9D36DEE5E0}.Ad-Hoc|ARM.Deploy.0 = Release|ARM
		{107A3BFC-73C7-0C13-3158-7F9D36DEE5E0}.Ad-Hoc|iPhone.ActiveCfg = Release|x64
		{107A3BFC-73C7-0C13-3158-7F9D36DEE5E0}.Ad-Hoc|iPhone.Build.0 = Release|x64
		{107A3BFC-73C7-0C13-3158-7F9D36DEE5E0}.Ad-Hoc|iPhone.Deploy.0 = Release|x64
		{107A3BFC-73C7-0C13-3158-7F9D36DEE5E0}.Ad-Hoc|iPhoneSimulator.ActiveCfg = Release|x64
		{107A3BFC-73C7-0C13-3158-7F9D36DEE5E0}.Ad-Hoc|iPhoneSimulator.Build.0 = Release|x64
		{107A3BFC-73C7-0C13-3158-7F9D36DEE5E0}.Ad-Hoc|iPhoneSimulator.Deploy.0 = Release|x64
		{107A3BFC-73C7-0C13-3158-7F9D36DEE5E0}.Ad-Hoc|x64.ActiveCfg = Release|x64
		{107A3BFC-73C7-0C13-3158-7F9D36DEE5E0}.Ad-Hoc|x64.Build.0 = Release|x64
		{107A3BFC-73C7-0C13-3158-7F9D36DEE5E0}.Ad-Hoc|x64.Deploy.0 = Release|x64
		{107A3BFC-73C7-0C13-3158-7F9D36DEE5E0}.Ad-Hoc|x86.ActiveCfg = Release|x86
		{107A3BFC-73C7-0C13-3158-7F9D36DEE5E0}.Ad-Hoc|x86.Build.0 = Release|x86
		{107A3BFC-73C7-0C13-3158-7F9D36DEE5E0}.Ad-Hoc|x86.Deploy.0 = Release|x86
		{107A3BFC-73C7-0C13-3158-7F9D36DEE5E0}.AppStore|Any CPU.ActiveCfg = Release|x64
		{107A3BFC-73C7-0C13-3158-7F9D36DEE5E0}.AppStore|Any CPU.Build.0 = Release|x64
		{107A3BFC-73C7-0C13-3158-7F9D36DEE5E0}.AppStore|Any CPU.Deploy.0 = Release|x64
		{107A3BFC-73C7-0C13-3158-7F9D36DEE5E0}.AppStore|ARM.ActiveCfg = Release|ARM
		{107A3BFC-73C7-0C13-3158-7F9D36DEE5E0}.AppStore|ARM.Build.0 = Release|ARM
		{107A3BFC-73C7-0C13-3158-7F9D36DEE5E0}.AppStore|ARM.Deploy.0 = Release|ARM
		{107A3BFC-73C7-0C13-3158-7F9D36DEE5E0}.AppStore|iPhone.ActiveCfg = Release|x64
		{107A3BFC-73C7-0C13-3158-7F9D36DEE5E0}.AppStore|iPhone.Build.0 = Release|x64
		{107A3BFC-73C7-0C13-3158-7F9D36DEE5E0}.AppStore|iPhone.Deploy.0 = Release|x64
		{107A3BFC-73C7-0C13-3158-7F9D36DEE5E0}.AppStore|iPhoneSimulator.ActiveCfg = Release|x64
		{107A3BFC-73C7-0C13-3158-7F9D36DEE5E0}.AppStore|iPhoneSimulator.Build.0 = Release|x64
		{107A3BFC-73C7-0C13-3158-7F9D36DEE5E0}.AppStore|iPhoneSimulator.Deploy.0 = Release|x64
		{107A3BFC-73C7-0C13-3158-7F9D36DEE5E0}.AppStore|x64.ActiveCfg = Release|x64
		{107A3BFC-73C7-0C13-3158-7F9D36DEE5E0}.AppStore|x64.Build.0 = Release|x64
		{107A3BFC-73C7-0C13-3158-7F9D36DEE5E0}.AppStore|x64.Deploy.0 = Release|x64
		{107A3BFC-73C7-0C13-3158-7F9D36DEE5E0}.AppStore|x86.ActiveCfg = Release|x86
		{107A3BFC-73C7-0C13-3158-7F9D36DEE5E0}.AppStore|x86.Build.0 = Release|x86
		{107A3BFC-73C7-0C13-3158-7F9D36DEE5E0}.AppStore|x86.Deploy.0 = Release|x86
		{107A3BFC-73C7-0C13-3158-7F9D36DEE5E0}.Debug|Any CPU.ActiveCfg = Debug|x86
		{107A3BFC-73C7-0C13-3158-7F9D36DEE5E0}.Debug|ARM.ActiveCfg = Debug|ARM
		{107A3BFC-73C7-0C13-3158-7F9D36DEE5E0}.Debug|ARM.Build.0 = Debug|ARM
		{107A3BFC-73C7-0C13-3158-7F9D36DEE5E0}.Debug|ARM.Deploy.0 = Debug|ARM
		{107A3BFC-73C7-0C13-3158-7F9D36DEE5E0}.Debug|iPhone.ActiveCfg = Debug|x86
		{107A3BFC-73C7-0C13-3158-7F9D36DEE5E0}.Debug|iPhoneSimulator.ActiveCfg = Debug|x86
		{107A3BFC-73C7-0C13-3158-7F9D36DEE5E0}.Debug|x64.ActiveCfg = Debug|x64
		{107A3BFC-73C7-0C13-3158-7F9D36DEE5E0}.Debug|x64.Build.0 = Debug|x64
		{107A3BFC-73C7-0C13-3158-7F9D36DEE5E0}.Debug|x64.Deploy.0 = Debug|x64
		{107A3BFC-73C7-0C13-3158-7F9D36DEE5E0}.Debug|x86.ActiveCfg = Debug|x86
		{107A3BFC-73C7-0C13-3158-7F9D36DEE5E0}.Debug|x86.Build.0 = Debug|x86
		{107A3BFC-73C7-0C13-3158-7F9D36DEE5E0}.Debug|x86.Deploy.0 = Debug|x86
		{107A3BFC-73C7-0C13-3158-7F9D36DEE5E0}.Release|Any CPU.ActiveCfg = Release|x86
		{107A3BFC-73C7-0C13-3158-7F9D36DEE5E0}.Release|ARM.ActiveCfg = Release|ARM
		{107A3BFC-73C7-0C13-3158-7F9D36DEE5E0}.Release|ARM.Build.0 = Release|ARM
		{107A3BFC-73C7-0C13-3158-7F9D36DEE5E0}.Release|ARM.Deploy.0 = Release|ARM
		{107A3BFC-73C7-0C13-3158-7F9D36DEE5E0}.Release|iPhone.ActiveCfg = Release|x86
		{107A3BFC-73C7-0C13-3158-7F9D36DEE5E0}.Release|iPhoneSimulator.ActiveCfg = Release|x86
		{107A3BFC-73C7-0C13-3158-7F9D36DEE5E0}.Release|x64.ActiveCfg = Release|x64
		{107A3BFC-73C7-0C13-3158-7F9D36DEE5E0}.Release|x64.Build.0 = Release|x64
		{107A3BFC-73C7-0C13-3158-7F9D36DEE5E0}.Release|x64.Deploy.0 = Release|x64
		{107A3BFC-73C7-0C13-3158-7F9D36DEE5E0}.Release|x86.ActiveCfg = Release|x86
		{107A3BFC-73C7-0C13-3158-7F9D36DEE5E0}.Release|x86.Build.0 = Release|x86
		{107A3BFC-73C7-0C13-3158-7F9D36DEE5E0}.Release|x86.Deploy.0 = Release|x86
		{E78CA6A9-DE24-465F-880F-C616CC5779A7}.Ad-Hoc|Any CPU.ActiveCfg = Release|Any CPU
		{E78CA6A9-DE24-465F-880F-C616CC5779A7}.Ad-Hoc|Any CPU.Build.0 = Release|Any CPU
		{E78CA6A9-DE24-465F-880F-C616CC5779A7}.Ad-Hoc|Any CPU.Deploy.0 = Release|Any CPU
		{E78CA6A9-DE24-465F-880F-C616CC5779A7}.Ad-Hoc|ARM.ActiveCfg = Release|Any CPU
		{E78CA6A9-DE24-465F-880F-C616CC5779A7}.Ad-Hoc|ARM.Build.0 = Release|Any CPU
		{E78CA6A9-DE24-465F-880F-C616CC5779A7}.Ad-Hoc|ARM.Deploy.0 = Release|Any CPU
		{E78CA6A9-DE24-465F-880F-C616CC5779A7}.Ad-Hoc|iPhone.ActiveCfg = Release|Any CPU
		{E78CA6A9-DE24-465F-880F-C616CC5779A7}.Ad-Hoc|iPhone.Build.0 = Release|Any CPU
		{E78CA6A9-DE24-465F-880F-C616CC5779A7}.Ad-Hoc|iPhone.Deploy.0 = Release|Any CPU
		{E78CA6A9-DE24-465F-880F-C616CC5779A7}.Ad-Hoc|iPhoneSimulator.ActiveCfg = Release|Any CPU
		{E78CA6A9-DE24-465F-880F-C616CC5779A7}.Ad-Hoc|iPhoneSimulator.Build.0 = Release|Any CPU
		{E78CA6A9-DE24-465F-880F-C616CC5779A7}.Ad-Hoc|iPhoneSimulator.Deploy.0 = Release|Any CPU
		{E78CA6A9-DE24-465F-880F-C616CC5779A7}.Ad-Hoc|x64.ActiveCfg = Release|Any CPU
		{E78CA6A9-DE24-465F-880F-C616CC5779A7}.Ad-Hoc|x64.Build.0 = Release|Any CPU
		{E78CA6A9-DE24-465F-880F-C616CC5779A7}.Ad-Hoc|x64.Deploy.0 = Release|Any CPU
		{E78CA6A9-DE24-465F-880F-C616CC5779A7}.Ad-Hoc|x86.ActiveCfg = Release|Any CPU
		{E78CA6A9-DE24-465F-880F-C616CC5779A7}.Ad-Hoc|x86.Build.0 = Release|Any CPU
		{E78CA6A9-DE24-465F-880F-C616CC5779A7}.Ad-Hoc|x86.Deploy.0 = Release|Any CPU
		{E78CA6A9-DE24-465F-880F-C616CC5779A7}.AppStore|Any CPU.ActiveCfg = Release|Any CPU
		{E78CA6A9-DE24-465F-880F-C616CC5779A7}.AppStore|Any CPU.Build.0 = Release|Any CPU
		{E78CA6A9-DE24-465F-880F-C616CC5779A7}.AppStore|Any CPU.Deploy.0 = Release|Any CPU
		{E78CA6A9-DE24-465F-880F-C616CC5779A7}.AppStore|ARM.ActiveCfg = Release|Any CPU
		{E78CA6A9-DE24-465F-880F-C616CC5779A7}.AppStore|ARM.Build.0 = Release|Any CPU
		{E78CA6A9-DE24-465F-880F-C616CC5779A7}.AppStore|ARM.Deploy.0 = Release|Any CPU
		{E78CA6A9-DE24-465F-880F-C616CC5779A7}.AppStore|iPhone.ActiveCfg = Release|Any CPU
		{E78CA6A9-DE24-465F-880F-C616CC5779A7}.AppStore|iPhone.Build.0 = Release|Any CPU
		{E78CA6A9-DE24-465F-880F-C616CC5779A7}.AppStore|iPhone.Deploy.0 = Release|Any CPU
		{E78CA6A9-DE24-465F-880F-C616CC5779A7}.AppStore|iPhoneSimulator.ActiveCfg = Release|Any CPU
		{E78CA6A9-DE24-465F-880F-C616CC5779A7}.AppStore|iPhoneSimulator.Build.0 = Release|Any CPU
		{E78CA6A9-DE24-465F-880F-C616CC5779A7}.AppStore|iPhoneSimulator.Deploy.0 = Release|Any CPU
		{E78CA6A9-DE24-465F-880F-C616CC5779A7}.AppStore|x64.ActiveCfg = Release|Any CPU
		{E78CA6A9-DE24-465F-880F-C616CC5779A7}.AppStore|x64.Build.0 = Release|Any CPU
		{E78CA6A9-DE24-465F-880F-C616CC5779A7}.AppStore|x64.Deploy.0 = Release|Any CPU
		{E78CA6A9-DE24-465F-880F-C616CC5779A7}.AppStore|x86.ActiveCfg = Release|Any CPU
		{E78CA6A9-DE24-465F-880F-C616CC5779A7}.AppStore|x86.Build.0 = Release|Any CPU
		{E78CA6A9-DE24-465F-880F-C616CC5779A7}.AppStore|x86.Deploy.0 = Release|Any CPU
		{E78CA6A9-DE24-465F-880F-C616CC5779A7}.Debug|Any CPU.ActiveCfg = Debug|Any CPU
		{E78CA6A9-DE24-465F-880F-C616CC5779A7}.Debug|Any CPU.Build.0 = Debug|Any CPU
		{E78CA6A9-DE24-465F-880F-C616CC5779A7}.Debug|Any CPU.Deploy.0 = Debug|Any CPU
		{E78CA6A9-DE24-465F-880F-C616CC5779A7}.Debug|ARM.ActiveCfg = Debug|Any CPU
		{E78CA6A9-DE24-465F-880F-C616CC5779A7}.Debug|ARM.Build.0 = Debug|Any CPU
		{E78CA6A9-DE24-465F-880F-C616CC5779A7}.Debug|ARM.Deploy.0 = Debug|Any CPU
		{E78CA6A9-DE24-465F-880F-C616CC5779A7}.Debug|iPhone.ActiveCfg = Debug|Any CPU
		{E78CA6A9-DE24-465F-880F-C616CC5779A7}.Debug|iPhone.Build.0 = Debug|Any CPU
		{E78CA6A9-DE24-465F-880F-C616CC5779A7}.Debug|iPhone.Deploy.0 = Debug|Any CPU
		{E78CA6A9-DE24-465F-880F-C616CC5779A7}.Debug|iPhoneSimulator.ActiveCfg = Debug|Any CPU
		{E78CA6A9-DE24-465F-880F-C616CC5779A7}.Debug|iPhoneSimulator.Build.0 = Debug|Any CPU
		{E78CA6A9-DE24-465F-880F-C616CC5779A7}.Debug|iPhoneSimulator.Deploy.0 = Debug|Any CPU
		{E78CA6A9-DE24-465F-880F-C616CC5779A7}.Debug|x64.ActiveCfg = Debug|Any CPU
		{E78CA6A9-DE24-465F-880F-C616CC5779A7}.Debug|x64.Build.0 = Debug|Any CPU
		{E78CA6A9-DE24-465F-880F-C616CC5779A7}.Debug|x64.Deploy.0 = Debug|Any CPU
		{E78CA6A9-DE24-465F-880F-C616CC5779A7}.Debug|x86.ActiveCfg = Debug|Any CPU
		{E78CA6A9-DE24-465F-880F-C616CC5779A7}.Debug|x86.Build.0 = Debug|Any CPU
		{E78CA6A9-DE24-465F-880F-C616CC5779A7}.Debug|x86.Deploy.0 = Debug|Any CPU
		{E78CA6A9-DE24-465F-880F-C616CC5779A7}.Release|Any CPU.ActiveCfg = Release|Any CPU
		{E78CA6A9-DE24-465F-880F-C616CC5779A7}.Release|Any CPU.Build.0 = Release|Any CPU
		{E78CA6A9-DE24-465F-880F-C616CC5779A7}.Release|Any CPU.Deploy.0 = Release|Any CPU
		{E78CA6A9-DE24-465F-880F-C616CC5779A7}.Release|ARM.ActiveCfg = Release|Any CPU
		{E78CA6A9-DE24-465F-880F-C616CC5779A7}.Release|ARM.Build.0 = Release|Any CPU
		{E78CA6A9-DE24-465F-880F-C616CC5779A7}.Release|ARM.Deploy.0 = Release|Any CPU
		{E78CA6A9-DE24-465F-880F-C616CC5779A7}.Release|iPhone.ActiveCfg = Release|Any CPU
		{E78CA6A9-DE24-465F-880F-C616CC5779A7}.Release|iPhone.Build.0 = Release|Any CPU
		{E78CA6A9-DE24-465F-880F-C616CC5779A7}.Release|iPhone.Deploy.0 = Release|Any CPU
		{E78CA6A9-DE24-465F-880F-C616CC5779A7}.Release|iPhoneSimulator.ActiveCfg = Release|Any CPU
		{E78CA6A9-DE24-465F-880F-C616CC5779A7}.Release|iPhoneSimulator.Build.0 = Release|Any CPU
		{E78CA6A9-DE24-465F-880F-C616CC5779A7}.Release|iPhoneSimulator.Deploy.0 = Release|Any CPU
		{E78CA6A9-DE24-465F-880F-C616CC5779A7}.Release|x64.ActiveCfg = Release|Any CPU
		{E78CA6A9-DE24-465F-880F-C616CC5779A7}.Release|x64.Build.0 = Release|Any CPU
		{E78CA6A9-DE24-465F-880F-C616CC5779A7}.Release|x64.Deploy.0 = Release|Any CPU
		{E78CA6A9-DE24-465F-880F-C616CC5779A7}.Release|x86.ActiveCfg = Release|Any CPU
		{E78CA6A9-DE24-465F-880F-C616CC5779A7}.Release|x86.Build.0 = Release|Any CPU
		{E78CA6A9-DE24-465F-880F-C616CC5779A7}.Release|x86.Deploy.0 = Release|Any CPU
		{89E69BEB-3542-4661-B346-CE9E9B90C095}.Ad-Hoc|Any CPU.ActiveCfg = Ad-Hoc|iPhone
		{89E69BEB-3542-4661-B346-CE9E9B90C095}.Ad-Hoc|ARM.ActiveCfg = Ad-Hoc|iPhone
		{89E69BEB-3542-4661-B346-CE9E9B90C095}.Ad-Hoc|iPhone.ActiveCfg = Ad-Hoc|iPhone
		{89E69BEB-3542-4661-B346-CE9E9B90C095}.Ad-Hoc|iPhone.Build.0 = Ad-Hoc|iPhone
		{89E69BEB-3542-4661-B346-CE9E9B90C095}.Ad-Hoc|iPhoneSimulator.ActiveCfg = Ad-Hoc|iPhoneSimulator
		{89E69BEB-3542-4661-B346-CE9E9B90C095}.Ad-Hoc|iPhoneSimulator.Build.0 = Ad-Hoc|iPhoneSimulator
		{89E69BEB-3542-4661-B346-CE9E9B90C095}.Ad-Hoc|x64.ActiveCfg = Ad-Hoc|iPhone
		{89E69BEB-3542-4661-B346-CE9E9B90C095}.Ad-Hoc|x86.ActiveCfg = Ad-Hoc|iPhone
		{89E69BEB-3542-4661-B346-CE9E9B90C095}.AppStore|Any CPU.ActiveCfg = AppStore|iPhone
		{89E69BEB-3542-4661-B346-CE9E9B90C095}.AppStore|ARM.ActiveCfg = AppStore|iPhone
		{89E69BEB-3542-4661-B346-CE9E9B90C095}.AppStore|iPhone.ActiveCfg = AppStore|iPhone
		{89E69BEB-3542-4661-B346-CE9E9B90C095}.AppStore|iPhone.Build.0 = AppStore|iPhone
		{89E69BEB-3542-4661-B346-CE9E9B90C095}.AppStore|iPhoneSimulator.ActiveCfg = AppStore|iPhoneSimulator
		{89E69BEB-3542-4661-B346-CE9E9B90C095}.AppStore|iPhoneSimulator.Build.0 = AppStore|iPhoneSimulator
		{89E69BEB-3542-4661-B346-CE9E9B90C095}.AppStore|x64.ActiveCfg = AppStore|iPhone
		{89E69BEB-3542-4661-B346-CE9E9B90C095}.AppStore|x86.ActiveCfg = AppStore|iPhone
		{89E69BEB-3542-4661-B346-CE9E9B90C095}.Debug|Any CPU.ActiveCfg = Debug|iPhone
		{89E69BEB-3542-4661-B346-CE9E9B90C095}.Debug|ARM.ActiveCfg = Debug|iPhone
		{89E69BEB-3542-4661-B346-CE9E9B90C095}.Debug|iPhone.ActiveCfg = Debug|iPhone
		{89E69BEB-3542-4661-B346-CE9E9B90C095}.Debug|iPhone.Build.0 = Debug|iPhone
		{89E69BEB-3542-4661-B346-CE9E9B90C095}.Debug|iPhoneSimulator.ActiveCfg = Debug|iPhoneSimulator
		{89E69BEB-3542-4661-B346-CE9E9B90C095}.Debug|iPhoneSimulator.Build.0 = Debug|iPhoneSimulator
		{89E69BEB-3542-4661-B346-CE9E9B90C095}.Debug|x64.ActiveCfg = Debug|iPhone
		{89E69BEB-3542-4661-B346-CE9E9B90C095}.Debug|x86.ActiveCfg = Debug|iPhone
		{89E69BEB-3542-4661-B346-CE9E9B90C095}.Release|Any CPU.ActiveCfg = Release|iPhone
		{89E69BEB-3542-4661-B346-CE9E9B90C095}.Release|ARM.ActiveCfg = Release|iPhone
		{89E69BEB-3542-4661-B346-CE9E9B90C095}.Release|iPhone.ActiveCfg = Release|iPhone
		{89E69BEB-3542-4661-B346-CE9E9B90C095}.Release|iPhone.Build.0 = Release|iPhone
		{89E69BEB-3542-4661-B346-CE9E9B90C095}.Release|iPhoneSimulator.ActiveCfg = Release|iPhoneSimulator
		{89E69BEB-3542-4661-B346-CE9E9B90C095}.Release|iPhoneSimulator.Build.0 = Release|iPhoneSimulator
		{89E69BEB-3542-4661-B346-CE9E9B90C095}.Release|x64.ActiveCfg = Release|iPhone
		{89E69BEB-3542-4661-B346-CE9E9B90C095}.Release|x86.ActiveCfg = Release|iPhone
		{01DD3A8F-5431-0DD3-18ED-970D2BBC4B8F}.Ad-Hoc|Any CPU.ActiveCfg = Debug|Any CPU
		{01DD3A8F-5431-0DD3-18ED-970D2BBC4B8F}.Ad-Hoc|Any CPU.Build.0 = Debug|Any CPU
		{01DD3A8F-5431-0DD3-18ED-970D2BBC4B8F}.Ad-Hoc|ARM.ActiveCfg = Debug|Any CPU
		{01DD3A8F-5431-0DD3-18ED-970D2BBC4B8F}.Ad-Hoc|ARM.Build.0 = Debug|Any CPU
		{01DD3A8F-5431-0DD3-18ED-970D2BBC4B8F}.Ad-Hoc|iPhone.ActiveCfg = Debug|Any CPU
		{01DD3A8F-5431-0DD3-18ED-970D2BBC4B8F}.Ad-Hoc|iPhone.Build.0 = Debug|Any CPU
		{01DD3A8F-5431-0DD3-18ED-970D2BBC4B8F}.Ad-Hoc|iPhoneSimulator.ActiveCfg = Debug|Any CPU
		{01DD3A8F-5431-0DD3-18ED-970D2BBC4B8F}.Ad-Hoc|iPhoneSimulator.Build.0 = Debug|Any CPU
		{01DD3A8F-5431-0DD3-18ED-970D2BBC4B8F}.Ad-Hoc|x64.ActiveCfg = Debug|Any CPU
		{01DD3A8F-5431-0DD3-18ED-970D2BBC4B8F}.Ad-Hoc|x64.Build.0 = Debug|Any CPU
		{01DD3A8F-5431-0DD3-18ED-970D2BBC4B8F}.Ad-Hoc|x86.ActiveCfg = Debug|Any CPU
		{01DD3A8F-5431-0DD3-18ED-970D2BBC4B8F}.Ad-Hoc|x86.Build.0 = Debug|Any CPU
		{01DD3A8F-5431-0DD3-18ED-970D2BBC4B8F}.AppStore|Any CPU.ActiveCfg = Debug|Any CPU
		{01DD3A8F-5431-0DD3-18ED-970D2BBC4B8F}.AppStore|Any CPU.Build.0 = Debug|Any CPU
		{01DD3A8F-5431-0DD3-18ED-970D2BBC4B8F}.AppStore|ARM.ActiveCfg = Debug|Any CPU
		{01DD3A8F-5431-0DD3-18ED-970D2BBC4B8F}.AppStore|ARM.Build.0 = Debug|Any CPU
		{01DD3A8F-5431-0DD3-18ED-970D2BBC4B8F}.AppStore|iPhone.ActiveCfg = Debug|Any CPU
		{01DD3A8F-5431-0DD3-18ED-970D2BBC4B8F}.AppStore|iPhone.Build.0 = Debug|Any CPU
		{01DD3A8F-5431-0DD3-18ED-970D2BBC4B8F}.AppStore|iPhoneSimulator.ActiveCfg = Debug|Any CPU
		{01DD3A8F-5431-0DD3-18ED-970D2BBC4B8F}.AppStore|iPhoneSimulator.Build.0 = Debug|Any CPU
		{01DD3A8F-5431-0DD3-18ED-970D2BBC4B8F}.AppStore|x64.ActiveCfg = Debug|Any CPU
		{01DD3A8F-5431-0DD3-18ED-970D2BBC4B8F}.AppStore|x64.Build.0 = Debug|Any CPU
		{01DD3A8F-5431-0DD3-18ED-970D2BBC4B8F}.AppStore|x86.ActiveCfg = Debug|Any CPU
		{01DD3A8F-5431-0DD3-18ED-970D2BBC4B8F}.AppStore|x86.Build.0 = Debug|Any CPU
		{01DD3A8F-5431-0DD3-18ED-970D2BBC4B8F}.Debug|Any CPU.ActiveCfg = Debug|Any CPU
		{01DD3A8F-5431-0DD3-18ED-970D2BBC4B8F}.Debug|Any CPU.Build.0 = Debug|Any CPU
		{01DD3A8F-5431-0DD3-18ED-970D2BBC4B8F}.Debug|ARM.ActiveCfg = Debug|Any CPU
		{01DD3A8F-5431-0DD3-18ED-970D2BBC4B8F}.Debug|ARM.Build.0 = Debug|Any CPU
		{01DD3A8F-5431-0DD3-18ED-970D2BBC4B8F}.Debug|iPhone.ActiveCfg = Debug|Any CPU
		{01DD3A8F-5431-0DD3-18ED-970D2BBC4B8F}.Debug|iPhone.Build.0 = Debug|Any CPU
		{01DD3A8F-5431-0DD3-18ED-970D2BBC4B8F}.Debug|iPhoneSimulator.ActiveCfg = Debug|Any CPU
		{01DD3A8F-5431-0DD3-18ED-970D2BBC4B8F}.Debug|iPhoneSimulator.Build.0 = Debug|Any CPU
		{01DD3A8F-5431-0DD3-18ED-970D2BBC4B8F}.Debug|x64.ActiveCfg = Debug|Any CPU
		{01DD3A8F-5431-0DD3-18ED-970D2BBC4B8F}.Debug|x64.Build.0 = Debug|Any CPU
		{01DD3A8F-5431-0DD3-18ED-970D2BBC4B8F}.Debug|x86.ActiveCfg = Debug|Any CPU
		{01DD3A8F-5431-0DD3-18ED-970D2BBC4B8F}.Debug|x86.Build.0 = Debug|Any CPU
		{01DD3A8F-5431-0DD3-18ED-970D2BBC4B8F}.Release|Any CPU.ActiveCfg = Release|Any CPU
		{01DD3A8F-5431-0DD3-18ED-970D2BBC4B8F}.Release|Any CPU.Build.0 = Release|Any CPU
		{01DD3A8F-5431-0DD3-18ED-970D2BBC4B8F}.Release|ARM.ActiveCfg = Release|Any CPU
		{01DD3A8F-5431-0DD3-18ED-970D2BBC4B8F}.Release|ARM.Build.0 = Release|Any CPU
		{01DD3A8F-5431-0DD3-18ED-970D2BBC4B8F}.Release|iPhone.ActiveCfg = Release|Any CPU
		{01DD3A8F-5431-0DD3-18ED-970D2BBC4B8F}.Release|iPhone.Build.0 = Release|Any CPU
		{01DD3A8F-5431-0DD3-18ED-970D2BBC4B8F}.Release|iPhoneSimulator.ActiveCfg = Release|Any CPU
		{01DD3A8F-5431-0DD3-18ED-970D2BBC4B8F}.Release|iPhoneSimulator.Build.0 = Release|Any CPU
		{01DD3A8F-5431-0DD3-18ED-970D2BBC4B8F}.Release|x64.ActiveCfg = Release|Any CPU
		{01DD3A8F-5431-0DD3-18ED-970D2BBC4B8F}.Release|x64.Build.0 = Release|Any CPU
		{01DD3A8F-5431-0DD3-18ED-970D2BBC4B8F}.Release|x86.ActiveCfg = Release|Any CPU
		{01DD3A8F-5431-0DD3-18ED-970D2BBC4B8F}.Release|x86.Build.0 = Release|Any CPU
		{EE291DE9-D869-0735-27E5-0A4E21297D37}.Ad-Hoc|Any CPU.ActiveCfg = Debug|Any CPU
		{EE291DE9-D869-0735-27E5-0A4E21297D37}.Ad-Hoc|Any CPU.Build.0 = Debug|Any CPU
		{EE291DE9-D869-0735-27E5-0A4E21297D37}.Ad-Hoc|ARM.ActiveCfg = Debug|Any CPU
		{EE291DE9-D869-0735-27E5-0A4E21297D37}.Ad-Hoc|ARM.Build.0 = Debug|Any CPU
		{EE291DE9-D869-0735-27E5-0A4E21297D37}.Ad-Hoc|iPhone.ActiveCfg = Debug|Any CPU
		{EE291DE9-D869-0735-27E5-0A4E21297D37}.Ad-Hoc|iPhone.Build.0 = Debug|Any CPU
		{EE291DE9-D869-0735-27E5-0A4E21297D37}.Ad-Hoc|iPhoneSimulator.ActiveCfg = Debug|Any CPU
		{EE291DE9-D869-0735-27E5-0A4E21297D37}.Ad-Hoc|iPhoneSimulator.Build.0 = Debug|Any CPU
		{EE291DE9-D869-0735-27E5-0A4E21297D37}.Ad-Hoc|x64.ActiveCfg = Debug|Any CPU
		{EE291DE9-D869-0735-27E5-0A4E21297D37}.Ad-Hoc|x64.Build.0 = Debug|Any CPU
		{EE291DE9-D869-0735-27E5-0A4E21297D37}.Ad-Hoc|x86.ActiveCfg = Debug|Any CPU
		{EE291DE9-D869-0735-27E5-0A4E21297D37}.Ad-Hoc|x86.Build.0 = Debug|Any CPU
		{EE291DE9-D869-0735-27E5-0A4E21297D37}.AppStore|Any CPU.ActiveCfg = Debug|Any CPU
		{EE291DE9-D869-0735-27E5-0A4E21297D37}.AppStore|Any CPU.Build.0 = Debug|Any CPU
		{EE291DE9-D869-0735-27E5-0A4E21297D37}.AppStore|ARM.ActiveCfg = Debug|Any CPU
		{EE291DE9-D869-0735-27E5-0A4E21297D37}.AppStore|ARM.Build.0 = Debug|Any CPU
		{EE291DE9-D869-0735-27E5-0A4E21297D37}.AppStore|iPhone.ActiveCfg = Debug|Any CPU
		{EE291DE9-D869-0735-27E5-0A4E21297D37}.AppStore|iPhone.Build.0 = Debug|Any CPU
		{EE291DE9-D869-0735-27E5-0A4E21297D37}.AppStore|iPhoneSimulator.ActiveCfg = Debug|Any CPU
		{EE291DE9-D869-0735-27E5-0A4E21297D37}.AppStore|iPhoneSimulator.Build.0 = Debug|Any CPU
		{EE291DE9-D869-0735-27E5-0A4E21297D37}.AppStore|x64.ActiveCfg = Debug|Any CPU
		{EE291DE9-D869-0735-27E5-0A4E21297D37}.AppStore|x64.Build.0 = Debug|Any CPU
		{EE291DE9-D869-0735-27E5-0A4E21297D37}.AppStore|x86.ActiveCfg = Debug|Any CPU
		{EE291DE9-D869-0735-27E5-0A4E21297D37}.AppStore|x86.Build.0 = Debug|Any CPU
		{EE291DE9-D869-0735-27E5-0A4E21297D37}.Debug|Any CPU.ActiveCfg = Debug|Any CPU
		{EE291DE9-D869-0735-27E5-0A4E21297D37}.Debug|Any CPU.Build.0 = Debug|Any CPU
		{EE291DE9-D869-0735-27E5-0A4E21297D37}.Debug|ARM.ActiveCfg = Debug|Any CPU
		{EE291DE9-D869-0735-27E5-0A4E21297D37}.Debug|ARM.Build.0 = Debug|Any CPU
		{EE291DE9-D869-0735-27E5-0A4E21297D37}.Debug|iPhone.ActiveCfg = Debug|Any CPU
		{EE291DE9-D869-0735-27E5-0A4E21297D37}.Debug|iPhone.Build.0 = Debug|Any CPU
		{EE291DE9-D869-0735-27E5-0A4E21297D37}.Debug|iPhoneSimulator.ActiveCfg = Debug|Any CPU
		{EE291DE9-D869-0735-27E5-0A4E21297D37}.Debug|iPhoneSimulator.Build.0 = Debug|Any CPU
		{EE291DE9-D869-0735-27E5-0A4E21297D37}.Debug|x64.ActiveCfg = Debug|Any CPU
		{EE291DE9-D869-0735-27E5-0A4E21297D37}.Debug|x64.Build.0 = Debug|Any CPU
		{EE291DE9-D869-0735-27E5-0A4E21297D37}.Debug|x86.ActiveCfg = Debug|Any CPU
		{EE291DE9-D869-0735-27E5-0A4E21297D37}.Debug|x86.Build.0 = Debug|Any CPU
		{EE291DE9-D869-0735-27E5-0A4E21297D37}.Release|Any CPU.ActiveCfg = Release|Any CPU
		{EE291DE9-D869-0735-27E5-0A4E21297D37}.Release|Any CPU.Build.0 = Release|Any CPU
		{EE291DE9-D869-0735-27E5-0A4E21297D37}.Release|ARM.ActiveCfg = Release|Any CPU
		{EE291DE9-D869-0735-27E5-0A4E21297D37}.Release|ARM.Build.0 = Release|Any CPU
		{EE291DE9-D869-0735-27E5-0A4E21297D37}.Release|iPhone.ActiveCfg = Release|Any CPU
		{EE291DE9-D869-0735-27E5-0A4E21297D37}.Release|iPhone.Build.0 = Release|Any CPU
		{EE291DE9-D869-0735-27E5-0A4E21297D37}.Release|iPhoneSimulator.ActiveCfg = Release|Any CPU
		{EE291DE9-D869-0735-27E5-0A4E21297D37}.Release|iPhoneSimulator.Build.0 = Release|Any CPU
		{EE291DE9-D869-0735-27E5-0A4E21297D37}.Release|x64.ActiveCfg = Release|Any CPU
		{EE291DE9-D869-0735-27E5-0A4E21297D37}.Release|x64.Build.0 = Release|Any CPU
		{EE291DE9-D869-0735-27E5-0A4E21297D37}.Release|x86.ActiveCfg = Release|Any CPU
		{EE291DE9-D869-0735-27E5-0A4E21297D37}.Release|x86.Build.0 = Release|Any CPU
		{43B57DFC-4A24-0B31-1B06-CAD5CFC5E135}.Ad-Hoc|Any CPU.ActiveCfg = Debug|Any CPU
		{43B57DFC-4A24-0B31-1B06-CAD5CFC5E135}.Ad-Hoc|Any CPU.Build.0 = Debug|Any CPU
		{43B57DFC-4A24-0B31-1B06-CAD5CFC5E135}.Ad-Hoc|ARM.ActiveCfg = Debug|Any CPU
		{43B57DFC-4A24-0B31-1B06-CAD5CFC5E135}.Ad-Hoc|ARM.Build.0 = Debug|Any CPU
		{43B57DFC-4A24-0B31-1B06-CAD5CFC5E135}.Ad-Hoc|iPhone.ActiveCfg = Debug|Any CPU
		{43B57DFC-4A24-0B31-1B06-CAD5CFC5E135}.Ad-Hoc|iPhone.Build.0 = Debug|Any CPU
		{43B57DFC-4A24-0B31-1B06-CAD5CFC5E135}.Ad-Hoc|iPhoneSimulator.ActiveCfg = Debug|Any CPU
		{43B57DFC-4A24-0B31-1B06-CAD5CFC5E135}.Ad-Hoc|iPhoneSimulator.Build.0 = Debug|Any CPU
		{43B57DFC-4A24-0B31-1B06-CAD5CFC5E135}.Ad-Hoc|x64.ActiveCfg = Debug|Any CPU
		{43B57DFC-4A24-0B31-1B06-CAD5CFC5E135}.Ad-Hoc|x64.Build.0 = Debug|Any CPU
		{43B57DFC-4A24-0B31-1B06-CAD5CFC5E135}.Ad-Hoc|x86.ActiveCfg = Debug|Any CPU
		{43B57DFC-4A24-0B31-1B06-CAD5CFC5E135}.Ad-Hoc|x86.Build.0 = Debug|Any CPU
		{43B57DFC-4A24-0B31-1B06-CAD5CFC5E135}.AppStore|Any CPU.ActiveCfg = Debug|Any CPU
		{43B57DFC-4A24-0B31-1B06-CAD5CFC5E135}.AppStore|Any CPU.Build.0 = Debug|Any CPU
		{43B57DFC-4A24-0B31-1B06-CAD5CFC5E135}.AppStore|ARM.ActiveCfg = Debug|Any CPU
		{43B57DFC-4A24-0B31-1B06-CAD5CFC5E135}.AppStore|ARM.Build.0 = Debug|Any CPU
		{43B57DFC-4A24-0B31-1B06-CAD5CFC5E135}.AppStore|iPhone.ActiveCfg = Debug|Any CPU
		{43B57DFC-4A24-0B31-1B06-CAD5CFC5E135}.AppStore|iPhone.Build.0 = Debug|Any CPU
		{43B57DFC-4A24-0B31-1B06-CAD5CFC5E135}.AppStore|iPhoneSimulator.ActiveCfg = Debug|Any CPU
		{43B57DFC-4A24-0B31-1B06-CAD5CFC5E135}.AppStore|iPhoneSimulator.Build.0 = Debug|Any CPU
		{43B57DFC-4A24-0B31-1B06-CAD5CFC5E135}.AppStore|x64.ActiveCfg = Debug|Any CPU
		{43B57DFC-4A24-0B31-1B06-CAD5CFC5E135}.AppStore|x64.Build.0 = Debug|Any CPU
		{43B57DFC-4A24-0B31-1B06-CAD5CFC5E135}.AppStore|x86.ActiveCfg = Debug|Any CPU
		{43B57DFC-4A24-0B31-1B06-CAD5CFC5E135}.AppStore|x86.Build.0 = Debug|Any CPU
		{43B57DFC-4A24-0B31-1B06-CAD5CFC5E135}.Debug|Any CPU.ActiveCfg = Debug|Any CPU
		{43B57DFC-4A24-0B31-1B06-CAD5CFC5E135}.Debug|Any CPU.Build.0 = Debug|Any CPU
		{43B57DFC-4A24-0B31-1B06-CAD5CFC5E135}.Debug|ARM.ActiveCfg = Debug|Any CPU
		{43B57DFC-4A24-0B31-1B06-CAD5CFC5E135}.Debug|ARM.Build.0 = Debug|Any CPU
		{43B57DFC-4A24-0B31-1B06-CAD5CFC5E135}.Debug|iPhone.ActiveCfg = Debug|Any CPU
		{43B57DFC-4A24-0B31-1B06-CAD5CFC5E135}.Debug|iPhone.Build.0 = Debug|Any CPU
		{43B57DFC-4A24-0B31-1B06-CAD5CFC5E135}.Debug|iPhoneSimulator.ActiveCfg = Debug|Any CPU
		{43B57DFC-4A24-0B31-1B06-CAD5CFC5E135}.Debug|iPhoneSimulator.Build.0 = Debug|Any CPU
		{43B57DFC-4A24-0B31-1B06-CAD5CFC5E135}.Debug|x64.ActiveCfg = Debug|Any CPU
		{43B57DFC-4A24-0B31-1B06-CAD5CFC5E135}.Debug|x64.Build.0 = Debug|Any CPU
		{43B57DFC-4A24-0B31-1B06-CAD5CFC5E135}.Debug|x86.ActiveCfg = Debug|Any CPU
		{43B57DFC-4A24-0B31-1B06-CAD5CFC5E135}.Debug|x86.Build.0 = Debug|Any CPU
		{43B57DFC-4A24-0B31-1B06-CAD5CFC5E135}.Release|Any CPU.ActiveCfg = Release|Any CPU
		{43B57DFC-4A24-0B31-1B06-CAD5CFC5E135}.Release|Any CPU.Build.0 = Release|Any CPU
		{43B57DFC-4A24-0B31-1B06-CAD5CFC5E135}.Release|ARM.ActiveCfg = Release|Any CPU
		{43B57DFC-4A24-0B31-1B06-CAD5CFC5E135}.Release|ARM.Build.0 = Release|Any CPU
		{43B57DFC-4A24-0B31-1B06-CAD5CFC5E135}.Release|iPhone.ActiveCfg = Release|Any CPU
		{43B57DFC-4A24-0B31-1B06-CAD5CFC5E135}.Release|iPhone.Build.0 = Release|Any CPU
		{43B57DFC-4A24-0B31-1B06-CAD5CFC5E135}.Release|iPhoneSimulator.ActiveCfg = Release|Any CPU
		{43B57DFC-4A24-0B31-1B06-CAD5CFC5E135}.Release|iPhoneSimulator.Build.0 = Release|Any CPU
		{43B57DFC-4A24-0B31-1B06-CAD5CFC5E135}.Release|x64.ActiveCfg = Release|Any CPU
		{43B57DFC-4A24-0B31-1B06-CAD5CFC5E135}.Release|x64.Build.0 = Release|Any CPU
		{43B57DFC-4A24-0B31-1B06-CAD5CFC5E135}.Release|x86.ActiveCfg = Release|Any CPU
		{43B57DFC-4A24-0B31-1B06-CAD5CFC5E135}.Release|x86.Build.0 = Release|Any CPU
		{5D8E0211-3D2B-099A-3B30-B9062E0DC04C}.Ad-Hoc|Any CPU.ActiveCfg = Debug|Any CPU
		{5D8E0211-3D2B-099A-3B30-B9062E0DC04C}.Ad-Hoc|Any CPU.Build.0 = Debug|Any CPU
		{5D8E0211-3D2B-099A-3B30-B9062E0DC04C}.Ad-Hoc|ARM.ActiveCfg = Debug|Any CPU
		{5D8E0211-3D2B-099A-3B30-B9062E0DC04C}.Ad-Hoc|ARM.Build.0 = Debug|Any CPU
		{5D8E0211-3D2B-099A-3B30-B9062E0DC04C}.Ad-Hoc|iPhone.ActiveCfg = Debug|Any CPU
		{5D8E0211-3D2B-099A-3B30-B9062E0DC04C}.Ad-Hoc|iPhone.Build.0 = Debug|Any CPU
		{5D8E0211-3D2B-099A-3B30-B9062E0DC04C}.Ad-Hoc|iPhoneSimulator.ActiveCfg = Debug|Any CPU
		{5D8E0211-3D2B-099A-3B30-B9062E0DC04C}.Ad-Hoc|iPhoneSimulator.Build.0 = Debug|Any CPU
		{5D8E0211-3D2B-099A-3B30-B9062E0DC04C}.Ad-Hoc|x64.ActiveCfg = Debug|Any CPU
		{5D8E0211-3D2B-099A-3B30-B9062E0DC04C}.Ad-Hoc|x64.Build.0 = Debug|Any CPU
		{5D8E0211-3D2B-099A-3B30-B9062E0DC04C}.Ad-Hoc|x86.ActiveCfg = Debug|Any CPU
		{5D8E0211-3D2B-099A-3B30-B9062E0DC04C}.Ad-Hoc|x86.Build.0 = Debug|Any CPU
		{5D8E0211-3D2B-099A-3B30-B9062E0DC04C}.AppStore|Any CPU.ActiveCfg = Debug|Any CPU
		{5D8E0211-3D2B-099A-3B30-B9062E0DC04C}.AppStore|Any CPU.Build.0 = Debug|Any CPU
		{5D8E0211-3D2B-099A-3B30-B9062E0DC04C}.AppStore|ARM.ActiveCfg = Debug|Any CPU
		{5D8E0211-3D2B-099A-3B30-B9062E0DC04C}.AppStore|ARM.Build.0 = Debug|Any CPU
		{5D8E0211-3D2B-099A-3B30-B9062E0DC04C}.AppStore|iPhone.ActiveCfg = Debug|Any CPU
		{5D8E0211-3D2B-099A-3B30-B9062E0DC04C}.AppStore|iPhone.Build.0 = Debug|Any CPU
		{5D8E0211-3D2B-099A-3B30-B9062E0DC04C}.AppStore|iPhoneSimulator.ActiveCfg = Debug|Any CPU
		{5D8E0211-3D2B-099A-3B30-B9062E0DC04C}.AppStore|iPhoneSimulator.Build.0 = Debug|Any CPU
		{5D8E0211-3D2B-099A-3B30-B9062E0DC04C}.AppStore|x64.ActiveCfg = Debug|Any CPU
		{5D8E0211-3D2B-099A-3B30-B9062E0DC04C}.AppStore|x64.Build.0 = Debug|Any CPU
		{5D8E0211-3D2B-099A-3B30-B9062E0DC04C}.AppStore|x86.ActiveCfg = Debug|Any CPU
		{5D8E0211-3D2B-099A-3B30-B9062E0DC04C}.AppStore|x86.Build.0 = Debug|Any CPU
		{5D8E0211-3D2B-099A-3B30-B9062E0DC04C}.Debug|Any CPU.ActiveCfg = Debug|Any CPU
		{5D8E0211-3D2B-099A-3B30-B9062E0DC04C}.Debug|Any CPU.Build.0 = Debug|Any CPU
		{5D8E0211-3D2B-099A-3B30-B9062E0DC04C}.Debug|ARM.ActiveCfg = Debug|Any CPU
		{5D8E0211-3D2B-099A-3B30-B9062E0DC04C}.Debug|ARM.Build.0 = Debug|Any CPU
		{5D8E0211-3D2B-099A-3B30-B9062E0DC04C}.Debug|iPhone.ActiveCfg = Debug|Any CPU
		{5D8E0211-3D2B-099A-3B30-B9062E0DC04C}.Debug|iPhone.Build.0 = Debug|Any CPU
		{5D8E0211-3D2B-099A-3B30-B9062E0DC04C}.Debug|iPhoneSimulator.ActiveCfg = Debug|Any CPU
		{5D8E0211-3D2B-099A-3B30-B9062E0DC04C}.Debug|iPhoneSimulator.Build.0 = Debug|Any CPU
		{5D8E0211-3D2B-099A-3B30-B9062E0DC04C}.Debug|x64.ActiveCfg = Debug|Any CPU
		{5D8E0211-3D2B-099A-3B30-B9062E0DC04C}.Debug|x64.Build.0 = Debug|Any CPU
		{5D8E0211-3D2B-099A-3B30-B9062E0DC04C}.Debug|x86.ActiveCfg = Debug|Any CPU
		{5D8E0211-3D2B-099A-3B30-B9062E0DC04C}.Debug|x86.Build.0 = Debug|Any CPU
		{5D8E0211-3D2B-099A-3B30-B9062E0DC04C}.Release|Any CPU.ActiveCfg = Release|Any CPU
		{5D8E0211-3D2B-099A-3B30-B9062E0DC04C}.Release|Any CPU.Build.0 = Release|Any CPU
		{5D8E0211-3D2B-099A-3B30-B9062E0DC04C}.Release|ARM.ActiveCfg = Release|Any CPU
		{5D8E0211-3D2B-099A-3B30-B9062E0DC04C}.Release|ARM.Build.0 = Release|Any CPU
		{5D8E0211-3D2B-099A-3B30-B9062E0DC04C}.Release|iPhone.ActiveCfg = Release|Any CPU
		{5D8E0211-3D2B-099A-3B30-B9062E0DC04C}.Release|iPhone.Build.0 = Release|Any CPU
		{5D8E0211-3D2B-099A-3B30-B9062E0DC04C}.Release|iPhoneSimulator.ActiveCfg = Release|Any CPU
		{5D8E0211-3D2B-099A-3B30-B9062E0DC04C}.Release|iPhoneSimulator.Build.0 = Release|Any CPU
		{5D8E0211-3D2B-099A-3B30-B9062E0DC04C}.Release|x64.ActiveCfg = Release|Any CPU
		{5D8E0211-3D2B-099A-3B30-B9062E0DC04C}.Release|x64.Build.0 = Release|Any CPU
		{5D8E0211-3D2B-099A-3B30-B9062E0DC04C}.Release|x86.ActiveCfg = Release|Any CPU
		{5D8E0211-3D2B-099A-3B30-B9062E0DC04C}.Release|x86.Build.0 = Release|Any CPU
		{026BC8AD-2430-0AA0-1674-89E03CE5E905}.Ad-Hoc|Any CPU.ActiveCfg = Debug|Any CPU
		{026BC8AD-2430-0AA0-1674-89E03CE5E905}.Ad-Hoc|Any CPU.Build.0 = Debug|Any CPU
		{026BC8AD-2430-0AA0-1674-89E03CE5E905}.Ad-Hoc|ARM.ActiveCfg = Debug|Any CPU
		{026BC8AD-2430-0AA0-1674-89E03CE5E905}.Ad-Hoc|ARM.Build.0 = Debug|Any CPU
		{026BC8AD-2430-0AA0-1674-89E03CE5E905}.Ad-Hoc|iPhone.ActiveCfg = Debug|Any CPU
		{026BC8AD-2430-0AA0-1674-89E03CE5E905}.Ad-Hoc|iPhone.Build.0 = Debug|Any CPU
		{026BC8AD-2430-0AA0-1674-89E03CE5E905}.Ad-Hoc|iPhoneSimulator.ActiveCfg = Debug|Any CPU
		{026BC8AD-2430-0AA0-1674-89E03CE5E905}.Ad-Hoc|iPhoneSimulator.Build.0 = Debug|Any CPU
		{026BC8AD-2430-0AA0-1674-89E03CE5E905}.Ad-Hoc|x64.ActiveCfg = Debug|Any CPU
		{026BC8AD-2430-0AA0-1674-89E03CE5E905}.Ad-Hoc|x64.Build.0 = Debug|Any CPU
		{026BC8AD-2430-0AA0-1674-89E03CE5E905}.Ad-Hoc|x86.ActiveCfg = Debug|Any CPU
		{026BC8AD-2430-0AA0-1674-89E03CE5E905}.Ad-Hoc|x86.Build.0 = Debug|Any CPU
		{026BC8AD-2430-0AA0-1674-89E03CE5E905}.AppStore|Any CPU.ActiveCfg = Debug|Any CPU
		{026BC8AD-2430-0AA0-1674-89E03CE5E905}.AppStore|Any CPU.Build.0 = Debug|Any CPU
		{026BC8AD-2430-0AA0-1674-89E03CE5E905}.AppStore|ARM.ActiveCfg = Debug|Any CPU
		{026BC8AD-2430-0AA0-1674-89E03CE5E905}.AppStore|ARM.Build.0 = Debug|Any CPU
		{026BC8AD-2430-0AA0-1674-89E03CE5E905}.AppStore|iPhone.ActiveCfg = Debug|Any CPU
		{026BC8AD-2430-0AA0-1674-89E03CE5E905}.AppStore|iPhone.Build.0 = Debug|Any CPU
		{026BC8AD-2430-0AA0-1674-89E03CE5E905}.AppStore|iPhoneSimulator.ActiveCfg = Debug|Any CPU
		{026BC8AD-2430-0AA0-1674-89E03CE5E905}.AppStore|iPhoneSimulator.Build.0 = Debug|Any CPU
		{026BC8AD-2430-0AA0-1674-89E03CE5E905}.AppStore|x64.ActiveCfg = Debug|Any CPU
		{026BC8AD-2430-0AA0-1674-89E03CE5E905}.AppStore|x64.Build.0 = Debug|Any CPU
		{026BC8AD-2430-0AA0-1674-89E03CE5E905}.AppStore|x86.ActiveCfg = Debug|Any CPU
		{026BC8AD-2430-0AA0-1674-89E03CE5E905}.AppStore|x86.Build.0 = Debug|Any CPU
		{026BC8AD-2430-0AA0-1674-89E03CE5E905}.Debug|Any CPU.ActiveCfg = Debug|Any CPU
		{026BC8AD-2430-0AA0-1674-89E03CE5E905}.Debug|Any CPU.Build.0 = Debug|Any CPU
		{026BC8AD-2430-0AA0-1674-89E03CE5E905}.Debug|ARM.ActiveCfg = Debug|Any CPU
		{026BC8AD-2430-0AA0-1674-89E03CE5E905}.Debug|ARM.Build.0 = Debug|Any CPU
		{026BC8AD-2430-0AA0-1674-89E03CE5E905}.Debug|iPhone.ActiveCfg = Debug|Any CPU
		{026BC8AD-2430-0AA0-1674-89E03CE5E905}.Debug|iPhone.Build.0 = Debug|Any CPU
		{026BC8AD-2430-0AA0-1674-89E03CE5E905}.Debug|iPhoneSimulator.ActiveCfg = Debug|Any CPU
		{026BC8AD-2430-0AA0-1674-89E03CE5E905}.Debug|iPhoneSimulator.Build.0 = Debug|Any CPU
		{026BC8AD-2430-0AA0-1674-89E03CE5E905}.Debug|x64.ActiveCfg = Debug|Any CPU
		{026BC8AD-2430-0AA0-1674-89E03CE5E905}.Debug|x64.Build.0 = Debug|Any CPU
		{026BC8AD-2430-0AA0-1674-89E03CE5E905}.Debug|x86.ActiveCfg = Debug|Any CPU
		{026BC8AD-2430-0AA0-1674-89E03CE5E905}.Debug|x86.Build.0 = Debug|Any CPU
		{026BC8AD-2430-0AA0-1674-89E03CE5E905}.Release|Any CPU.ActiveCfg = Release|Any CPU
		{026BC8AD-2430-0AA0-1674-89E03CE5E905}.Release|Any CPU.Build.0 = Release|Any CPU
		{026BC8AD-2430-0AA0-1674-89E03CE5E905}.Release|ARM.ActiveCfg = Release|Any CPU
		{026BC8AD-2430-0AA0-1674-89E03CE5E905}.Release|ARM.Build.0 = Release|Any CPU
		{026BC8AD-2430-0AA0-1674-89E03CE5E905}.Release|iPhone.ActiveCfg = Release|Any CPU
		{026BC8AD-2430-0AA0-1674-89E03CE5E905}.Release|iPhone.Build.0 = Release|Any CPU
		{026BC8AD-2430-0AA0-1674-89E03CE5E905}.Release|iPhoneSimulator.ActiveCfg = Release|Any CPU
		{026BC8AD-2430-0AA0-1674-89E03CE5E905}.Release|iPhoneSimulator.Build.0 = Release|Any CPU
		{026BC8AD-2430-0AA0-1674-89E03CE5E905}.Release|x64.ActiveCfg = Release|Any CPU
		{026BC8AD-2430-0AA0-1674-89E03CE5E905}.Release|x64.Build.0 = Release|Any CPU
		{026BC8AD-2430-0AA0-1674-89E03CE5E905}.Release|x86.ActiveCfg = Release|Any CPU
		{026BC8AD-2430-0AA0-1674-89E03CE5E905}.Release|x86.Build.0 = Release|Any CPU
		{B19FF597-66C2-0BFC-19FC-74E450CEB5CD}.Ad-Hoc|Any CPU.ActiveCfg = Debug|Any CPU
		{B19FF597-66C2-0BFC-19FC-74E450CEB5CD}.Ad-Hoc|Any CPU.Build.0 = Debug|Any CPU
		{B19FF597-66C2-0BFC-19FC-74E450CEB5CD}.Ad-Hoc|ARM.ActiveCfg = Debug|Any CPU
		{B19FF597-66C2-0BFC-19FC-74E450CEB5CD}.Ad-Hoc|ARM.Build.0 = Debug|Any CPU
		{B19FF597-66C2-0BFC-19FC-74E450CEB5CD}.Ad-Hoc|iPhone.ActiveCfg = Debug|Any CPU
		{B19FF597-66C2-0BFC-19FC-74E450CEB5CD}.Ad-Hoc|iPhone.Build.0 = Debug|Any CPU
		{B19FF597-66C2-0BFC-19FC-74E450CEB5CD}.Ad-Hoc|iPhoneSimulator.ActiveCfg = Debug|Any CPU
		{B19FF597-66C2-0BFC-19FC-74E450CEB5CD}.Ad-Hoc|iPhoneSimulator.Build.0 = Debug|Any CPU
		{B19FF597-66C2-0BFC-19FC-74E450CEB5CD}.Ad-Hoc|x64.ActiveCfg = Debug|Any CPU
		{B19FF597-66C2-0BFC-19FC-74E450CEB5CD}.Ad-Hoc|x64.Build.0 = Debug|Any CPU
		{B19FF597-66C2-0BFC-19FC-74E450CEB5CD}.Ad-Hoc|x86.ActiveCfg = Debug|Any CPU
		{B19FF597-66C2-0BFC-19FC-74E450CEB5CD}.Ad-Hoc|x86.Build.0 = Debug|Any CPU
		{B19FF597-66C2-0BFC-19FC-74E450CEB5CD}.AppStore|Any CPU.ActiveCfg = Debug|Any CPU
		{B19FF597-66C2-0BFC-19FC-74E450CEB5CD}.AppStore|Any CPU.Build.0 = Debug|Any CPU
		{B19FF597-66C2-0BFC-19FC-74E450CEB5CD}.AppStore|ARM.ActiveCfg = Debug|Any CPU
		{B19FF597-66C2-0BFC-19FC-74E450CEB5CD}.AppStore|ARM.Build.0 = Debug|Any CPU
		{B19FF597-66C2-0BFC-19FC-74E450CEB5CD}.AppStore|iPhone.ActiveCfg = Debug|Any CPU
		{B19FF597-66C2-0BFC-19FC-74E450CEB5CD}.AppStore|iPhone.Build.0 = Debug|Any CPU
		{B19FF597-66C2-0BFC-19FC-74E450CEB5CD}.AppStore|iPhoneSimulator.ActiveCfg = Debug|Any CPU
		{B19FF597-66C2-0BFC-19FC-74E450CEB5CD}.AppStore|iPhoneSimulator.Build.0 = Debug|Any CPU
		{B19FF597-66C2-0BFC-19FC-74E450CEB5CD}.AppStore|x64.ActiveCfg = Debug|Any CPU
		{B19FF597-66C2-0BFC-19FC-74E450CEB5CD}.AppStore|x64.Build.0 = Debug|Any CPU
		{B19FF597-66C2-0BFC-19FC-74E450CEB5CD}.AppStore|x86.ActiveCfg = Debug|Any CPU
		{B19FF597-66C2-0BFC-19FC-74E450CEB5CD}.AppStore|x86.Build.0 = Debug|Any CPU
		{B19FF597-66C2-0BFC-19FC-74E450CEB5CD}.Debug|Any CPU.ActiveCfg = Debug|Any CPU
		{B19FF597-66C2-0BFC-19FC-74E450CEB5CD}.Debug|Any CPU.Build.0 = Debug|Any CPU
		{B19FF597-66C2-0BFC-19FC-74E450CEB5CD}.Debug|ARM.ActiveCfg = Debug|Any CPU
		{B19FF597-66C2-0BFC-19FC-74E450CEB5CD}.Debug|ARM.Build.0 = Debug|Any CPU
		{B19FF597-66C2-0BFC-19FC-74E450CEB5CD}.Debug|iPhone.ActiveCfg = Debug|Any CPU
		{B19FF597-66C2-0BFC-19FC-74E450CEB5CD}.Debug|iPhone.Build.0 = Debug|Any CPU
		{B19FF597-66C2-0BFC-19FC-74E450CEB5CD}.Debug|iPhoneSimulator.ActiveCfg = Debug|Any CPU
		{B19FF597-66C2-0BFC-19FC-74E450CEB5CD}.Debug|iPhoneSimulator.Build.0 = Debug|Any CPU
		{B19FF597-66C2-0BFC-19FC-74E450CEB5CD}.Debug|x64.ActiveCfg = Debug|Any CPU
		{B19FF597-66C2-0BFC-19FC-74E450CEB5CD}.Debug|x64.Build.0 = Debug|Any CPU
		{B19FF597-66C2-0BFC-19FC-74E450CEB5CD}.Debug|x86.ActiveCfg = Debug|Any CPU
		{B19FF597-66C2-0BFC-19FC-74E450CEB5CD}.Debug|x86.Build.0 = Debug|Any CPU
		{B19FF597-66C2-0BFC-19FC-74E450CEB5CD}.Release|Any CPU.ActiveCfg = Release|Any CPU
		{B19FF597-66C2-0BFC-19FC-74E450CEB5CD}.Release|Any CPU.Build.0 = Release|Any CPU
		{B19FF597-66C2-0BFC-19FC-74E450CEB5CD}.Release|ARM.ActiveCfg = Release|Any CPU
		{B19FF597-66C2-0BFC-19FC-74E450CEB5CD}.Release|ARM.Build.0 = Release|Any CPU
		{B19FF597-66C2-0BFC-19FC-74E450CEB5CD}.Release|iPhone.ActiveCfg = Release|Any CPU
		{B19FF597-66C2-0BFC-19FC-74E450CEB5CD}.Release|iPhone.Build.0 = Release|Any CPU
		{B19FF597-66C2-0BFC-19FC-74E450CEB5CD}.Release|iPhoneSimulator.ActiveCfg = Release|Any CPU
		{B19FF597-66C2-0BFC-19FC-74E450CEB5CD}.Release|iPhoneSimulator.Build.0 = Release|Any CPU
		{B19FF597-66C2-0BFC-19FC-74E450CEB5CD}.Release|x64.ActiveCfg = Release|Any CPU
		{B19FF597-66C2-0BFC-19FC-74E450CEB5CD}.Release|x64.Build.0 = Release|Any CPU
		{B19FF597-66C2-0BFC-19FC-74E450CEB5CD}.Release|x86.ActiveCfg = Release|Any CPU
		{B19FF597-66C2-0BFC-19FC-74E450CEB5CD}.Release|x86.Build.0 = Release|Any CPU
	EndGlobalSection
	GlobalSection(SolutionProperties) = preSolution
		HideSolutionNode = FALSE
	EndGlobalSection
	GlobalSection(NestedProjects) = preSolution
		{16B96B89-738C-03FF-2D4E-43C7AFE93B2A} = {547A2212-9195-40DD-9261-E722634A1299}
		{689CDAC9-4AFB-02CA-0F6C-F833F10AA18C} = {547A2212-9195-40DD-9261-E722634A1299}
		{D55A7ABF-D93D-02AC-227A-08D632EFEFC4} = {A2E19440-A0EE-429F-BACC-2CD88B722889}
		{12F7CE34-4C92-0F2C-3959-D759065512B0} = {A2E19440-A0EE-429F-BACC-2CD88B722889}
		{51F204CC-DFB8-0469-0470-01B25BD5A42D} = {1982F50A-7047-4605-98A4-0AD57A67C5BF}
		{107A3BFC-73C7-0C13-3158-7F9D36DEE5E0} = {547A2212-9195-40DD-9261-E722634A1299}
		{E78CA6A9-DE24-465F-880F-C616CC5779A7} = {547A2212-9195-40DD-9261-E722634A1299}
		{89E69BEB-3542-4661-B346-CE9E9B90C095} = {547A2212-9195-40DD-9261-E722634A1299}
		{01DD3A8F-5431-0DD3-18ED-970D2BBC4B8F} = {547A2212-9195-40DD-9261-E722634A1299}
		{EE291DE9-D869-0735-27E5-0A4E21297D37} = {8D097836-73FE-425C-8D9D-A02B446DF9FE}
		{43B57DFC-4A24-0B31-1B06-CAD5CFC5E135} = {547A2212-9195-40DD-9261-E722634A1299}
		{5D8E0211-3D2B-099A-3B30-B9062E0DC04C} = {547A2212-9195-40DD-9261-E722634A1299}
		{026BC8AD-2430-0AA0-1674-89E03CE5E905} = {547A2212-9195-40DD-9261-E722634A1299}
		{B19FF597-66C2-0BFC-19FC-74E450CEB5CD} = {A2E19440-A0EE-429F-BACC-2CD88B722889}
	EndGlobalSection
	GlobalSection(ExtensibilityGlobals) = postSolution
		SolutionGuid = {4FB27E44-8244-484F-A9DE-DFC02F1FB824}
	EndGlobalSection
EndGlobal
