Microsoft Visual Studio Solution File, Format Version 12.00
# Visual Studio 15
VisualStudioVersion = 15.0.26730.12
MinimumVisualStudioVersion = 10.0.40219.1
Project("{F184B08F-C81C-45F6-A57F-5ABD9991F28F}") = "1.01 AuthzFactoryMethods", "AuthzFactoryMethods\1.01 AuthzFactoryMethods.vbproj", "{DDE94F7A-D3A5-001E-12D1-86F83130AB0A}"
EndProject
Project("{2150E333-8FDC-42A3-9474-1A3956D46DE8}") = "1. Authz", "1. Authz", "{BB161AA7-3561-4C2F-93AF-E8AC0849B2B6}"
EndProject
Project("{2150E333-8FDC-42A3-9474-1A3956D46DE8}") = "2. Property BusinessRules", "2. Property BusinessRules", "{E279D9A8-0FAA-4AA4-B33C-E6C392F0C596}"
EndProject
Project("{2150E333-8FDC-42A3-9474-1A3956D46DE8}") = "_Decription", "_Decription", "{BCA62CC6-2B83-4EDF-8C20-0D2582AEB747}"
	ProjectSection(SolutionItems) = preProject
		Settings.StyleCop = Settings.StyleCop
	EndProjectSection
EndProject
Project("{F184B08F-C81C-45F6-A57F-5ABD9991F28F}") = "1.03 AuthzReadWriteProperty", "AuthzReadWriteProperty\1.03 AuthzReadWriteProperty.vbproj", "{F4DF506E-B88C-07E1-34BD-EA672BA07E34}"
EndProject
Project("{F184B08F-C81C-45F6-A57F-5ABD9991F28F}") = "1.02 AuthzMethod", "AuthzMethod\1.02 AuthzMethod.vbproj", "{01D5026A-AB94-0717-0943-0D096D2D83EA}"
EndProject
Project("{F184B08F-C81C-45F6-A57F-5ABD9991F28F}") = "2.01 BuiltinPropertyRules", "BuiltinPropertyRules\2.01 BuiltinPropertyRules.vbproj", "{209AB1A4-593C-037D-3A00-807FA0275D78}"
EndProject
Project("{F184B08F-C81C-45F6-A57F-5ABD9991F28F}") = "2.08 LookupRule", "LookupRule\2.08 LookupRule.vbproj", "{A4FE77E9-E830-06ED-2BD1-744F79CC9127}"
EndProject
Project("{F184B08F-C81C-45F6-A57F-5ABD9991F28F}") = "2.09 AsyncLookupRule", "AsyncLookupRule\2.09 AsyncLookupRule.vbproj", "{8A5E8AB3-69F1-0617-2A6D-167FC97301E4}"
EndProject
Project("{F184B08F-C81C-45F6-A57F-5ABD9991F28F}") = "2.07 CompareFieldsRules", "CompareFieldsRules\2.07 CompareFieldsRules.vbproj", "{BC51AC21-2B5D-08DE-0395-5B3C2CC8806C}"
EndProject
Project("{F184B08F-C81C-45F6-A57F-5ABD9991F28F}") = "2.05 GatewayRules - ChainedContext", "GatewayRules\2.05 GatewayRules - ChainedContext.vbproj", "{DDCD4FB1-5847-04C7-2C33-8D89172A5422}"
EndProject
Project("{F184B08F-C81C-45F6-A57F-5ABD9991F28F}") = "2.06 TransformationRules", "TransformationRules\2.06 TransformationRules.vbproj", "{C66B8CC2-2CDE-0A6B-08A6-54622D4B4517}"
EndProject
Project("{F184B08F-C81C-45F6-A57F-5ABD9991F28F}") = "2.02 DataAnnotationRules", "DataAnnotationRules\2.02 DataAnnotationRules.vbproj", "{49E5547F-2384-0B35-3FBC-5C583A382309}"
EndProject
Project("{F184B08F-C81C-45F6-A57F-5ABD9991F28F}") = "2.03 CustomMessage", "CustomMessage\2.03 CustomMessage.vbproj", "{CE387CCA-03B0-04C4-0522-C11678AD5911}"
EndProject
Project("{F184B08F-C81C-45F6-A57F-5ABD9991F28F}") = "2.04 CustomMessage - Localizable", "CustomMessage - Localizable\2.04 CustomMessage - Localizable.vbproj", "{92A3C81A-5B82-0998-3810-0E2C40BB671A}"
EndProject
Project("{F184B08F-C81C-45F6-A57F-5ABD9991F28F}") = "2.10 ShortCircuitingRules", "ShortCircuitingRules\2.10 ShortCircuitingRules.vbproj", "{DBB75A62-1888-07E4-1CE7-29D8C0869B36}"
EndProject
Project("{F184B08F-C81C-45F6-A57F-5ABD9991F28F}") = "3.01 ObjectRules", "ObjectRules\3.01 ObjectRules.vbproj", "{66CDA85A-8A4B-0814-2A62-EDC3AD9F0BB8}"
EndProject
Project("{2150E333-8FDC-42A3-9474-1A3956D46DE8}") = "3. Object Business Rules", "3. Object Business Rules", "{5BD93CC7-EBE5-4E7B-B98A-806909F81D6F}"
EndProject
Project("{F184B08F-C81C-45F6-A57F-5ABD9991F28F}") = "1.04 CustomAuthzRules", "CustomAuthzRules\1.04 CustomAuthzRules.vbproj", "{467D4802-5EC9-0163-1F37-F33297D3831F}"
EndProject
Project("{F184B08F-C81C-45F6-A57F-5ABD9991F28F}") = "2.11 LambdaRule Extension", "LambdaRule Extension\2.11 LambdaRule Extension.vbproj", "{B588425C-E627-0234-2454-BDC0B4E6CA32}"
EndProject
Project("{F184B08F-C81C-45F6-A57F-5ABD9991F28F}") = "2.12 RuleSubclass", "RuleSubclass\2.12 RuleSubclass.vbproj", "{7E9E46B9-A321-0BC0-27CF-85E658011BE8}"
EndProject
Project("{F184B08F-C81C-45F6-A57F-5ABD9991F28F}") = "2.13 AddonPropertyRules", "AddonPropertyRules\2.13 AddonPropertyRules.vbproj", "{4EE56023-D090-0985-0FCD-D0A4783B240C}"
EndProject
Project("{2150E333-8FDC-42A3-9474-1A3956D46DE8}") = "4. Unit Tests", "4. Unit Tests", "{114E88A2-B458-49C7-95AC-FD4953CE6A04}"
EndProject
Project("{F184B08F-C81C-45F6-A57F-5ABD9991F28F}") = "RuleTutorial.Testing.Common", "RuleTutorial.Testing.Common\RuleTutorial.Testing.Common.vbproj", "{37959B01-95DE-0947-3852-2D2DE3B7AF27}"
EndProject
Project("{F184B08F-C81C-45F6-A57F-5ABD9991F28F}") = "4.2 LookupRule.Test", "LookupRule.Test\4.2 LookupRule.Test.vbproj", "{E0FB3079-0E63-0C68-1FFF-869CCF74E17E}"
EndProject
Project("{2150E333-8FDC-42A3-9474-1A3956D46DE8}") = "Solution Items", "Solution Items", "{0FDAA019-DE44-48CD-9614-2A36E45EFCA3}"
	ProjectSection(SolutionItems) = preProject
		Local.testsettings = Local.testsettings
		RuleTutorial.rtf = RuleTutorial.rtf
		RuleTutorial.vsmdi = RuleTutorial.vsmdi
		TraceAndTestImpact.testsettings = TraceAndTestImpact.testsettings
	EndProjectSection
EndProject
Project("{F184B08F-C81C-45F6-A57F-5ABD9991F28F}") = "4.3 AsyncLookupRule.Test", "AsyncLookupRule.Test\4.3 AsyncLookupRule.Test.vbproj", "{77248E5F-A257-01DB-17EC-340FAEE90E6D}"
EndProject
Project("{F184B08F-C81C-45F6-A57F-5ABD9991F28F}") = "4.1 CustomAuthzRules.Test", "CustomAuthzRules.Test\4.1 CustomAuthzRules.Test.vbproj", "{886812A1-63BC-0D54-0D5C-400117B52757}"
EndProject
Project("{F184B08F-C81C-45F6-A57F-5ABD9991F28F}") = "2.14 RuleBaseClasses", "RuleBaseClasses\2.14 RuleBaseClasses.vbproj", "{E340EE1F-B5DA-0A95-0289-672CC77263C4}"
EndProject
Project("{F184B08F-C81C-45F6-A57F-5ABD9991F28F}") = "4.4 TransformationRules.Test", "TransformationRules.Test\4.4 TransformationRules.Test.vbproj", "{CFDCCBEF-A9D6-077A-3DF8-A17C1B0876D3}"
EndProject
Project("{F184B08F-C81C-45F6-A57F-5ABD9991F28F}") = "4.5 IntegrationRules.Test", "IntegrationRules.Test\4.5 IntegrationRules.Test.vbproj", "{45BD9819-7B71-072D-33F2-70D3D7ED5519}"
EndProject
Project("{2150E333-8FDC-42A3-9474-1A3956D46DE8}") = "- How to run", "- How to run", "{54672EAA-4A78-4C1A-B3E2-EA31EDBFB6E6}"
	ProjectSection(SolutionItems) = preProject
		How to run.txt = How to run.txt
	EndProjectSection
EndProject
Global
	GlobalSection(SolutionConfigurationPlatforms) = preSolution
		Debug|Any CPU = Debug|Any CPU
		Debug|Mixed Platforms = Debug|Mixed Platforms
		Debug|x86 = Debug|x86
		MONO|Any CPU = MONO|Any CPU
		MONO|Mixed Platforms = MONO|Mixed Platforms
		MONO|x86 = MONO|x86
		Release|Any CPU = Release|Any CPU
		Release|Mixed Platforms = Release|Mixed Platforms
		Release|x86 = Release|x86
	EndGlobalSection
	GlobalSection(ProjectConfigurationPlatforms) = postSolution
		{DDE94F7A-D3A5-001E-12D1-86F83130AB0A}.Debug|Any CPU.ActiveCfg = Debug|Any CPU
		{DDE94F7A-D3A5-001E-12D1-86F83130AB0A}.Debug|Any CPU.Build.0 = Debug|Any CPU
		{DDE94F7A-D3A5-001E-12D1-86F83130AB0A}.Debug|Mixed Platforms.ActiveCfg = Debug|Any CPU
		{DDE94F7A-D3A5-001E-12D1-86F83130AB0A}.Debug|Mixed Platforms.Build.0 = Debug|Any CPU
		{DDE94F7A-D3A5-001E-12D1-86F83130AB0A}.Debug|x86.ActiveCfg = Debug|x86
		{DDE94F7A-D3A5-001E-12D1-86F83130AB0A}.Debug|x86.Build.0 = Debug|x86
		{DDE94F7A-D3A5-001E-12D1-86F83130AB0A}.MONO|Any CPU.ActiveCfg = Release|Any CPU
		{DDE94F7A-D3A5-001E-12D1-86F83130AB0A}.MONO|Any CPU.Build.0 = Release|Any CPU
		{DDE94F7A-D3A5-001E-12D1-86F83130AB0A}.MONO|Mixed Platforms.ActiveCfg = Release|Any CPU
		{DDE94F7A-D3A5-001E-12D1-86F83130AB0A}.MONO|Mixed Platforms.Build.0 = Release|Any CPU
		{DDE94F7A-D3A5-001E-12D1-86F83130AB0A}.MONO|x86.ActiveCfg = Release|x86
		{DDE94F7A-D3A5-001E-12D1-86F83130AB0A}.MONO|x86.Build.0 = Release|x86
		{DDE94F7A-D3A5-001E-12D1-86F83130AB0A}.Release|Any CPU.ActiveCfg = Release|Any CPU
		{DDE94F7A-D3A5-001E-12D1-86F83130AB0A}.Release|Any CPU.Build.0 = Release|Any CPU
		{DDE94F7A-D3A5-001E-12D1-86F83130AB0A}.Release|Mixed Platforms.ActiveCfg = Release|Any CPU
		{DDE94F7A-D3A5-001E-12D1-86F83130AB0A}.Release|Mixed Platforms.Build.0 = Release|Any CPU
		{DDE94F7A-D3A5-001E-12D1-86F83130AB0A}.Release|x86.ActiveCfg = Release|x86
		{DDE94F7A-D3A5-001E-12D1-86F83130AB0A}.Release|x86.Build.0 = Release|x86
		{F4DF506E-B88C-07E1-34BD-EA672BA07E34}.Debug|Any CPU.ActiveCfg = Debug|Any CPU
		{F4DF506E-B88C-07E1-34BD-EA672BA07E34}.Debug|Any CPU.Build.0 = Debug|Any CPU
		{F4DF506E-B88C-07E1-34BD-EA672BA07E34}.Debug|Mixed Platforms.ActiveCfg = Debug|x86
		{F4DF506E-B88C-07E1-34BD-EA672BA07E34}.Debug|Mixed Platforms.Build.0 = Debug|x86
		{F4DF506E-B88C-07E1-34BD-EA672BA07E34}.Debug|x86.ActiveCfg = Debug|x86
		{F4DF506E-B88C-07E1-34BD-EA672BA07E34}.Debug|x86.Build.0 = Debug|x86
		{F4DF506E-B88C-07E1-34BD-EA672BA07E34}.MONO|Any CPU.ActiveCfg = Release|Any CPU
		{F4DF506E-B88C-07E1-34BD-EA672BA07E34}.MONO|Any CPU.Build.0 = Release|Any CPU
		{F4DF506E-B88C-07E1-34BD-EA672BA07E34}.MONO|Mixed Platforms.ActiveCfg = Release|x86
		{F4DF506E-B88C-07E1-34BD-EA672BA07E34}.MONO|Mixed Platforms.Build.0 = Release|x86
		{F4DF506E-B88C-07E1-34BD-EA672BA07E34}.MONO|x86.ActiveCfg = Release|x86
		{F4DF506E-B88C-07E1-34BD-EA672BA07E34}.MONO|x86.Build.0 = Release|x86
		{F4DF506E-B88C-07E1-34BD-EA672BA07E34}.Release|Any CPU.ActiveCfg = Release|Any CPU
		{F4DF506E-B88C-07E1-34BD-EA672BA07E34}.Release|Any CPU.Build.0 = Release|Any CPU
		{F4DF506E-B88C-07E1-34BD-EA672BA07E34}.Release|Mixed Platforms.ActiveCfg = Release|x86
		{F4DF506E-B88C-07E1-34BD-EA672BA07E34}.Release|Mixed Platforms.Build.0 = Release|x86
		{F4DF506E-B88C-07E1-34BD-EA672BA07E34}.Release|x86.ActiveCfg = Release|x86
		{F4DF506E-B88C-07E1-34BD-EA672BA07E34}.Release|x86.Build.0 = Release|x86
		{01D5026A-AB94-0717-0943-0D096D2D83EA}.Debug|Any CPU.ActiveCfg = Debug|Any CPU
		{01D5026A-AB94-0717-0943-0D096D2D83EA}.Debug|Any CPU.Build.0 = Debug|Any CPU
		{01D5026A-AB94-0717-0943-0D096D2D83EA}.Debug|Mixed Platforms.ActiveCfg = Debug|x86
		{01D5026A-AB94-0717-0943-0D096D2D83EA}.Debug|Mixed Platforms.Build.0 = Debug|x86
		{01D5026A-AB94-0717-0943-0D096D2D83EA}.Debug|x86.ActiveCfg = Debug|x86
		{01D5026A-AB94-0717-0943-0D096D2D83EA}.Debug|x86.Build.0 = Debug|x86
		{01D5026A-AB94-0717-0943-0D096D2D83EA}.MONO|Any CPU.ActiveCfg = Release|Any CPU
		{01D5026A-AB94-0717-0943-0D096D2D83EA}.MONO|Any CPU.Build.0 = Release|Any CPU
		{01D5026A-AB94-0717-0943-0D096D2D83EA}.MONO|Mixed Platforms.ActiveCfg = Release|x86
		{01D5026A-AB94-0717-0943-0D096D2D83EA}.MONO|Mixed Platforms.Build.0 = Release|x86
		{01D5026A-AB94-0717-0943-0D096D2D83EA}.MONO|x86.ActiveCfg = Release|x86
		{01D5026A-AB94-0717-0943-0D096D2D83EA}.MONO|x86.Build.0 = Release|x86
		{01D5026A-AB94-0717-0943-0D096D2D83EA}.Release|Any CPU.ActiveCfg = Release|Any CPU
		{01D5026A-AB94-0717-0943-0D096D2D83EA}.Release|Any CPU.Build.0 = Release|Any CPU
		{01D5026A-AB94-0717-0943-0D096D2D83EA}.Release|Mixed Platforms.ActiveCfg = Release|x86
		{01D5026A-AB94-0717-0943-0D096D2D83EA}.Release|Mixed Platforms.Build.0 = Release|x86
		{01D5026A-AB94-0717-0943-0D096D2D83EA}.Release|x86.ActiveCfg = Release|x86
		{01D5026A-AB94-0717-0943-0D096D2D83EA}.Release|x86.Build.0 = Release|x86
		{209AB1A4-593C-037D-3A00-807FA0275D78}.Debug|Any CPU.ActiveCfg = Debug|Any CPU
		{209AB1A4-593C-037D-3A00-807FA0275D78}.Debug|Any CPU.Build.0 = Debug|Any CPU
		{209AB1A4-593C-037D-3A00-807FA0275D78}.Debug|Mixed Platforms.ActiveCfg = Debug|x86
		{209AB1A4-593C-037D-3A00-807FA0275D78}.Debug|Mixed Platforms.Build.0 = Debug|x86
		{209AB1A4-593C-037D-3A00-807FA0275D78}.Debug|x86.ActiveCfg = Debug|x86
		{209AB1A4-593C-037D-3A00-807FA0275D78}.Debug|x86.Build.0 = Debug|x86
		{209AB1A4-593C-037D-3A00-807FA0275D78}.MONO|Any CPU.ActiveCfg = Release|Any CPU
		{209AB1A4-593C-037D-3A00-807FA0275D78}.MONO|Any CPU.Build.0 = Release|Any CPU
		{209AB1A4-593C-037D-3A00-807FA0275D78}.MONO|Mixed Platforms.ActiveCfg = Release|x86
		{209AB1A4-593C-037D-3A00-807FA0275D78}.MONO|Mixed Platforms.Build.0 = Release|x86
		{209AB1A4-593C-037D-3A00-807FA0275D78}.MONO|x86.ActiveCfg = Release|x86
		{209AB1A4-593C-037D-3A00-807FA0275D78}.MONO|x86.Build.0 = Release|x86
		{209AB1A4-593C-037D-3A00-807FA0275D78}.Release|Any CPU.ActiveCfg = Release|Any CPU
		{209AB1A4-593C-037D-3A00-807FA0275D78}.Release|Any CPU.Build.0 = Release|Any CPU
		{209AB1A4-593C-037D-3A00-807FA0275D78}.Release|Mixed Platforms.ActiveCfg = Release|x86
		{209AB1A4-593C-037D-3A00-807FA0275D78}.Release|Mixed Platforms.Build.0 = Release|x86
		{209AB1A4-593C-037D-3A00-807FA0275D78}.Release|x86.ActiveCfg = Release|x86
		{209AB1A4-593C-037D-3A00-807FA0275D78}.Release|x86.Build.0 = Release|x86
		{A4FE77E9-E830-06ED-2BD1-744F79CC9127}.Debug|Any CPU.ActiveCfg = Debug|Any CPU
		{A4FE77E9-E830-06ED-2BD1-744F79CC9127}.Debug|Any CPU.Build.0 = Debug|Any CPU
		{A4FE77E9-E830-06ED-2BD1-744F79CC9127}.Debug|Mixed Platforms.ActiveCfg = Debug|x86
		{A4FE77E9-E830-06ED-2BD1-744F79CC9127}.Debug|Mixed Platforms.Build.0 = Debug|x86
		{A4FE77E9-E830-06ED-2BD1-744F79CC9127}.Debug|x86.ActiveCfg = Debug|x86
		{A4FE77E9-E830-06ED-2BD1-744F79CC9127}.Debug|x86.Build.0 = Debug|x86
		{A4FE77E9-E830-06ED-2BD1-744F79CC9127}.MONO|Any CPU.ActiveCfg = Release|Any CPU
		{A4FE77E9-E830-06ED-2BD1-744F79CC9127}.MONO|Any CPU.Build.0 = Release|Any CPU
		{A4FE77E9-E830-06ED-2BD1-744F79CC9127}.MONO|Mixed Platforms.ActiveCfg = Release|x86
		{A4FE77E9-E830-06ED-2BD1-744F79CC9127}.MONO|Mixed Platforms.Build.0 = Release|x86
		{A4FE77E9-E830-06ED-2BD1-744F79CC9127}.MONO|x86.ActiveCfg = Release|x86
		{A4FE77E9-E830-06ED-2BD1-744F79CC9127}.MONO|x86.Build.0 = Release|x86
		{A4FE77E9-E830-06ED-2BD1-744F79CC9127}.Release|Any CPU.ActiveCfg = Release|Any CPU
		{A4FE77E9-E830-06ED-2BD1-744F79CC9127}.Release|Any CPU.Build.0 = Release|Any CPU
		{A4FE77E9-E830-06ED-2BD1-744F79CC9127}.Release|Mixed Platforms.ActiveCfg = Release|x86
		{A4FE77E9-E830-06ED-2BD1-744F79CC9127}.Release|Mixed Platforms.Build.0 = Release|x86
		{A4FE77E9-E830-06ED-2BD1-744F79CC9127}.Release|x86.ActiveCfg = Release|x86
		{A4FE77E9-E830-06ED-2BD1-744F79CC9127}.Release|x86.Build.0 = Release|x86
		{8A5E8AB3-69F1-0617-2A6D-167FC97301E4}.Debug|Any CPU.ActiveCfg = Debug|Any CPU
		{8A5E8AB3-69F1-0617-2A6D-167FC97301E4}.Debug|Any CPU.Build.0 = Debug|Any CPU
		{8A5E8AB3-69F1-0617-2A6D-167FC97301E4}.Debug|Mixed Platforms.ActiveCfg = Debug|x86
		{8A5E8AB3-69F1-0617-2A6D-167FC97301E4}.Debug|Mixed Platforms.Build.0 = Debug|x86
		{8A5E8AB3-69F1-0617-2A6D-167FC97301E4}.Debug|x86.ActiveCfg = Debug|x86
		{8A5E8AB3-69F1-0617-2A6D-167FC97301E4}.Debug|x86.Build.0 = Debug|x86
		{8A5E8AB3-69F1-0617-2A6D-167FC97301E4}.MONO|Any CPU.ActiveCfg = Release|Any CPU
		{8A5E8AB3-69F1-0617-2A6D-167FC97301E4}.MONO|Any CPU.Build.0 = Release|Any CPU
		{8A5E8AB3-69F1-0617-2A6D-167FC97301E4}.MONO|Mixed Platforms.ActiveCfg = Release|x86
		{8A5E8AB3-69F1-0617-2A6D-167FC97301E4}.MONO|Mixed Platforms.Build.0 = Release|x86
		{8A5E8AB3-69F1-0617-2A6D-167FC97301E4}.MONO|x86.ActiveCfg = Release|x86
		{8A5E8AB3-69F1-0617-2A6D-167FC97301E4}.MONO|x86.Build.0 = Release|x86
		{8A5E8AB3-69F1-0617-2A6D-167FC97301E4}.Release|Any CPU.ActiveCfg = Release|Any CPU
		{8A5E8AB3-69F1-0617-2A6D-167FC97301E4}.Release|Any CPU.Build.0 = Release|Any CPU
		{8A5E8AB3-69F1-0617-2A6D-167FC97301E4}.Release|Mixed Platforms.ActiveCfg = Release|x86
		{8A5E8AB3-69F1-0617-2A6D-167FC97301E4}.Release|Mixed Platforms.Build.0 = Release|x86
		{8A5E8AB3-69F1-0617-2A6D-167FC97301E4}.Release|x86.ActiveCfg = Release|x86
		{8A5E8AB3-69F1-0617-2A6D-167FC97301E4}.Release|x86.Build.0 = Release|x86
		{BC51AC21-2B5D-08DE-0395-5B3C2CC8806C}.Debug|Any CPU.ActiveCfg = Debug|Any CPU
		{BC51AC21-2B5D-08DE-0395-5B3C2CC8806C}.Debug|Any CPU.Build.0 = Debug|Any CPU
		{BC51AC21-2B5D-08DE-0395-5B3C2CC8806C}.Debug|Mixed Platforms.ActiveCfg = Debug|x86
		{BC51AC21-2B5D-08DE-0395-5B3C2CC8806C}.Debug|Mixed Platforms.Build.0 = Debug|x86
		{BC51AC21-2B5D-08DE-0395-5B3C2CC8806C}.Debug|x86.ActiveCfg = Debug|x86
		{BC51AC21-2B5D-08DE-0395-5B3C2CC8806C}.Debug|x86.Build.0 = Debug|x86
		{BC51AC21-2B5D-08DE-0395-5B3C2CC8806C}.MONO|Any CPU.ActiveCfg = Release|Any CPU
		{BC51AC21-2B5D-08DE-0395-5B3C2CC8806C}.MONO|Any CPU.Build.0 = Release|Any CPU
		{BC51AC21-2B5D-08DE-0395-5B3C2CC8806C}.MONO|Mixed Platforms.ActiveCfg = Release|x86
		{BC51AC21-2B5D-08DE-0395-5B3C2CC8806C}.MONO|Mixed Platforms.Build.0 = Release|x86
		{BC51AC21-2B5D-08DE-0395-5B3C2CC8806C}.MONO|x86.ActiveCfg = Release|x86
		{BC51AC21-2B5D-08DE-0395-5B3C2CC8806C}.MONO|x86.Build.0 = Release|x86
		{BC51AC21-2B5D-08DE-0395-5B3C2CC8806C}.Release|Any CPU.ActiveCfg = Release|Any CPU
		{BC51AC21-2B5D-08DE-0395-5B3C2CC8806C}.Release|Any CPU.Build.0 = Release|Any CPU
		{BC51AC21-2B5D-08DE-0395-5B3C2CC8806C}.Release|Mixed Platforms.ActiveCfg = Release|x86
		{BC51AC21-2B5D-08DE-0395-5B3C2CC8806C}.Release|Mixed Platforms.Build.0 = Release|x86
		{BC51AC21-2B5D-08DE-0395-5B3C2CC8806C}.Release|x86.ActiveCfg = Release|x86
		{BC51AC21-2B5D-08DE-0395-5B3C2CC8806C}.Release|x86.Build.0 = Release|x86
		{DDCD4FB1-5847-04C7-2C33-8D89172A5422}.Debug|Any CPU.ActiveCfg = Debug|Any CPU
		{DDCD4FB1-5847-04C7-2C33-8D89172A5422}.Debug|Any CPU.Build.0 = Debug|Any CPU
		{DDCD4FB1-5847-04C7-2C33-8D89172A5422}.Debug|Mixed Platforms.ActiveCfg = Debug|x86
		{DDCD4FB1-5847-04C7-2C33-8D89172A5422}.Debug|Mixed Platforms.Build.0 = Debug|x86
		{DDCD4FB1-5847-04C7-2C33-8D89172A5422}.Debug|x86.ActiveCfg = Debug|x86
		{DDCD4FB1-5847-04C7-2C33-8D89172A5422}.Debug|x86.Build.0 = Debug|x86
		{DDCD4FB1-5847-04C7-2C33-8D89172A5422}.MONO|Any CPU.ActiveCfg = Release|Any CPU
		{DDCD4FB1-5847-04C7-2C33-8D89172A5422}.MONO|Any CPU.Build.0 = Release|Any CPU
		{DDCD4FB1-5847-04C7-2C33-8D89172A5422}.MONO|Mixed Platforms.ActiveCfg = Release|x86
		{DDCD4FB1-5847-04C7-2C33-8D89172A5422}.MONO|Mixed Platforms.Build.0 = Release|x86
		{DDCD4FB1-5847-04C7-2C33-8D89172A5422}.MONO|x86.ActiveCfg = Release|x86
		{DDCD4FB1-5847-04C7-2C33-8D89172A5422}.MONO|x86.Build.0 = Release|x86
		{DDCD4FB1-5847-04C7-2C33-8D89172A5422}.Release|Any CPU.ActiveCfg = Release|Any CPU
		{DDCD4FB1-5847-04C7-2C33-8D89172A5422}.Release|Any CPU.Build.0 = Release|Any CPU
		{DDCD4FB1-5847-04C7-2C33-8D89172A5422}.Release|Mixed Platforms.ActiveCfg = Release|x86
		{DDCD4FB1-5847-04C7-2C33-8D89172A5422}.Release|Mixed Platforms.Build.0 = Release|x86
		{DDCD4FB1-5847-04C7-2C33-8D89172A5422}.Release|x86.ActiveCfg = Release|x86
		{DDCD4FB1-5847-04C7-2C33-8D89172A5422}.Release|x86.Build.0 = Release|x86
		{C66B8CC2-2CDE-0A6B-08A6-54622D4B4517}.Debug|Any CPU.ActiveCfg = Debug|Any CPU
		{C66B8CC2-2CDE-0A6B-08A6-54622D4B4517}.Debug|Any CPU.Build.0 = Debug|Any CPU
		{C66B8CC2-2CDE-0A6B-08A6-54622D4B4517}.Debug|Mixed Platforms.ActiveCfg = Debug|x86
		{C66B8CC2-2CDE-0A6B-08A6-54622D4B4517}.Debug|Mixed Platforms.Build.0 = Debug|x86
		{C66B8CC2-2CDE-0A6B-08A6-54622D4B4517}.Debug|x86.ActiveCfg = Debug|x86
		{C66B8CC2-2CDE-0A6B-08A6-54622D4B4517}.Debug|x86.Build.0 = Debug|x86
		{C66B8CC2-2CDE-0A6B-08A6-54622D4B4517}.MONO|Any CPU.ActiveCfg = Release|Any CPU
		{C66B8CC2-2CDE-0A6B-08A6-54622D4B4517}.MONO|Any CPU.Build.0 = Release|Any CPU
		{C66B8CC2-2CDE-0A6B-08A6-54622D4B4517}.MONO|Mixed Platforms.ActiveCfg = Release|x86
		{C66B8CC2-2CDE-0A6B-08A6-54622D4B4517}.MONO|Mixed Platforms.Build.0 = Release|x86
		{C66B8CC2-2CDE-0A6B-08A6-54622D4B4517}.MONO|x86.ActiveCfg = Release|x86
		{C66B8CC2-2CDE-0A6B-08A6-54622D4B4517}.MONO|x86.Build.0 = Release|x86
		{C66B8CC2-2CDE-0A6B-08A6-54622D4B4517}.Release|Any CPU.ActiveCfg = Release|Any CPU
		{C66B8CC2-2CDE-0A6B-08A6-54622D4B4517}.Release|Any CPU.Build.0 = Release|Any CPU
		{C66B8CC2-2CDE-0A6B-08A6-54622D4B4517}.Release|Mixed Platforms.ActiveCfg = Release|x86
		{C66B8CC2-2CDE-0A6B-08A6-54622D4B4517}.Release|Mixed Platforms.Build.0 = Release|x86
		{C66B8CC2-2CDE-0A6B-08A6-54622D4B4517}.Release|x86.ActiveCfg = Release|x86
		{C66B8CC2-2CDE-0A6B-08A6-54622D4B4517}.Release|x86.Build.0 = Release|x86
		{49E5547F-2384-0B35-3FBC-5C583A382309}.Debug|Any CPU.ActiveCfg = Debug|Any CPU
		{49E5547F-2384-0B35-3FBC-5C583A382309}.Debug|Any CPU.Build.0 = Debug|Any CPU
		{49E5547F-2384-0B35-3FBC-5C583A382309}.Debug|Mixed Platforms.ActiveCfg = Debug|x86
		{49E5547F-2384-0B35-3FBC-5C583A382309}.Debug|Mixed Platforms.Build.0 = Debug|x86
		{49E5547F-2384-0B35-3FBC-5C583A382309}.Debug|x86.ActiveCfg = Debug|x86
		{49E5547F-2384-0B35-3FBC-5C583A382309}.Debug|x86.Build.0 = Debug|x86
		{49E5547F-2384-0B35-3FBC-5C583A382309}.MONO|Any CPU.ActiveCfg = Release|Any CPU
		{49E5547F-2384-0B35-3FBC-5C583A382309}.MONO|Any CPU.Build.0 = Release|Any CPU
		{49E5547F-2384-0B35-3FBC-5C583A382309}.MONO|Mixed Platforms.ActiveCfg = Release|x86
		{49E5547F-2384-0B35-3FBC-5C583A382309}.MONO|Mixed Platforms.Build.0 = Release|x86
		{49E5547F-2384-0B35-3FBC-5C583A382309}.MONO|x86.ActiveCfg = Release|x86
		{49E5547F-2384-0B35-3FBC-5C583A382309}.MONO|x86.Build.0 = Release|x86
		{49E5547F-2384-0B35-3FBC-5C583A382309}.Release|Any CPU.ActiveCfg = Release|Any CPU
		{49E5547F-2384-0B35-3FBC-5C583A382309}.Release|Any CPU.Build.0 = Release|Any CPU
		{49E5547F-2384-0B35-3FBC-5C583A382309}.Release|Mixed Platforms.ActiveCfg = Release|x86
		{49E5547F-2384-0B35-3FBC-5C583A382309}.Release|Mixed Platforms.Build.0 = Release|x86
		{49E5547F-2384-0B35-3FBC-5C583A382309}.Release|x86.ActiveCfg = Release|x86
		{49E5547F-2384-0B35-3FBC-5C583A382309}.Release|x86.Build.0 = Release|x86
		{CE387CCA-03B0-04C4-0522-C11678AD5911}.Debug|Any CPU.ActiveCfg = Debug|Any CPU
		{CE387CCA-03B0-04C4-0522-C11678AD5911}.Debug|Any CPU.Build.0 = Debug|Any CPU
		{CE387CCA-03B0-04C4-0522-C11678AD5911}.Debug|Mixed Platforms.ActiveCfg = Debug|x86
		{CE387CCA-03B0-04C4-0522-C11678AD5911}.Debug|Mixed Platforms.Build.0 = Debug|x86
		{CE387CCA-03B0-04C4-0522-C11678AD5911}.Debug|x86.ActiveCfg = Debug|x86
		{CE387CCA-03B0-04C4-0522-C11678AD5911}.Debug|x86.Build.0 = Debug|x86
		{CE387CCA-03B0-04C4-0522-C11678AD5911}.MONO|Any CPU.ActiveCfg = Release|Any CPU
		{CE387CCA-03B0-04C4-0522-C11678AD5911}.MONO|Any CPU.Build.0 = Release|Any CPU
		{CE387CCA-03B0-04C4-0522-C11678AD5911}.MONO|Mixed Platforms.ActiveCfg = Release|x86
		{CE387CCA-03B0-04C4-0522-C11678AD5911}.MONO|Mixed Platforms.Build.0 = Release|x86
		{CE387CCA-03B0-04C4-0522-C11678AD5911}.MONO|x86.ActiveCfg = Release|x86
		{CE387CCA-03B0-04C4-0522-C11678AD5911}.MONO|x86.Build.0 = Release|x86
		{CE387CCA-03B0-04C4-0522-C11678AD5911}.Release|Any CPU.ActiveCfg = Release|Any CPU
		{CE387CCA-03B0-04C4-0522-C11678AD5911}.Release|Any CPU.Build.0 = Release|Any CPU
		{CE387CCA-03B0-04C4-0522-C11678AD5911}.Release|Mixed Platforms.ActiveCfg = Release|x86
		{CE387CCA-03B0-04C4-0522-C11678AD5911}.Release|Mixed Platforms.Build.0 = Release|x86
		{CE387CCA-03B0-04C4-0522-C11678AD5911}.Release|x86.ActiveCfg = Release|x86
		{CE387CCA-03B0-04C4-0522-C11678AD5911}.Release|x86.Build.0 = Release|x86
		{92A3C81A-5B82-0998-3810-0E2C40BB671A}.Debug|Any CPU.ActiveCfg = Debug|Any CPU
		{92A3C81A-5B82-0998-3810-0E2C40BB671A}.Debug|Any CPU.Build.0 = Debug|Any CPU
		{92A3C81A-5B82-0998-3810-0E2C40BB671A}.Debug|Mixed Platforms.ActiveCfg = Debug|x86
		{92A3C81A-5B82-0998-3810-0E2C40BB671A}.Debug|Mixed Platforms.Build.0 = Debug|x86
		{92A3C81A-5B82-0998-3810-0E2C40BB671A}.Debug|x86.ActiveCfg = Debug|x86
		{92A3C81A-5B82-0998-3810-0E2C40BB671A}.Debug|x86.Build.0 = Debug|x86
		{92A3C81A-5B82-0998-3810-0E2C40BB671A}.MONO|Any CPU.ActiveCfg = Release|Any CPU
		{92A3C81A-5B82-0998-3810-0E2C40BB671A}.MONO|Any CPU.Build.0 = Release|Any CPU
		{92A3C81A-5B82-0998-3810-0E2C40BB671A}.MONO|Mixed Platforms.ActiveCfg = Release|x86
		{92A3C81A-5B82-0998-3810-0E2C40BB671A}.MONO|Mixed Platforms.Build.0 = Release|x86
		{92A3C81A-5B82-0998-3810-0E2C40BB671A}.MONO|x86.ActiveCfg = Release|x86
		{92A3C81A-5B82-0998-3810-0E2C40BB671A}.MONO|x86.Build.0 = Release|x86
		{92A3C81A-5B82-0998-3810-0E2C40BB671A}.Release|Any CPU.ActiveCfg = Release|Any CPU
		{92A3C81A-5B82-0998-3810-0E2C40BB671A}.Release|Any CPU.Build.0 = Release|Any CPU
		{92A3C81A-5B82-0998-3810-0E2C40BB671A}.Release|Mixed Platforms.ActiveCfg = Release|x86
		{92A3C81A-5B82-0998-3810-0E2C40BB671A}.Release|Mixed Platforms.Build.0 = Release|x86
		{92A3C81A-5B82-0998-3810-0E2C40BB671A}.Release|x86.ActiveCfg = Release|x86
		{92A3C81A-5B82-0998-3810-0E2C40BB671A}.Release|x86.Build.0 = Release|x86
		{DBB75A62-1888-07E4-1CE7-29D8C0869B36}.Debug|Any CPU.ActiveCfg = Debug|Any CPU
		{DBB75A62-1888-07E4-1CE7-29D8C0869B36}.Debug|Any CPU.Build.0 = Debug|Any CPU
		{DBB75A62-1888-07E4-1CE7-29D8C0869B36}.Debug|Mixed Platforms.ActiveCfg = Debug|x86
		{DBB75A62-1888-07E4-1CE7-29D8C0869B36}.Debug|Mixed Platforms.Build.0 = Debug|x86
		{DBB75A62-1888-07E4-1CE7-29D8C0869B36}.Debug|x86.ActiveCfg = Debug|x86
		{DBB75A62-1888-07E4-1CE7-29D8C0869B36}.Debug|x86.Build.0 = Debug|x86
		{DBB75A62-1888-07E4-1CE7-29D8C0869B36}.MONO|Any CPU.ActiveCfg = Release|Any CPU
		{DBB75A62-1888-07E4-1CE7-29D8C0869B36}.MONO|Any CPU.Build.0 = Release|Any CPU
		{DBB75A62-1888-07E4-1CE7-29D8C0869B36}.MONO|Mixed Platforms.ActiveCfg = Release|x86
		{DBB75A62-1888-07E4-1CE7-29D8C0869B36}.MONO|Mixed Platforms.Build.0 = Release|x86
		{DBB75A62-1888-07E4-1CE7-29D8C0869B36}.MONO|x86.ActiveCfg = Release|x86
		{DBB75A62-1888-07E4-1CE7-29D8C0869B36}.MONO|x86.Build.0 = Release|x86
		{DBB75A62-1888-07E4-1CE7-29D8C0869B36}.Release|Any CPU.ActiveCfg = Release|Any CPU
		{DBB75A62-1888-07E4-1CE7-29D8C0869B36}.Release|Any CPU.Build.0 = Release|Any CPU
		{DBB75A62-1888-07E4-1CE7-29D8C0869B36}.Release|Mixed Platforms.ActiveCfg = Release|x86
		{DBB75A62-1888-07E4-1CE7-29D8C0869B36}.Release|Mixed Platforms.Build.0 = Release|x86
		{DBB75A62-1888-07E4-1CE7-29D8C0869B36}.Release|x86.ActiveCfg = Release|x86
		{DBB75A62-1888-07E4-1CE7-29D8C0869B36}.Release|x86.Build.0 = Release|x86
		{66CDA85A-8A4B-0814-2A62-EDC3AD9F0BB8}.Debug|Any CPU.ActiveCfg = Debug|Any CPU
		{66CDA85A-8A4B-0814-2A62-EDC3AD9F0BB8}.Debug|Any CPU.Build.0 = Debug|Any CPU
		{66CDA85A-8A4B-0814-2A62-EDC3AD9F0BB8}.Debug|Mixed Platforms.ActiveCfg = Debug|x86
		{66CDA85A-8A4B-0814-2A62-EDC3AD9F0BB8}.Debug|Mixed Platforms.Build.0 = Debug|x86
		{66CDA85A-8A4B-0814-2A62-EDC3AD9F0BB8}.Debug|x86.ActiveCfg = Debug|x86
		{66CDA85A-8A4B-0814-2A62-EDC3AD9F0BB8}.Debug|x86.Build.0 = Debug|x86
		{66CDA85A-8A4B-0814-2A62-EDC3AD9F0BB8}.MONO|Any CPU.ActiveCfg = Release|Any CPU
		{66CDA85A-8A4B-0814-2A62-EDC3AD9F0BB8}.MONO|Any CPU.Build.0 = Release|Any CPU
		{66CDA85A-8A4B-0814-2A62-EDC3AD9F0BB8}.MONO|Mixed Platforms.ActiveCfg = Release|x86
		{66CDA85A-8A4B-0814-2A62-EDC3AD9F0BB8}.MONO|Mixed Platforms.Build.0 = Release|x86
		{66CDA85A-8A4B-0814-2A62-EDC3AD9F0BB8}.MONO|x86.ActiveCfg = Release|x86
		{66CDA85A-8A4B-0814-2A62-EDC3AD9F0BB8}.MONO|x86.Build.0 = Release|x86
		{66CDA85A-8A4B-0814-2A62-EDC3AD9F0BB8}.Release|Any CPU.ActiveCfg = Release|Any CPU
		{66CDA85A-8A4B-0814-2A62-EDC3AD9F0BB8}.Release|Any CPU.Build.0 = Release|Any CPU
		{66CDA85A-8A4B-0814-2A62-EDC3AD9F0BB8}.Release|Mixed Platforms.ActiveCfg = Release|x86
		{66CDA85A-8A4B-0814-2A62-EDC3AD9F0BB8}.Release|Mixed Platforms.Build.0 = Release|x86
		{66CDA85A-8A4B-0814-2A62-EDC3AD9F0BB8}.Release|x86.ActiveCfg = Release|x86
		{66CDA85A-8A4B-0814-2A62-EDC3AD9F0BB8}.Release|x86.Build.0 = Release|x86
		{467D4802-5EC9-0163-1F37-F33297D3831F}.Debug|Any CPU.ActiveCfg = Debug|Any CPU
		{467D4802-5EC9-0163-1F37-F33297D3831F}.Debug|Any CPU.Build.0 = Debug|Any CPU
		{467D4802-5EC9-0163-1F37-F33297D3831F}.Debug|Mixed Platforms.ActiveCfg = Debug|x86
		{467D4802-5EC9-0163-1F37-F33297D3831F}.Debug|Mixed Platforms.Build.0 = Debug|x86
		{467D4802-5EC9-0163-1F37-F33297D3831F}.Debug|x86.ActiveCfg = Debug|x86
		{467D4802-5EC9-0163-1F37-F33297D3831F}.Debug|x86.Build.0 = Debug|x86
		{467D4802-5EC9-0163-1F37-F33297D3831F}.MONO|Any CPU.ActiveCfg = Release|Any CPU
		{467D4802-5EC9-0163-1F37-F33297D3831F}.MONO|Any CPU.Build.0 = Release|Any CPU
		{467D4802-5EC9-0163-1F37-F33297D3831F}.MONO|Mixed Platforms.ActiveCfg = Release|x86
		{467D4802-5EC9-0163-1F37-F33297D3831F}.MONO|Mixed Platforms.Build.0 = Release|x86
		{467D4802-5EC9-0163-1F37-F33297D3831F}.MONO|x86.ActiveCfg = Release|x86
		{467D4802-5EC9-0163-1F37-F33297D3831F}.MONO|x86.Build.0 = Release|x86
		{467D4802-5EC9-0163-1F37-F33297D3831F}.Release|Any CPU.ActiveCfg = Release|Any CPU
		{467D4802-5EC9-0163-1F37-F33297D3831F}.Release|Any CPU.Build.0 = Release|Any CPU
		{467D4802-5EC9-0163-1F37-F33297D3831F}.Release|Mixed Platforms.ActiveCfg = Release|x86
		{467D4802-5EC9-0163-1F37-F33297D3831F}.Release|Mixed Platforms.Build.0 = Release|x86
		{467D4802-5EC9-0163-1F37-F33297D3831F}.Release|x86.ActiveCfg = Release|x86
		{467D4802-5EC9-0163-1F37-F33297D3831F}.Release|x86.Build.0 = Release|x86
		{B588425C-E627-0234-2454-BDC0B4E6CA32}.Debug|Any CPU.ActiveCfg = Debug|Any CPU
		{B588425C-E627-0234-2454-BDC0B4E6CA32}.Debug|Any CPU.Build.0 = Debug|Any CPU
		{B588425C-E627-0234-2454-BDC0B4E6CA32}.Debug|Mixed Platforms.ActiveCfg = Debug|x86
		{B588425C-E627-0234-2454-BDC0B4E6CA32}.Debug|Mixed Platforms.Build.0 = Debug|x86
		{B588425C-E627-0234-2454-BDC0B4E6CA32}.Debug|x86.ActiveCfg = Debug|x86
		{B588425C-E627-0234-2454-BDC0B4E6CA32}.Debug|x86.Build.0 = Debug|x86
		{B588425C-E627-0234-2454-BDC0B4E6CA32}.MONO|Any CPU.ActiveCfg = Release|Any CPU
		{B588425C-E627-0234-2454-BDC0B4E6CA32}.MONO|Any CPU.Build.0 = Release|Any CPU
		{B588425C-E627-0234-2454-BDC0B4E6CA32}.MONO|Mixed Platforms.ActiveCfg = Release|x86
		{B588425C-E627-0234-2454-BDC0B4E6CA32}.MONO|Mixed Platforms.Build.0 = Release|x86
		{B588425C-E627-0234-2454-BDC0B4E6CA32}.MONO|x86.ActiveCfg = Release|x86
		{B588425C-E627-0234-2454-BDC0B4E6CA32}.MONO|x86.Build.0 = Release|x86
		{B588425C-E627-0234-2454-BDC0B4E6CA32}.Release|Any CPU.ActiveCfg = Release|Any CPU
		{B588425C-E627-0234-2454-BDC0B4E6CA32}.Release|Any CPU.Build.0 = Release|Any CPU
		{B588425C-E627-0234-2454-BDC0B4E6CA32}.Release|Mixed Platforms.ActiveCfg = Release|x86
		{B588425C-E627-0234-2454-BDC0B4E6CA32}.Release|Mixed Platforms.Build.0 = Release|x86
		{B588425C-E627-0234-2454-BDC0B4E6CA32}.Release|x86.ActiveCfg = Release|x86
		{B588425C-E627-0234-2454-BDC0B4E6CA32}.Release|x86.Build.0 = Release|x86
		{7E9E46B9-A321-0BC0-27CF-85E658011BE8}.Debug|Any CPU.ActiveCfg = Debug|Any CPU
		{7E9E46B9-A321-0BC0-27CF-85E658011BE8}.Debug|Any CPU.Build.0 = Debug|Any CPU
		{7E9E46B9-A321-0BC0-27CF-85E658011BE8}.Debug|Mixed Platforms.ActiveCfg = Debug|x86
		{7E9E46B9-A321-0BC0-27CF-85E658011BE8}.Debug|Mixed Platforms.Build.0 = Debug|x86
		{7E9E46B9-A321-0BC0-27CF-85E658011BE8}.Debug|x86.ActiveCfg = Debug|x86
		{7E9E46B9-A321-0BC0-27CF-85E658011BE8}.Debug|x86.Build.0 = Debug|x86
		{7E9E46B9-A321-0BC0-27CF-85E658011BE8}.MONO|Any CPU.ActiveCfg = Release|Any CPU
		{7E9E46B9-A321-0BC0-27CF-85E658011BE8}.MONO|Any CPU.Build.0 = Release|Any CPU
		{7E9E46B9-A321-0BC0-27CF-85E658011BE8}.MONO|Mixed Platforms.ActiveCfg = Release|x86
		{7E9E46B9-A321-0BC0-27CF-85E658011BE8}.MONO|Mixed Platforms.Build.0 = Release|x86
		{7E9E46B9-A321-0BC0-27CF-85E658011BE8}.MONO|x86.ActiveCfg = Release|x86
		{7E9E46B9-A321-0BC0-27CF-85E658011BE8}.MONO|x86.Build.0 = Release|x86
		{7E9E46B9-A321-0BC0-27CF-85E658011BE8}.Release|Any CPU.ActiveCfg = Release|Any CPU
		{7E9E46B9-A321-0BC0-27CF-85E658011BE8}.Release|Any CPU.Build.0 = Release|Any CPU
		{7E9E46B9-A321-0BC0-27CF-85E658011BE8}.Release|Mixed Platforms.ActiveCfg = Release|x86
		{7E9E46B9-A321-0BC0-27CF-85E658011BE8}.Release|Mixed Platforms.Build.0 = Release|x86
		{7E9E46B9-A321-0BC0-27CF-85E658011BE8}.Release|x86.ActiveCfg = Release|x86
		{7E9E46B9-A321-0BC0-27CF-85E658011BE8}.Release|x86.Build.0 = Release|x86
		{4EE56023-D090-0985-0FCD-D0A4783B240C}.Debug|Any CPU.ActiveCfg = Debug|Any CPU
		{4EE56023-D090-0985-0FCD-D0A4783B240C}.Debug|Any CPU.Build.0 = Debug|Any CPU
		{4EE56023-D090-0985-0FCD-D0A4783B240C}.Debug|Mixed Platforms.ActiveCfg = Debug|x86
		{4EE56023-D090-0985-0FCD-D0A4783B240C}.Debug|Mixed Platforms.Build.0 = Debug|x86
		{4EE56023-D090-0985-0FCD-D0A4783B240C}.Debug|x86.ActiveCfg = Debug|x86
		{4EE56023-D090-0985-0FCD-D0A4783B240C}.Debug|x86.Build.0 = Debug|x86
		{4EE56023-D090-0985-0FCD-D0A4783B240C}.MONO|Any CPU.ActiveCfg = Release|Any CPU
		{4EE56023-D090-0985-0FCD-D0A4783B240C}.MONO|Any CPU.Build.0 = Release|Any CPU
		{4EE56023-D090-0985-0FCD-D0A4783B240C}.MONO|Mixed Platforms.ActiveCfg = Release|x86
		{4EE56023-D090-0985-0FCD-D0A4783B240C}.MONO|Mixed Platforms.Build.0 = Release|x86
		{4EE56023-D090-0985-0FCD-D0A4783B240C}.MONO|x86.ActiveCfg = Release|x86
		{4EE56023-D090-0985-0FCD-D0A4783B240C}.MONO|x86.Build.0 = Release|x86
		{4EE56023-D090-0985-0FCD-D0A4783B240C}.Release|Any CPU.ActiveCfg = Release|Any CPU
		{4EE56023-D090-0985-0FCD-D0A4783B240C}.Release|Any CPU.Build.0 = Release|Any CPU
		{4EE56023-D090-0985-0FCD-D0A4783B240C}.Release|Mixed Platforms.ActiveCfg = Release|x86
		{4EE56023-D090-0985-0FCD-D0A4783B240C}.Release|Mixed Platforms.Build.0 = Release|x86
		{4EE56023-D090-0985-0FCD-D0A4783B240C}.Release|x86.ActiveCfg = Release|x86
		{4EE56023-D090-0985-0FCD-D0A4783B240C}.Release|x86.Build.0 = Release|x86
		{37959B01-95DE-0947-3852-2D2DE3B7AF27}.Debug|Any CPU.ActiveCfg = Debug|Any CPU
		{37959B01-95DE-0947-3852-2D2DE3B7AF27}.Debug|Any CPU.Build.0 = Debug|Any CPU
		{37959B01-95DE-0947-3852-2D2DE3B7AF27}.Debug|Mixed Platforms.ActiveCfg = Debug|Any CPU
		{37959B01-95DE-0947-3852-2D2DE3B7AF27}.Debug|Mixed Platforms.Build.0 = Debug|Any CPU
		{37959B01-95DE-0947-3852-2D2DE3B7AF27}.Debug|x86.ActiveCfg = Debug|x86
		{37959B01-95DE-0947-3852-2D2DE3B7AF27}.Debug|x86.Build.0 = Debug|x86
		{37959B01-95DE-0947-3852-2D2DE3B7AF27}.MONO|Any CPU.ActiveCfg = Release|Any CPU
		{37959B01-95DE-0947-3852-2D2DE3B7AF27}.MONO|Any CPU.Build.0 = Release|Any CPU
		{37959B01-95DE-0947-3852-2D2DE3B7AF27}.MONO|Mixed Platforms.ActiveCfg = Release|Any CPU
		{37959B01-95DE-0947-3852-2D2DE3B7AF27}.MONO|Mixed Platforms.Build.0 = Release|Any CPU
		{37959B01-95DE-0947-3852-2D2DE3B7AF27}.MONO|x86.ActiveCfg = Release|x86
		{37959B01-95DE-0947-3852-2D2DE3B7AF27}.MONO|x86.Build.0 = Release|x86
		{37959B01-95DE-0947-3852-2D2DE3B7AF27}.Release|Any CPU.ActiveCfg = Release|Any CPU
		{37959B01-95DE-0947-3852-2D2DE3B7AF27}.Release|Any CPU.Build.0 = Release|Any CPU
		{37959B01-95DE-0947-3852-2D2DE3B7AF27}.Release|Mixed Platforms.ActiveCfg = Release|Any CPU
		{37959B01-95DE-0947-3852-2D2DE3B7AF27}.Release|Mixed Platforms.Build.0 = Release|Any CPU
		{37959B01-95DE-0947-3852-2D2DE3B7AF27}.Release|x86.ActiveCfg = Release|x86
		{37959B01-95DE-0947-3852-2D2DE3B7AF27}.Release|x86.Build.0 = Release|x86
		{E0FB3079-0E63-0C68-1FFF-869CCF74E17E}.Debug|Any CPU.ActiveCfg = Debug|Any CPU
		{E0FB3079-0E63-0C68-1FFF-869CCF74E17E}.Debug|Any CPU.Build.0 = Debug|Any CPU
		{E0FB3079-0E63-0C68-1FFF-869CCF74E17E}.Debug|Mixed Platforms.ActiveCfg = Debug|Any CPU
		{E0FB3079-0E63-0C68-1FFF-869CCF74E17E}.Debug|Mixed Platforms.Build.0 = Debug|Any CPU
		{E0FB3079-0E63-0C68-1FFF-869CCF74E17E}.Debug|x86.ActiveCfg = Debug|x86
		{E0FB3079-0E63-0C68-1FFF-869CCF74E17E}.Debug|x86.Build.0 = Debug|x86
		{E0FB3079-0E63-0C68-1FFF-869CCF74E17E}.MONO|Any CPU.ActiveCfg = Release|Any CPU
		{E0FB3079-0E63-0C68-1FFF-869CCF74E17E}.MONO|Any CPU.Build.0 = Release|Any CPU
		{E0FB3079-0E63-0C68-1FFF-869CCF74E17E}.MONO|Mixed Platforms.ActiveCfg = Release|Any CPU
		{E0FB3079-0E63-0C68-1FFF-869CCF74E17E}.MONO|Mixed Platforms.Build.0 = Release|Any CPU
		{E0FB3079-0E63-0C68-1FFF-869CCF74E17E}.MONO|x86.ActiveCfg = Release|x86
		{E0FB3079-0E63-0C68-1FFF-869CCF74E17E}.MONO|x86.Build.0 = Release|x86
		{E0FB3079-0E63-0C68-1FFF-869CCF74E17E}.Release|Any CPU.ActiveCfg = Release|Any CPU
		{E0FB3079-0E63-0C68-1FFF-869CCF74E17E}.Release|Any CPU.Build.0 = Release|Any CPU
		{E0FB3079-0E63-0C68-1FFF-869CCF74E17E}.Release|Mixed Platforms.ActiveCfg = Release|Any CPU
		{E0FB3079-0E63-0C68-1FFF-869CCF74E17E}.Release|Mixed Platforms.Build.0 = Release|Any CPU
		{E0FB3079-0E63-0C68-1FFF-869CCF74E17E}.Release|x86.ActiveCfg = Release|x86
		{E0FB3079-0E63-0C68-1FFF-869CCF74E17E}.Release|x86.Build.0 = Release|x86
		{77248E5F-A257-01DB-17EC-340FAEE90E6D}.Debug|Any CPU.ActiveCfg = Debug|Any CPU
		{77248E5F-A257-01DB-17EC-340FAEE90E6D}.Debug|Any CPU.Build.0 = Debug|Any CPU
		{77248E5F-A257-01DB-17EC-340FAEE90E6D}.Debug|Mixed Platforms.ActiveCfg = Debug|Any CPU
		{77248E5F-A257-01DB-17EC-340FAEE90E6D}.Debug|Mixed Platforms.Build.0 = Debug|Any CPU
		{77248E5F-A257-01DB-17EC-340FAEE90E6D}.Debug|x86.ActiveCfg = Debug|x86
		{77248E5F-A257-01DB-17EC-340FAEE90E6D}.Debug|x86.Build.0 = Debug|x86
		{77248E5F-A257-01DB-17EC-340FAEE90E6D}.MONO|Any CPU.ActiveCfg = Release|Any CPU
		{77248E5F-A257-01DB-17EC-340FAEE90E6D}.MONO|Any CPU.Build.0 = Release|Any CPU
		{77248E5F-A257-01DB-17EC-340FAEE90E6D}.MONO|Mixed Platforms.ActiveCfg = Release|Any CPU
		{77248E5F-A257-01DB-17EC-340FAEE90E6D}.MONO|Mixed Platforms.Build.0 = Release|Any CPU
		{77248E5F-A257-01DB-17EC-340FAEE90E6D}.MONO|x86.ActiveCfg = Release|x86
		{77248E5F-A257-01DB-17EC-340FAEE90E6D}.MONO|x86.Build.0 = Release|x86
		{77248E5F-A257-01DB-17EC-340FAEE90E6D}.Release|Any CPU.ActiveCfg = Release|Any CPU
		{77248E5F-A257-01DB-17EC-340FAEE90E6D}.Release|Any CPU.Build.0 = Release|Any CPU
		{77248E5F-A257-01DB-17EC-340FAEE90E6D}.Release|Mixed Platforms.ActiveCfg = Release|Any CPU
		{77248E5F-A257-01DB-17EC-340FAEE90E6D}.Release|Mixed Platforms.Build.0 = Release|Any CPU
		{77248E5F-A257-01DB-17EC-340FAEE90E6D}.Release|x86.ActiveCfg = Release|x86
		{77248E5F-A257-01DB-17EC-340FAEE90E6D}.Release|x86.Build.0 = Release|x86
		{886812A1-63BC-0D54-0D5C-400117B52757}.Debug|Any CPU.ActiveCfg = Debug|Any CPU
		{886812A1-63BC-0D54-0D5C-400117B52757}.Debug|Any CPU.Build.0 = Debug|Any CPU
		{886812A1-63BC-0D54-0D5C-400117B52757}.Debug|Mixed Platforms.ActiveCfg = Debug|Any CPU
		{886812A1-63BC-0D54-0D5C-400117B52757}.Debug|Mixed Platforms.Build.0 = Debug|Any CPU
		{886812A1-63BC-0D54-0D5C-400117B52757}.Debug|x86.ActiveCfg = Debug|x86
		{886812A1-63BC-0D54-0D5C-400117B52757}.Debug|x86.Build.0 = Debug|x86
		{886812A1-63BC-0D54-0D5C-400117B52757}.MONO|Any CPU.ActiveCfg = Release|Any CPU
		{886812A1-63BC-0D54-0D5C-400117B52757}.MONO|Any CPU.Build.0 = Release|Any CPU
		{886812A1-63BC-0D54-0D5C-400117B52757}.MONO|Mixed Platforms.ActiveCfg = Release|Any CPU
		{886812A1-63BC-0D54-0D5C-400117B52757}.MONO|Mixed Platforms.Build.0 = Release|Any CPU
		{886812A1-63BC-0D54-0D5C-400117B52757}.MONO|x86.ActiveCfg = Release|x86
		{886812A1-63BC-0D54-0D5C-400117B52757}.MONO|x86.Build.0 = Release|x86
		{886812A1-63BC-0D54-0D5C-400117B52757}.Release|Any CPU.ActiveCfg = Release|Any CPU
		{886812A1-63BC-0D54-0D5C-400117B52757}.Release|Any CPU.Build.0 = Release|Any CPU
		{886812A1-63BC-0D54-0D5C-400117B52757}.Release|Mixed Platforms.ActiveCfg = Release|Any CPU
		{886812A1-63BC-0D54-0D5C-400117B52757}.Release|Mixed Platforms.Build.0 = Release|Any CPU
		{886812A1-63BC-0D54-0D5C-400117B52757}.Release|x86.ActiveCfg = Release|x86
		{886812A1-63BC-0D54-0D5C-400117B52757}.Release|x86.Build.0 = Release|x86
		{E340EE1F-B5DA-0A95-0289-672CC77263C4}.Debug|Any CPU.ActiveCfg = Debug|Any CPU
		{E340EE1F-B5DA-0A95-0289-672CC77263C4}.Debug|Any CPU.Build.0 = Debug|Any CPU
		{E340EE1F-B5DA-0A95-0289-672CC77263C4}.Debug|Mixed Platforms.ActiveCfg = Debug|x86
		{E340EE1F-B5DA-0A95-0289-672CC77263C4}.Debug|Mixed Platforms.Build.0 = Debug|x86
		{E340EE1F-B5DA-0A95-0289-672CC77263C4}.Debug|x86.ActiveCfg = Debug|x86
		{E340EE1F-B5DA-0A95-0289-672CC77263C4}.Debug|x86.Build.0 = Debug|x86
		{E340EE1F-B5DA-0A95-0289-672CC77263C4}.MONO|Any CPU.ActiveCfg = Release|Any CPU
		{E340EE1F-B5DA-0A95-0289-672CC77263C4}.MONO|Any CPU.Build.0 = Release|Any CPU
		{E340EE1F-B5DA-0A95-0289-672CC77263C4}.MONO|Mixed Platforms.ActiveCfg = Release|x86
		{E340EE1F-B5DA-0A95-0289-672CC77263C4}.MONO|Mixed Platforms.Build.0 = Release|x86
		{E340EE1F-B5DA-0A95-0289-672CC77263C4}.MONO|x86.ActiveCfg = Release|x86
		{E340EE1F-B5DA-0A95-0289-672CC77263C4}.MONO|x86.Build.0 = Release|x86
		{E340EE1F-B5DA-0A95-0289-672CC77263C4}.Release|Any CPU.ActiveCfg = Release|Any CPU
		{E340EE1F-B5DA-0A95-0289-672CC77263C4}.Release|Any CPU.Build.0 = Release|Any CPU
		{E340EE1F-B5DA-0A95-0289-672CC77263C4}.Release|Mixed Platforms.ActiveCfg = Release|x86
		{E340EE1F-B5DA-0A95-0289-672CC77263C4}.Release|Mixed Platforms.Build.0 = Release|x86
		{E340EE1F-B5DA-0A95-0289-672CC77263C4}.Release|x86.ActiveCfg = Release|x86
		{E340EE1F-B5DA-0A95-0289-672CC77263C4}.Release|x86.Build.0 = Release|x86
		{CFDCCBEF-A9D6-077A-3DF8-A17C1B0876D3}.Debug|Any CPU.ActiveCfg = Debug|Any CPU
		{CFDCCBEF-A9D6-077A-3DF8-A17C1B0876D3}.Debug|Any CPU.Build.0 = Debug|Any CPU
		{CFDCCBEF-A9D6-077A-3DF8-A17C1B0876D3}.Debug|Mixed Platforms.ActiveCfg = Debug|Any CPU
		{CFDCCBEF-A9D6-077A-3DF8-A17C1B0876D3}.Debug|Mixed Platforms.Build.0 = Debug|Any CPU
		{CFDCCBEF-A9D6-077A-3DF8-A17C1B0876D3}.Debug|x86.ActiveCfg = Debug|x86
		{CFDCCBEF-A9D6-077A-3DF8-A17C1B0876D3}.Debug|x86.Build.0 = Debug|x86
		{CFDCCBEF-A9D6-077A-3DF8-A17C1B0876D3}.MONO|Any CPU.ActiveCfg = Release|Any CPU
		{CFDCCBEF-A9D6-077A-3DF8-A17C1B0876D3}.MONO|Any CPU.Build.0 = Release|Any CPU
		{CFDCCBEF-A9D6-077A-3DF8-A17C1B0876D3}.MONO|Mixed Platforms.ActiveCfg = Release|Any CPU
		{CFDCCBEF-A9D6-077A-3DF8-A17C1B0876D3}.MONO|Mixed Platforms.Build.0 = Release|Any CPU
		{CFDCCBEF-A9D6-077A-3DF8-A17C1B0876D3}.MONO|x86.ActiveCfg = Release|x86
		{CFDCCBEF-A9D6-077A-3DF8-A17C1B0876D3}.MONO|x86.Build.0 = Release|x86
		{CFDCCBEF-A9D6-077A-3DF8-A17C1B0876D3}.Release|Any CPU.ActiveCfg = Release|Any CPU
		{CFDCCBEF-A9D6-077A-3DF8-A17C1B0876D3}.Release|Any CPU.Build.0 = Release|Any CPU
		{CFDCCBEF-A9D6-077A-3DF8-A17C1B0876D3}.Release|Mixed Platforms.ActiveCfg = Release|Any CPU
		{CFDCCBEF-A9D6-077A-3DF8-A17C1B0876D3}.Release|Mixed Platforms.Build.0 = Release|Any CPU
		{CFDCCBEF-A9D6-077A-3DF8-A17C1B0876D3}.Release|x86.ActiveCfg = Release|x86
		{CFDCCBEF-A9D6-077A-3DF8-A17C1B0876D3}.Release|x86.Build.0 = Release|x86
		{45BD9819-7B71-072D-33F2-70D3D7ED5519}.Debug|Any CPU.ActiveCfg = Debug|Any CPU
		{45BD9819-7B71-072D-33F2-70D3D7ED5519}.Debug|Any CPU.Build.0 = Debug|Any CPU
		{45BD9819-7B71-072D-33F2-70D3D7ED5519}.Debug|Mixed Platforms.ActiveCfg = Debug|Any CPU
		{45BD9819-7B71-072D-33F2-70D3D7ED5519}.Debug|Mixed Platforms.Build.0 = Debug|Any CPU
		{45BD9819-7B71-072D-33F2-70D3D7ED5519}.Debug|x86.ActiveCfg = Debug|x86
		{45BD9819-7B71-072D-33F2-70D3D7ED5519}.Debug|x86.Build.0 = Debug|x86
		{45BD9819-7B71-072D-33F2-70D3D7ED5519}.MONO|Any CPU.ActiveCfg = Release|Any CPU
		{45BD9819-7B71-072D-33F2-70D3D7ED5519}.MONO|Any CPU.Build.0 = Release|Any CPU
		{45BD9819-7B71-072D-33F2-70D3D7ED5519}.MONO|Mixed Platforms.ActiveCfg = Release|Any CPU
		{45BD9819-7B71-072D-33F2-70D3D7ED5519}.MONO|Mixed Platforms.Build.0 = Release|Any CPU
		{45BD9819-7B71-072D-33F2-70D3D7ED5519}.MONO|x86.ActiveCfg = Release|x86
		{45BD9819-7B71-072D-33F2-70D3D7ED5519}.MONO|x86.Build.0 = Release|x86
		{45BD9819-7B71-072D-33F2-70D3D7ED5519}.Release|Any CPU.ActiveCfg = Release|Any CPU
		{45BD9819-7B71-072D-33F2-70D3D7ED5519}.Release|Any CPU.Build.0 = Release|Any CPU
		{45BD9819-7B71-072D-33F2-70D3D7ED5519}.Release|Mixed Platforms.ActiveCfg = Release|Any CPU
		{45BD9819-7B71-072D-33F2-70D3D7ED5519}.Release|Mixed Platforms.Build.0 = Release|Any CPU
		{45BD9819-7B71-072D-33F2-70D3D7ED5519}.Release|x86.ActiveCfg = Release|x86
		{45BD9819-7B71-072D-33F2-70D3D7ED5519}.Release|x86.Build.0 = Release|x86
	EndGlobalSection
	GlobalSection(SolutionProperties) = preSolution
		HideSolutionNode = FALSE
	EndGlobalSection
	GlobalSection(NestedProjects) = preSolution
		{DDE94F7A-D3A5-001E-12D1-86F83130AB0A} = {BB161AA7-3561-4C2F-93AF-E8AC0849B2B6}
		{F4DF506E-B88C-07E1-34BD-EA672BA07E34} = {BB161AA7-3561-4C2F-93AF-E8AC0849B2B6}
		{01D5026A-AB94-0717-0943-0D096D2D83EA} = {BB161AA7-3561-4C2F-93AF-E8AC0849B2B6}
		{209AB1A4-593C-037D-3A00-807FA0275D78} = {E279D9A8-0FAA-4AA4-B33C-E6C392F0C596}
		{A4FE77E9-E830-06ED-2BD1-744F79CC9127} = {E279D9A8-0FAA-4AA4-B33C-E6C392F0C596}
		{8A5E8AB3-69F1-0617-2A6D-167FC97301E4} = {E279D9A8-0FAA-4AA4-B33C-E6C392F0C596}
		{BC51AC21-2B5D-08DE-0395-5B3C2CC8806C} = {E279D9A8-0FAA-4AA4-B33C-E6C392F0C596}
		{DDCD4FB1-5847-04C7-2C33-8D89172A5422} = {E279D9A8-0FAA-4AA4-B33C-E6C392F0C596}
		{C66B8CC2-2CDE-0A6B-08A6-54622D4B4517} = {E279D9A8-0FAA-4AA4-B33C-E6C392F0C596}
		{49E5547F-2384-0B35-3FBC-5C583A382309} = {E279D9A8-0FAA-4AA4-B33C-E6C392F0C596}
		{CE387CCA-03B0-04C4-0522-C11678AD5911} = {E279D9A8-0FAA-4AA4-B33C-E6C392F0C596}
		{92A3C81A-5B82-0998-3810-0E2C40BB671A} = {E279D9A8-0FAA-4AA4-B33C-E6C392F0C596}
		{DBB75A62-1888-07E4-1CE7-29D8C0869B36} = {E279D9A8-0FAA-4AA4-B33C-E6C392F0C596}
		{66CDA85A-8A4B-0814-2A62-EDC3AD9F0BB8} = {5BD93CC7-EBE5-4E7B-B98A-806909F81D6F}
		{467D4802-5EC9-0163-1F37-F33297D3831F} = {BB161AA7-3561-4C2F-93AF-E8AC0849B2B6}
		{B588425C-E627-0234-2454-BDC0B4E6CA32} = {E279D9A8-0FAA-4AA4-B33C-E6C392F0C596}
		{7E9E46B9-A321-0BC0-27CF-85E658011BE8} = {E279D9A8-0FAA-4AA4-B33C-E6C392F0C596}
		{4EE56023-D090-0985-0FCD-D0A4783B240C} = {E279D9A8-0FAA-4AA4-B33C-E6C392F0C596}
		{37959B01-95DE-0947-3852-2D2DE3B7AF27} = {114E88A2-B458-49C7-95AC-FD4953CE6A04}
		{E0FB3079-0E63-0C68-1FFF-869CCF74E17E} = {114E88A2-B458-49C7-95AC-FD4953CE6A04}
		{77248E5F-A257-01DB-17EC-340FAEE90E6D} = {114E88A2-B458-49C7-95AC-FD4953CE6A04}
		{886812A1-63BC-0D54-0D5C-400117B52757} = {114E88A2-B458-49C7-95AC-FD4953CE6A04}
		{E340EE1F-B5DA-0A95-0289-672CC77263C4} = {E279D9A8-0FAA-4AA4-B33C-E6C392F0C596}
		{CFDCCBEF-A9D6-077A-3DF8-A17C1B0876D3} = {114E88A2-B458-49C7-95AC-FD4953CE6A04}
		{45BD9819-7B71-072D-33F2-70D3D7ED5519} = {114E88A2-B458-49C7-95AC-FD4953CE6A04}
	EndGlobalSection
	GlobalSection(ExtensibilityGlobals) = postSolution
		SolutionGuid = {A54F9A17-F94D-40EB-8D26-6B2FDFF75FDC}
	EndGlobalSection
	GlobalSection(TestCaseManagementSettings) = postSolution
		CategoryFile = RuleTutorial.vsmdi
	EndGlobalSection
EndGlobal
